
Microsoft Visual Studio Solution File, Format Version 12.00
# Visual Studio Version 16
VisualStudioVersion = 16.0.30204.135
MinimumVisualStudioVersion = 10.0.40219.1
Project("{FAE04EC0-301F-11D3-BF4B-00C04F79EFBC}") = "LoginPage.Android", "LoginPage\LoginPage.Android\LoginPage.Android.csproj", "{D4BC9BF2-063A-4FE5-B539-F65B78F182D6}"
EndProject
Project("{FAE04EC0-301F-11D3-BF4B-00C04F79EFBC}") = "LoginPage.iOS", "LoginPage\LoginPage.iOS\LoginPage.iOS.csproj", "{3F3C83F6-0B1C-4E49-903E-C55041FFCC22}"
EndProject
Project("{FAE04EC0-301F-11D3-BF4B-00C04F79EFBC}") = "LoginPage", "LoginPage\LoginPage\LoginPage.csproj", "{7D4460C7-F7AE-43F7-BEA8-A112E2BEA2C6}"
EndProject
Global
	GlobalSection(SolutionConfigurationPlatforms) = preSolution
		Debug|Any CPU = Debug|Any CPU
		Debug|iPhone = Debug|iPhone
		Debug|iPhoneSimulator = Debug|iPhoneSimulator
		Release|Any CPU = Release|Any CPU
		Release|iPhone = Release|iPhone
		Release|iPhoneSimulator = Release|iPhoneSimulator
	EndGlobalSection
	GlobalSection(ProjectConfigurationPlatforms) = postSolution
		{D4BC9BF2-063A-4FE5-B539-F65B78F182D6}.Debug|Any CPU.ActiveCfg = Debug|Any CPU
		{D4BC9BF2-063A-4FE5-B539-F65B78F182D6}.Debug|Any CPU.Build.0 = Debug|Any CPU
		{D4BC9BF2-063A-4FE5-B539-F65B78F182D6}.Debug|Any CPU.Deploy.0 = Debug|Any CPU
		{D4BC9BF2-063A-4FE5-B539-F65B78F182D6}.Debug|iPhone.ActiveCfg = Debug|Any CPU
		{D4BC9BF2-063A-4FE5-B539-F65B78F182D6}.Debug|iPhone.Build.0 = Debug|Any CPU
		{D4BC9BF2-063A-4FE5-B539-F65B78F182D6}.Debug|iPhone.Deploy.0 = Debug|Any CPU
		{D4BC9BF2-063A-4FE5-B539-F65B78F182D6}.Debug|iPhoneSimulator.ActiveCfg = Debug|Any CPU
		{D4BC9BF2-063A-4FE5-B539-F65B78F182D6}.Debug|iPhoneSimulator.Build.0 = Debug|Any CPU
		{D4BC9BF2-063A-4FE5-B539-F65B78F182D6}.Debug|iPhoneSimulator.Deploy.0 = Debug|Any CPU
		{D4BC9BF2-063A-4FE5-B539-F65B78F182D6}.Release|Any CPU.ActiveCfg = Release|Any CPU
		{D4BC9BF2-063A-4FE5-B539-F65B78F182D6}.Release|Any CPU.Build.0 = Release|Any CPU
		{D4BC9BF2-063A-4FE5-B539-F65B78F182D6}.Release|Any CPU.Deploy.0 = Release|Any CPU
		{D4BC9BF2-063A-4FE5-B539-F65B78F182D6}.Release|iPhone.ActiveCfg = Release|Any CPU
		{D4BC9BF2-063A-4FE5-B539-F65B78F182D6}.Release|iPhone.Build.0 = Release|Any CPU
		{D4BC9BF2-063A-4FE5-B539-F65B78F182D6}.Release|iPhone.Deploy.0 = Release|Any CPU
		{D4BC9BF2-063A-4FE5-B539-F65B78F182D6}.Release|iPhoneSimulator.ActiveCfg = Release|Any CPU
		{D4BC9BF2-063A-4FE5-B539-F65B78F182D6}.Release|iPhoneSimulator.Build.0 = Release|Any CPU
		{D4BC9BF2-063A-4FE5-B539-F65B78F182D6}.Release|iPhoneSimulator.Deploy.0 = Release|Any CPU
		{3F3C83F6-0B1C-4E49-903E-C55041FFCC22}.Debug|Any CPU.ActiveCfg = Debug|iPhone
		{3F3C83F6-0B1C-4E49-903E-C55041FFCC22}.Debug|Any CPU.Build.0 = Debug|iPhone
		{3F3C83F6-0B1C-4E49-903E-C55041FFCC22}.Debug|Any CPU.Deploy.0 = Debug|iPhone
		{3F3C83F6-0B1C-4E49-903E-C55041FFCC22}.Debug|iPhone.ActiveCfg = Debug|iPhone
		{3F3C83F6-0B1C-4E49-903E-C55041FFCC22}.Debug|iPhone.Build.0 = Debug|iPhone
		{3F3C83F6-0B1C-4E49-903E-C55041FFCC22}.Debug|iPhone.Deploy.0 = Debug|iPhone
		{3F3C83F6-0B1C-4E49-903E-C55041FFCC22}.Debug|iPhoneSimulator.ActiveCfg = Debug|iPhoneSimulator
		{3F3C83F6-0B1C-4E49-903E-C55041FFCC22}.Debug|iPhoneSimulator.Build.0 = Debug|iPhoneSimulator
		{3F3C83F6-0B1C-4E49-903E-C55041FFCC22}.Debug|iPhoneSimulator.Deploy.0 = Debug|iPhoneSimulator
		{3F3C83F6-0B1C-4E49-903E-C55041FFCC22}.Release|Any CPU.ActiveCfg = Release|iPhone
		{3F3C83F6-0B1C-4E49-903E-C55041FFCC22}.Release|Any CPU.Build.0 = Release|iPhone
		{3F3C83F6-0B1C-4E49-903E-C55041FFCC22}.Release|Any CPU.Deploy.0 = Release|iPhone
		{3F3C83F6-0B1C-4E49-903E-C55041FFCC22}.Release|iPhone.ActiveCfg = Release|iPhone
		{3F3C83F6-0B1C-4E49-903E-C55041FFCC22}.Release|iPhone.Build.0 = Release|iPhone
		{3F3C83F6-0B1C-4E49-903E-C55041FFCC22}.Release|iPhone.Deploy.0 = Release|iPhone
		{3F3C83F6-0B1C-4E49-903E-C55041FFCC22}.Release|iPhoneSimulator.ActiveCfg = Release|iPhoneSimulator
		{3F3C83F6-0B1C-4E49-903E-C55041FFCC22}.Release|iPhoneSimulator.Build.0 = Release|iPhoneSimulator
		{3F3C83F6-0B1C-4E49-903E-C55041FFCC22}.Release|iPhoneSimulator.Deploy.0 = Release|iPhoneSimulator
		{7D4460C7-F7AE-43F7-BEA8-A112E2BEA2C6}.Debug|Any CPU.ActiveCfg = Debug|Any CPU
		{7D4460C7-F7AE-43F7-BEA8-A112E2BEA2C6}.Debug|Any CPU.Build.0 = Debug|Any CPU
		{7D4460C7-F7AE-43F7-BEA8-A112E2BEA2C6}.Debug|Any CPU.Deploy.0 = Debug|Any CPU
		{7D4460C7-F7AE-43F7-BEA8-A112E2BEA2C6}.Debug|iPhone.ActiveCfg = Debug|Any CPU
		{7D4460C7-F7AE-43F7-BEA8-A112E2BEA2C6}.Debug|iPhone.Build.0 = Debug|Any CPU
		{7D4460C7-F7AE-43F7-BEA8-A112E2BEA2C6}.Debug|iPhone.Deploy.0 = Debug|Any CPU
		{7D4460C7-F7AE-43F7-BEA8-A112E2BEA2C6}.Debug|iPhoneSimulator.ActiveCfg = Debug|Any CPU
		{7D4460C7-F7AE-43F7-BEA8-A112E2BEA2C6}.Debug|iPhoneSimulator.Build.0 = Debug|Any CPU
		{7D4460C7-F7AE-43F7-BEA8-A112E2BEA2C6}.Debug|iPhoneSimulator.Deploy.0 = Debug|Any CPU
		{7D4460C7-F7AE-43F7-BEA8-A112E2BEA2C6}.Release|Any CPU.ActiveCfg = Release|Any CPU
		{7D4460C7-F7AE-43F7-BEA8-A112E2BEA2C6}.Release|Any CPU.Build.0 = Release|Any CPU
		{7D4460C7-F7AE-43F7-BEA8-A112E2BEA2C6}.Release|Any CPU.Deploy.0 = Release|Any CPU
		{7D4460C7-F7AE-43F7-BEA8-A112E2BEA2C6}.Release|iPhone.ActiveCfg = Release|Any CPU
		{7D4460C7-F7AE-43F7-BEA8-A112E2BEA2C6}.Release|iPhone.Build.0 = Release|Any CPU
		{7D4460C7-F7AE-43F7-BEA8-A112E2BEA2C6}.Release|iPhone.Deploy.0 = Release|Any CPU
		{7D4460C7-F7AE-43F7-BEA8-A112E2BEA2C6}.Release|iPhoneSimulator.ActiveCfg = Release|Any CPU
		{7D4460C7-F7AE-43F7-BEA8-A112E2BEA2C6}.Release|iPhoneSimulator.Build.0 = Release|Any CPU
		{7D4460C7-F7AE-43F7-BEA8-A112E2BEA2C6}.Release|iPhoneSimulator.Deploy.0 = Release|Any CPU
	EndGlobalSection
	GlobalSection(SolutionProperties) = preSolution
		HideSolutionNode = FALSE
	EndGlobalSection
	GlobalSection(ExtensibilityGlobals) = postSolution
		SolutionGuid = {093F2419-C80A-4EFD-89C0-A5754045BA2E}
	EndGlobalSection
EndGlobal
