
Microsoft Visual Studio Solution File, Format Version 12.00
# Visual Studio 14
VisualStudioVersion = 14.0.25420.1
MinimumVisualStudioVersion = 10.0.40219.1
Project("{FAE04EC0-301F-11D3-BF4B-00C04F79EFBC}") = "PsTwitterClient", "PsTwitterClient\PsTwitterClient\PsTwitterClient.csproj", "{D4B27815-6C50-4D60-8372-A6916BADF6E1}"
EndProject
Project("{FAE04EC0-301F-11D3-BF4B-00C04F79EFBC}") = "PsTwitterClient.Droid", "PsTwitterClient\PsTwitterClient.Droid\PsTwitterClient.Droid.csproj", "{9907F15F-CC20-4224-8C48-CFE8DF278736}"
EndProject
Project("{FAE04EC0-301F-11D3-BF4B-00C04F79EFBC}") = "PsTwitterClient.iOS", "PsTwitterClient\PsTwitterClient.iOS\PsTwitterClient.iOS.csproj", "{30D22323-A96E-44AF-95F9-BFBED82F58EA}"
EndProject
Project("{FAE04EC0-301F-11D3-BF4B-00C04F79EFBC}") = "PsTwitterClient.WinPhone", "PsTwitterClient\PsTwitterClient.WinPhone\PsTwitterClient.WinPhone.csproj", "{08F0463E-9908-4A76-BE8E-EFA67C137926}"
EndProject
Project("{FAE04EC0-301F-11D3-BF4B-00C04F79EFBC}") = "PsTwitterClient.UWP", "PsTwitterClient\PsTwitterClient.UWP\PsTwitterClient.UWP.csproj", "{2D15C2C2-6BB4-42AC-98FB-4D6B151BB989}"
EndProject
Project("{FAE04EC0-301F-11D3-BF4B-00C04F79EFBC}") = "PsTwitterClient.Windows", "PsTwitterClient\PsTwitterClient.Windows\PsTwitterClient.Windows.csproj", "{AAC6A226-E621-428E-9E93-5A138CE14DF1}"
EndProject
Global
	GlobalSection(SolutionConfigurationPlatforms) = preSolution
		Ad-Hoc|Any CPU = Ad-Hoc|Any CPU
		Ad-Hoc|ARM = Ad-Hoc|ARM
		Ad-Hoc|iPhone = Ad-Hoc|iPhone
		Ad-Hoc|iPhoneSimulator = Ad-Hoc|iPhoneSimulator
		Ad-Hoc|x64 = Ad-Hoc|x64
		Ad-Hoc|x86 = Ad-Hoc|x86
		AppStore|Any CPU = AppStore|Any CPU
		AppStore|ARM = AppStore|ARM
		AppStore|iPhone = AppStore|iPhone
		AppStore|iPhoneSimulator = AppStore|iPhoneSimulator
		AppStore|x64 = AppStore|x64
		AppStore|x86 = AppStore|x86
		Debug|Any CPU = Debug|Any CPU
		Debug|ARM = Debug|ARM
		Debug|iPhone = Debug|iPhone
		Debug|iPhoneSimulator = Debug|iPhoneSimulator
		Debug|x64 = Debug|x64
		Debug|x86 = Debug|x86
		Release|Any CPU = Release|Any CPU
		Release|ARM = Release|ARM
		Release|iPhone = Release|iPhone
		Release|iPhoneSimulator = Release|iPhoneSimulator
		Release|x64 = Release|x64
		Release|x86 = Release|x86
	EndGlobalSection
	GlobalSection(ProjectConfigurationPlatforms) = postSolution
		{D4B27815-6C50-4D60-8372-A6916BADF6E1}.Ad-Hoc|Any CPU.ActiveCfg = Release|Any CPU
		{D4B27815-6C50-4D60-8372-A6916BADF6E1}.Ad-Hoc|Any CPU.Build.0 = Release|Any CPU
		{D4B27815-6C50-4D60-8372-A6916BADF6E1}.Ad-Hoc|ARM.ActiveCfg = Release|Any CPU
		{D4B27815-6C50-4D60-8372-A6916BADF6E1}.Ad-Hoc|ARM.Build.0 = Release|Any CPU
		{D4B27815-6C50-4D60-8372-A6916BADF6E1}.Ad-Hoc|iPhone.ActiveCfg = Release|Any CPU
		{D4B27815-6C50-4D60-8372-A6916BADF6E1}.Ad-Hoc|iPhone.Build.0 = Release|Any CPU
		{D4B27815-6C50-4D60-8372-A6916BADF6E1}.Ad-Hoc|iPhoneSimulator.ActiveCfg = Release|Any CPU
		{D4B27815-6C50-4D60-8372-A6916BADF6E1}.Ad-Hoc|iPhoneSimulator.Build.0 = Release|Any CPU
		{D4B27815-6C50-4D60-8372-A6916BADF6E1}.Ad-Hoc|x64.ActiveCfg = Release|Any CPU
		{D4B27815-6C50-4D60-8372-A6916BADF6E1}.Ad-Hoc|x64.Build.0 = Release|Any CPU
		{D4B27815-6C50-4D60-8372-A6916BADF6E1}.Ad-Hoc|x86.ActiveCfg = Release|Any CPU
		{D4B27815-6C50-4D60-8372-A6916BADF6E1}.Ad-Hoc|x86.Build.0 = Release|Any CPU
		{D4B27815-6C50-4D60-8372-A6916BADF6E1}.AppStore|Any CPU.ActiveCfg = Release|Any CPU
		{D4B27815-6C50-4D60-8372-A6916BADF6E1}.AppStore|Any CPU.Build.0 = Release|Any CPU
		{D4B27815-6C50-4D60-8372-A6916BADF6E1}.AppStore|ARM.ActiveCfg = Release|Any CPU
		{D4B27815-6C50-4D60-8372-A6916BADF6E1}.AppStore|ARM.Build.0 = Release|Any CPU
		{D4B27815-6C50-4D60-8372-A6916BADF6E1}.AppStore|iPhone.ActiveCfg = Release|Any CPU
		{D4B27815-6C50-4D60-8372-A6916BADF6E1}.AppStore|iPhone.Build.0 = Release|Any CPU
		{D4B27815-6C50-4D60-8372-A6916BADF6E1}.AppStore|iPhoneSimulator.ActiveCfg = Release|Any CPU
		{D4B27815-6C50-4D60-8372-A6916BADF6E1}.AppStore|iPhoneSimulator.Build.0 = Release|Any CPU
		{D4B27815-6C50-4D60-8372-A6916BADF6E1}.AppStore|x64.ActiveCfg = Release|Any CPU
		{D4B27815-6C50-4D60-8372-A6916BADF6E1}.AppStore|x64.Build.0 = Release|Any CPU
		{D4B27815-6C50-4D60-8372-A6916BADF6E1}.AppStore|x86.ActiveCfg = Release|Any CPU
		{D4B27815-6C50-4D60-8372-A6916BADF6E1}.AppStore|x86.Build.0 = Release|Any CPU
		{D4B27815-6C50-4D60-8372-A6916BADF6E1}.Debug|Any CPU.ActiveCfg = Debug|Any CPU
		{D4B27815-6C50-4D60-8372-A6916BADF6E1}.Debug|Any CPU.Build.0 = Debug|Any CPU
		{D4B27815-6C50-4D60-8372-A6916BADF6E1}.Debug|ARM.ActiveCfg = Debug|Any CPU
		{D4B27815-6C50-4D60-8372-A6916BADF6E1}.Debug|ARM.Build.0 = Debug|Any CPU
		{D4B27815-6C50-4D60-8372-A6916BADF6E1}.Debug|iPhone.ActiveCfg = Debug|Any CPU
		{D4B27815-6C50-4D60-8372-A6916BADF6E1}.Debug|iPhone.Build.0 = Debug|Any CPU
		{D4B27815-6C50-4D60-8372-A6916BADF6E1}.Debug|iPhoneSimulator.ActiveCfg = Debug|Any CPU
		{D4B27815-6C50-4D60-8372-A6916BADF6E1}.Debug|iPhoneSimulator.Build.0 = Debug|Any CPU
		{D4B27815-6C50-4D60-8372-A6916BADF6E1}.Debug|x64.ActiveCfg = Debug|Any CPU
		{D4B27815-6C50-4D60-8372-A6916BADF6E1}.Debug|x64.Build.0 = Debug|Any CPU
		{D4B27815-6C50-4D60-8372-A6916BADF6E1}.Debug|x86.ActiveCfg = Debug|Any CPU
		{D4B27815-6C50-4D60-8372-A6916BADF6E1}.Debug|x86.Build.0 = Debug|Any CPU
		{D4B27815-6C50-4D60-8372-A6916BADF6E1}.Release|Any CPU.ActiveCfg = Release|Any CPU
		{D4B27815-6C50-4D60-8372-A6916BADF6E1}.Release|Any CPU.Build.0 = Release|Any CPU
		{D4B27815-6C50-4D60-8372-A6916BADF6E1}.Release|ARM.ActiveCfg = Release|Any CPU
		{D4B27815-6C50-4D60-8372-A6916BADF6E1}.Release|ARM.Build.0 = Release|Any CPU
		{D4B27815-6C50-4D60-8372-A6916BADF6E1}.Release|iPhone.ActiveCfg = Release|Any CPU
		{D4B27815-6C50-4D60-8372-A6916BADF6E1}.Release|iPhone.Build.0 = Release|Any CPU
		{D4B27815-6C50-4D60-8372-A6916BADF6E1}.Release|iPhoneSimulator.ActiveCfg = Release|Any CPU
		{D4B27815-6C50-4D60-8372-A6916BADF6E1}.Release|iPhoneSimulator.Build.0 = Release|Any CPU
		{D4B27815-6C50-4D60-8372-A6916BADF6E1}.Release|x64.ActiveCfg = Release|Any CPU
		{D4B27815-6C50-4D60-8372-A6916BADF6E1}.Release|x64.Build.0 = Release|Any CPU
		{D4B27815-6C50-4D60-8372-A6916BADF6E1}.Release|x86.ActiveCfg = Release|Any CPU
		{D4B27815-6C50-4D60-8372-A6916BADF6E1}.Release|x86.Build.0 = Release|Any CPU
		{9907F15F-CC20-4224-8C48-CFE8DF278736}.Ad-Hoc|Any CPU.ActiveCfg = Release|Any CPU
		{9907F15F-CC20-4224-8C48-CFE8DF278736}.Ad-Hoc|Any CPU.Build.0 = Release|Any CPU
		{9907F15F-CC20-4224-8C48-CFE8DF278736}.Ad-Hoc|Any CPU.Deploy.0 = Release|Any CPU
		{9907F15F-CC20-4224-8C48-CFE8DF278736}.Ad-Hoc|ARM.ActiveCfg = Release|Any CPU
		{9907F15F-CC20-4224-8C48-CFE8DF278736}.Ad-Hoc|ARM.Build.0 = Release|Any CPU
		{9907F15F-CC20-4224-8C48-CFE8DF278736}.Ad-Hoc|ARM.Deploy.0 = Release|Any CPU
		{9907F15F-CC20-4224-8C48-CFE8DF278736}.Ad-Hoc|iPhone.ActiveCfg = Release|Any CPU
		{9907F15F-CC20-4224-8C48-CFE8DF278736}.Ad-Hoc|iPhone.Build.0 = Release|Any CPU
		{9907F15F-CC20-4224-8C48-CFE8DF278736}.Ad-Hoc|iPhone.Deploy.0 = Release|Any CPU
		{9907F15F-CC20-4224-8C48-CFE8DF278736}.Ad-Hoc|iPhoneSimulator.ActiveCfg = Release|Any CPU
		{9907F15F-CC20-4224-8C48-CFE8DF278736}.Ad-Hoc|iPhoneSimulator.Build.0 = Release|Any CPU
		{9907F15F-CC20-4224-8C48-CFE8DF278736}.Ad-Hoc|iPhoneSimulator.Deploy.0 = Release|Any CPU
		{9907F15F-CC20-4224-8C48-CFE8DF278736}.Ad-Hoc|x64.ActiveCfg = Release|Any CPU
		{9907F15F-CC20-4224-8C48-CFE8DF278736}.Ad-Hoc|x64.Build.0 = Release|Any CPU
		{9907F15F-CC20-4224-8C48-CFE8DF278736}.Ad-Hoc|x64.Deploy.0 = Release|Any CPU
		{9907F15F-CC20-4224-8C48-CFE8DF278736}.Ad-Hoc|x86.ActiveCfg = Release|Any CPU
		{9907F15F-CC20-4224-8C48-CFE8DF278736}.Ad-Hoc|x86.Build.0 = Release|Any CPU
		{9907F15F-CC20-4224-8C48-CFE8DF278736}.Ad-Hoc|x86.Deploy.0 = Release|Any CPU
		{9907F15F-CC20-4224-8C48-CFE8DF278736}.AppStore|Any CPU.ActiveCfg = Release|Any CPU
		{9907F15F-CC20-4224-8C48-CFE8DF278736}.AppStore|Any CPU.Build.0 = Release|Any CPU
		{9907F15F-CC20-4224-8C48-CFE8DF278736}.AppStore|Any CPU.Deploy.0 = Release|Any CPU
		{9907F15F-CC20-4224-8C48-CFE8DF278736}.AppStore|ARM.ActiveCfg = Release|Any CPU
		{9907F15F-CC20-4224-8C48-CFE8DF278736}.AppStore|ARM.Build.0 = Release|Any CPU
		{9907F15F-CC20-4224-8C48-CFE8DF278736}.AppStore|ARM.Deploy.0 = Release|Any CPU
		{9907F15F-CC20-4224-8C48-CFE8DF278736}.AppStore|iPhone.ActiveCfg = Release|Any CPU
		{9907F15F-CC20-4224-8C48-CFE8DF278736}.AppStore|iPhone.Build.0 = Release|Any CPU
		{9907F15F-CC20-4224-8C48-CFE8DF278736}.AppStore|iPhone.Deploy.0 = Release|Any CPU
		{9907F15F-CC20-4224-8C48-CFE8DF278736}.AppStore|iPhoneSimulator.ActiveCfg = Release|Any CPU
		{9907F15F-CC20-4224-8C48-CFE8DF278736}.AppStore|iPhoneSimulator.Build.0 = Release|Any CPU
		{9907F15F-CC20-4224-8C48-CFE8DF278736}.AppStore|iPhoneSimulator.Deploy.0 = Release|Any CPU
		{9907F15F-CC20-4224-8C48-CFE8DF278736}.AppStore|x64.ActiveCfg = Release|Any CPU
		{9907F15F-CC20-4224-8C48-CFE8DF278736}.AppStore|x64.Build.0 = Release|Any CPU
		{9907F15F-CC20-4224-8C48-CFE8DF278736}.AppStore|x64.Deploy.0 = Release|Any CPU
		{9907F15F-CC20-4224-8C48-CFE8DF278736}.AppStore|x86.ActiveCfg = Release|Any CPU
		{9907F15F-CC20-4224-8C48-CFE8DF278736}.AppStore|x86.Build.0 = Release|Any CPU
		{9907F15F-CC20-4224-8C48-CFE8DF278736}.AppStore|x86.Deploy.0 = Release|Any CPU
		{9907F15F-CC20-4224-8C48-CFE8DF278736}.Debug|Any CPU.ActiveCfg = Debug|Any CPU
		{9907F15F-CC20-4224-8C48-CFE8DF278736}.Debug|Any CPU.Build.0 = Debug|Any CPU
		{9907F15F-CC20-4224-8C48-CFE8DF278736}.Debug|Any CPU.Deploy.0 = Debug|Any CPU
		{9907F15F-CC20-4224-8C48-CFE8DF278736}.Debug|ARM.ActiveCfg = Debug|Any CPU
		{9907F15F-CC20-4224-8C48-CFE8DF278736}.Debug|ARM.Build.0 = Debug|Any CPU
		{9907F15F-CC20-4224-8C48-CFE8DF278736}.Debug|ARM.Deploy.0 = Debug|Any CPU
		{9907F15F-CC20-4224-8C48-CFE8DF278736}.Debug|iPhone.ActiveCfg = Debug|Any CPU
		{9907F15F-CC20-4224-8C48-CFE8DF278736}.Debug|iPhone.Build.0 = Debug|Any CPU
		{9907F15F-CC20-4224-8C48-CFE8DF278736}.Debug|iPhone.Deploy.0 = Debug|Any CPU
		{9907F15F-CC20-4224-8C48-CFE8DF278736}.Debug|iPhoneSimulator.ActiveCfg = Debug|Any CPU
		{9907F15F-CC20-4224-8C48-CFE8DF278736}.Debug|iPhoneSimulator.Build.0 = Debug|Any CPU
		{9907F15F-CC20-4224-8C48-CFE8DF278736}.Debug|iPhoneSimulator.Deploy.0 = Debug|Any CPU
		{9907F15F-CC20-4224-8C48-CFE8DF278736}.Debug|x64.ActiveCfg = Debug|Any CPU
		{9907F15F-CC20-4224-8C48-CFE8DF278736}.Debug|x64.Build.0 = Debug|Any CPU
		{9907F15F-CC20-4224-8C48-CFE8DF278736}.Debug|x64.Deploy.0 = Debug|Any CPU
		{9907F15F-CC20-4224-8C48-CFE8DF278736}.Debug|x86.ActiveCfg = Debug|Any CPU
		{9907F15F-CC20-4224-8C48-CFE8DF278736}.Debug|x86.Build.0 = Debug|Any CPU
		{9907F15F-CC20-4224-8C48-CFE8DF278736}.Debug|x86.Deploy.0 = Debug|Any CPU
		{9907F15F-CC20-4224-8C48-CFE8DF278736}.Release|Any CPU.ActiveCfg = Release|Any CPU
		{9907F15F-CC20-4224-8C48-CFE8DF278736}.Release|Any CPU.Build.0 = Release|Any CPU
		{9907F15F-CC20-4224-8C48-CFE8DF278736}.Release|Any CPU.Deploy.0 = Release|Any CPU
		{9907F15F-CC20-4224-8C48-CFE8DF278736}.Release|ARM.ActiveCfg = Release|Any CPU
		{9907F15F-CC20-4224-8C48-CFE8DF278736}.Release|ARM.Build.0 = Release|Any CPU
		{9907F15F-CC20-4224-8C48-CFE8DF278736}.Release|ARM.Deploy.0 = Release|Any CPU
		{9907F15F-CC20-4224-8C48-CFE8DF278736}.Release|iPhone.ActiveCfg = Release|Any CPU
		{9907F15F-CC20-4224-8C48-CFE8DF278736}.Release|iPhone.Build.0 = Release|Any CPU
		{9907F15F-CC20-4224-8C48-CFE8DF278736}.Release|iPhone.Deploy.0 = Release|Any CPU
		{9907F15F-CC20-4224-8C48-CFE8DF278736}.Release|iPhoneSimulator.ActiveCfg = Release|Any CPU
		{9907F15F-CC20-4224-8C48-CFE8DF278736}.Release|iPhoneSimulator.Build.0 = Release|Any CPU
		{9907F15F-CC20-4224-8C48-CFE8DF278736}.Release|iPhoneSimulator.Deploy.0 = Release|Any CPU
		{9907F15F-CC20-4224-8C48-CFE8DF278736}.Release|x64.ActiveCfg = Release|Any CPU
		{9907F15F-CC20-4224-8C48-CFE8DF278736}.Release|x64.Build.0 = Release|Any CPU
		{9907F15F-CC20-4224-8C48-CFE8DF278736}.Release|x64.Deploy.0 = Release|Any CPU
		{9907F15F-CC20-4224-8C48-CFE8DF278736}.Release|x86.ActiveCfg = Release|Any CPU
		{9907F15F-CC20-4224-8C48-CFE8DF278736}.Release|x86.Build.0 = Release|Any CPU
		{9907F15F-CC20-4224-8C48-CFE8DF278736}.Release|x86.Deploy.0 = Release|Any CPU
		{30D22323-A96E-44AF-95F9-BFBED82F58EA}.Ad-Hoc|Any CPU.ActiveCfg = Ad-Hoc|iPhone
		{30D22323-A96E-44AF-95F9-BFBED82F58EA}.Ad-Hoc|ARM.ActiveCfg = Ad-Hoc|iPhone
		{30D22323-A96E-44AF-95F9-BFBED82F58EA}.Ad-Hoc|iPhone.ActiveCfg = Ad-Hoc|iPhone
		{30D22323-A96E-44AF-95F9-BFBED82F58EA}.Ad-Hoc|iPhone.Build.0 = Ad-Hoc|iPhone
		{30D22323-A96E-44AF-95F9-BFBED82F58EA}.Ad-Hoc|iPhoneSimulator.ActiveCfg = Ad-Hoc|iPhoneSimulator
		{30D22323-A96E-44AF-95F9-BFBED82F58EA}.Ad-Hoc|iPhoneSimulator.Build.0 = Ad-Hoc|iPhoneSimulator
		{30D22323-A96E-44AF-95F9-BFBED82F58EA}.Ad-Hoc|x64.ActiveCfg = Ad-Hoc|iPhone
		{30D22323-A96E-44AF-95F9-BFBED82F58EA}.Ad-Hoc|x86.ActiveCfg = Ad-Hoc|iPhone
		{30D22323-A96E-44AF-95F9-BFBED82F58EA}.AppStore|Any CPU.ActiveCfg = AppStore|iPhone
		{30D22323-A96E-44AF-95F9-BFBED82F58EA}.AppStore|ARM.ActiveCfg = AppStore|iPhone
		{30D22323-A96E-44AF-95F9-BFBED82F58EA}.AppStore|iPhone.ActiveCfg = AppStore|iPhone
		{30D22323-A96E-44AF-95F9-BFBED82F58EA}.AppStore|iPhone.Build.0 = AppStore|iPhone
		{30D22323-A96E-44AF-95F9-BFBED82F58EA}.AppStore|iPhoneSimulator.ActiveCfg = AppStore|iPhoneSimulator
		{30D22323-A96E-44AF-95F9-BFBED82F58EA}.AppStore|iPhoneSimulator.Build.0 = AppStore|iPhoneSimulator
		{30D22323-A96E-44AF-95F9-BFBED82F58EA}.AppStore|x64.ActiveCfg = AppStore|iPhone
		{30D22323-A96E-44AF-95F9-BFBED82F58EA}.AppStore|x86.ActiveCfg = AppStore|iPhone
		{30D22323-A96E-44AF-95F9-BFBED82F58EA}.Debug|Any CPU.ActiveCfg = Debug|iPhone
		{30D22323-A96E-44AF-95F9-BFBED82F58EA}.Debug|ARM.ActiveCfg = Debug|iPhone
		{30D22323-A96E-44AF-95F9-BFBED82F58EA}.Debug|iPhone.ActiveCfg = Debug|iPhone
		{30D22323-A96E-44AF-95F9-BFBED82F58EA}.Debug|iPhone.Build.0 = Debug|iPhone
		{30D22323-A96E-44AF-95F9-BFBED82F58EA}.Debug|iPhoneSimulator.ActiveCfg = Debug|iPhoneSimulator
		{30D22323-A96E-44AF-95F9-BFBED82F58EA}.Debug|iPhoneSimulator.Build.0 = Debug|iPhoneSimulator
		{30D22323-A96E-44AF-95F9-BFBED82F58EA}.Debug|x64.ActiveCfg = Debug|iPhone
		{30D22323-A96E-44AF-95F9-BFBED82F58EA}.Debug|x86.ActiveCfg = Debug|iPhone
		{30D22323-A96E-44AF-95F9-BFBED82F58EA}.Release|Any CPU.ActiveCfg = Release|iPhone
		{30D22323-A96E-44AF-95F9-BFBED82F58EA}.Release|ARM.ActiveCfg = Release|iPhone
		{30D22323-A96E-44AF-95F9-BFBED82F58EA}.Release|iPhone.ActiveCfg = Release|iPhone
		{30D22323-A96E-44AF-95F9-BFBED82F58EA}.Release|iPhone.Build.0 = Release|iPhone
		{30D22323-A96E-44AF-95F9-BFBED82F58EA}.Release|iPhoneSimulator.ActiveCfg = Release|iPhoneSimulator
		{30D22323-A96E-44AF-95F9-BFBED82F58EA}.Release|iPhoneSimulator.Build.0 = Release|iPhoneSimulator
		{30D22323-A96E-44AF-95F9-BFBED82F58EA}.Release|x64.ActiveCfg = Release|iPhone
		{30D22323-A96E-44AF-95F9-BFBED82F58EA}.Release|x86.ActiveCfg = Release|iPhone
		{08F0463E-9908-4A76-BE8E-EFA67C137926}.Ad-Hoc|Any CPU.ActiveCfg = Release|Any CPU
		{08F0463E-9908-4A76-BE8E-EFA67C137926}.Ad-Hoc|Any CPU.Build.0 = Release|Any CPU
		{08F0463E-9908-4A76-BE8E-EFA67C137926}.Ad-Hoc|Any CPU.Deploy.0 = Release|Any CPU
		{08F0463E-9908-4A76-BE8E-EFA67C137926}.Ad-Hoc|ARM.ActiveCfg = Release|ARM
		{08F0463E-9908-4A76-BE8E-EFA67C137926}.Ad-Hoc|ARM.Build.0 = Release|ARM
		{08F0463E-9908-4A76-BE8E-EFA67C137926}.Ad-Hoc|ARM.Deploy.0 = Release|ARM
		{08F0463E-9908-4A76-BE8E-EFA67C137926}.Ad-Hoc|iPhone.ActiveCfg = Release|Any CPU
		{08F0463E-9908-4A76-BE8E-EFA67C137926}.Ad-Hoc|iPhone.Build.0 = Release|Any CPU
		{08F0463E-9908-4A76-BE8E-EFA67C137926}.Ad-Hoc|iPhone.Deploy.0 = Release|Any CPU
		{08F0463E-9908-4A76-BE8E-EFA67C137926}.Ad-Hoc|iPhoneSimulator.ActiveCfg = Release|Any CPU
		{08F0463E-9908-4A76-BE8E-EFA67C137926}.Ad-Hoc|iPhoneSimulator.Build.0 = Release|Any CPU
		{08F0463E-9908-4A76-BE8E-EFA67C137926}.Ad-Hoc|iPhoneSimulator.Deploy.0 = Release|Any CPU
		{08F0463E-9908-4A76-BE8E-EFA67C137926}.Ad-Hoc|x64.ActiveCfg = Release|Any CPU
		{08F0463E-9908-4A76-BE8E-EFA67C137926}.Ad-Hoc|x64.Build.0 = Release|Any CPU
		{08F0463E-9908-4A76-BE8E-EFA67C137926}.Ad-Hoc|x64.Deploy.0 = Release|Any CPU
		{08F0463E-9908-4A76-BE8E-EFA67C137926}.Ad-Hoc|x86.ActiveCfg = Release|x86
		{08F0463E-9908-4A76-BE8E-EFA67C137926}.Ad-Hoc|x86.Build.0 = Release|x86
		{08F0463E-9908-4A76-BE8E-EFA67C137926}.Ad-Hoc|x86.Deploy.0 = Release|x86
		{08F0463E-9908-4A76-BE8E-EFA67C137926}.AppStore|Any CPU.ActiveCfg = Release|Any CPU
		{08F0463E-9908-4A76-BE8E-EFA67C137926}.AppStore|Any CPU.Build.0 = Release|Any CPU
		{08F0463E-9908-4A76-BE8E-EFA67C137926}.AppStore|Any CPU.Deploy.0 = Release|Any CPU
		{08F0463E-9908-4A76-BE8E-EFA67C137926}.AppStore|ARM.ActiveCfg = Release|ARM
		{08F0463E-9908-4A76-BE8E-EFA67C137926}.AppStore|ARM.Build.0 = Release|ARM
		{08F0463E-9908-4A76-BE8E-EFA67C137926}.AppStore|ARM.Deploy.0 = Release|ARM
		{08F0463E-9908-4A76-BE8E-EFA67C137926}.AppStore|iPhone.ActiveCfg = Release|Any CPU
		{08F0463E-9908-4A76-BE8E-EFA67C137926}.AppStore|iPhone.Build.0 = Release|Any CPU
		{08F0463E-9908-4A76-BE8E-EFA67C137926}.AppStore|iPhone.Deploy.0 = Release|Any CPU
		{08F0463E-9908-4A76-BE8E-EFA67C137926}.AppStore|iPhoneSimulator.ActiveCfg = Release|Any CPU
		{08F0463E-9908-4A76-BE8E-EFA67C137926}.AppStore|iPhoneSimulator.Build.0 = Release|Any CPU
		{08F0463E-9908-4A76-BE8E-EFA67C137926}.AppStore|iPhoneSimulator.Deploy.0 = Release|Any CPU
		{08F0463E-9908-4A76-BE8E-EFA67C137926}.AppStore|x64.ActiveCfg = Release|Any CPU
		{08F0463E-9908-4A76-BE8E-EFA67C137926}.AppStore|x64.Build.0 = Release|Any CPU
		{08F0463E-9908-4A76-BE8E-EFA67C137926}.AppStore|x64.Deploy.0 = Release|Any CPU
		{08F0463E-9908-4A76-BE8E-EFA67C137926}.AppStore|x86.ActiveCfg = Release|x86
		{08F0463E-9908-4A76-BE8E-EFA67C137926}.AppStore|x86.Build.0 = Release|x86
		{08F0463E-9908-4A76-BE8E-EFA67C137926}.AppStore|x86.Deploy.0 = Release|x86
		{08F0463E-9908-4A76-BE8E-EFA67C137926}.Debug|Any CPU.ActiveCfg = Debug|Any CPU
		{08F0463E-9908-4A76-BE8E-EFA67C137926}.Debug|Any CPU.Build.0 = Debug|Any CPU
		{08F0463E-9908-4A76-BE8E-EFA67C137926}.Debug|Any CPU.Deploy.0 = Debug|Any CPU
		{08F0463E-9908-4A76-BE8E-EFA67C137926}.Debug|ARM.ActiveCfg = Debug|ARM
		{08F0463E-9908-4A76-BE8E-EFA67C137926}.Debug|ARM.Build.0 = Debug|ARM
		{08F0463E-9908-4A76-BE8E-EFA67C137926}.Debug|ARM.Deploy.0 = Debug|ARM
		{08F0463E-9908-4A76-BE8E-EFA67C137926}.Debug|iPhone.ActiveCfg = Debug|Any CPU
		{08F0463E-9908-4A76-BE8E-EFA67C137926}.Debug|iPhone.Build.0 = Debug|Any CPU
		{08F0463E-9908-4A76-BE8E-EFA67C137926}.Debug|iPhone.Deploy.0 = Debug|Any CPU
		{08F0463E-9908-4A76-BE8E-EFA67C137926}.Debug|iPhoneSimulator.ActiveCfg = Debug|Any CPU
		{08F0463E-9908-4A76-BE8E-EFA67C137926}.Debug|iPhoneSimulator.Build.0 = Debug|Any CPU
		{08F0463E-9908-4A76-BE8E-EFA67C137926}.Debug|iPhoneSimulator.Deploy.0 = Debug|Any CPU
		{08F0463E-9908-4A76-BE8E-EFA67C137926}.Debug|x64.ActiveCfg = Debug|Any CPU
		{08F0463E-9908-4A76-BE8E-EFA67C137926}.Debug|x64.Build.0 = Debug|Any CPU
		{08F0463E-9908-4A76-BE8E-EFA67C137926}.Debug|x64.Deploy.0 = Debug|Any CPU
		{08F0463E-9908-4A76-BE8E-EFA67C137926}.Debug|x86.ActiveCfg = Debug|x86
		{08F0463E-9908-4A76-BE8E-EFA67C137926}.Debug|x86.Build.0 = Debug|x86
		{08F0463E-9908-4A76-BE8E-EFA67C137926}.Debug|x86.Deploy.0 = Debug|x86
		{08F0463E-9908-4A76-BE8E-EFA67C137926}.Release|Any CPU.ActiveCfg = Release|Any CPU
		{08F0463E-9908-4A76-BE8E-EFA67C137926}.Release|Any CPU.Build.0 = Release|Any CPU
		{08F0463E-9908-4A76-BE8E-EFA67C137926}.Release|Any CPU.Deploy.0 = Release|Any CPU
		{08F0463E-9908-4A76-BE8E-EFA67C137926}.Release|ARM.ActiveCfg = Release|ARM
		{08F0463E-9908-4A76-BE8E-EFA67C137926}.Release|ARM.Build.0 = Release|ARM
		{08F0463E-9908-4A76-BE8E-EFA67C137926}.Release|ARM.Deploy.0 = Release|ARM
		{08F0463E-9908-4A76-BE8E-EFA67C137926}.Release|iPhone.ActiveCfg = Release|Any CPU
		{08F0463E-9908-4A76-BE8E-EFA67C137926}.Release|iPhone.Build.0 = Release|Any CPU
		{08F0463E-9908-4A76-BE8E-EFA67C137926}.Release|iPhone.Deploy.0 = Release|Any CPU
		{08F0463E-9908-4A76-BE8E-EFA67C137926}.Release|iPhoneSimulator.ActiveCfg = Release|Any CPU
		{08F0463E-9908-4A76-BE8E-EFA67C137926}.Release|iPhoneSimulator.Build.0 = Release|Any CPU
		{08F0463E-9908-4A76-BE8E-EFA67C137926}.Release|iPhoneSimulator.Deploy.0 = Release|Any CPU
		{08F0463E-9908-4A76-BE8E-EFA67C137926}.Release|x64.ActiveCfg = Release|Any CPU
		{08F0463E-9908-4A76-BE8E-EFA67C137926}.Release|x64.Build.0 = Release|Any CPU
		{08F0463E-9908-4A76-BE8E-EFA67C137926}.Release|x64.Deploy.0 = Release|Any CPU
		{08F0463E-9908-4A76-BE8E-EFA67C137926}.Release|x86.ActiveCfg = Release|x86
		{08F0463E-9908-4A76-BE8E-EFA67C137926}.Release|x86.Build.0 = Release|x86
		{08F0463E-9908-4A76-BE8E-EFA67C137926}.Release|x86.Deploy.0 = Release|x86
		{2D15C2C2-6BB4-42AC-98FB-4D6B151BB989}.Ad-Hoc|Any CPU.ActiveCfg = Release|x86
		{2D15C2C2-6BB4-42AC-98FB-4D6B151BB989}.Ad-Hoc|Any CPU.Build.0 = Release|x86
		{2D15C2C2-6BB4-42AC-98FB-4D6B151BB989}.Ad-Hoc|Any CPU.Deploy.0 = Release|x86
		{2D15C2C2-6BB4-42AC-98FB-4D6B151BB989}.Ad-Hoc|ARM.ActiveCfg = Release|ARM
		{2D15C2C2-6BB4-42AC-98FB-4D6B151BB989}.Ad-Hoc|ARM.Build.0 = Release|ARM
		{2D15C2C2-6BB4-42AC-98FB-4D6B151BB989}.Ad-Hoc|ARM.Deploy.0 = Release|ARM
		{2D15C2C2-6BB4-42AC-98FB-4D6B151BB989}.Ad-Hoc|iPhone.ActiveCfg = Release|x86
		{2D15C2C2-6BB4-42AC-98FB-4D6B151BB989}.Ad-Hoc|iPhone.Build.0 = Release|x86
		{2D15C2C2-6BB4-42AC-98FB-4D6B151BB989}.Ad-Hoc|iPhone.Deploy.0 = Release|x86
		{2D15C2C2-6BB4-42AC-98FB-4D6B151BB989}.Ad-Hoc|iPhoneSimulator.ActiveCfg = Release|x86
		{2D15C2C2-6BB4-42AC-98FB-4D6B151BB989}.Ad-Hoc|iPhoneSimulator.Build.0 = Release|x86
		{2D15C2C2-6BB4-42AC-98FB-4D6B151BB989}.Ad-Hoc|iPhoneSimulator.Deploy.0 = Release|x86
		{2D15C2C2-6BB4-42AC-98FB-4D6B151BB989}.Ad-Hoc|x64.ActiveCfg = Release|x64
		{2D15C2C2-6BB4-42AC-98FB-4D6B151BB989}.Ad-Hoc|x64.Build.0 = Release|x64
		{2D15C2C2-6BB4-42AC-98FB-4D6B151BB989}.Ad-Hoc|x64.Deploy.0 = Release|x64
		{2D15C2C2-6BB4-42AC-98FB-4D6B151BB989}.Ad-Hoc|x86.ActiveCfg = Release|x86
		{2D15C2C2-6BB4-42AC-98FB-4D6B151BB989}.Ad-Hoc|x86.Build.0 = Release|x86
		{2D15C2C2-6BB4-42AC-98FB-4D6B151BB989}.Ad-Hoc|x86.Deploy.0 = Release|x86
		{2D15C2C2-6BB4-42AC-98FB-4D6B151BB989}.AppStore|Any CPU.ActiveCfg = Release|x86
		{2D15C2C2-6BB4-42AC-98FB-4D6B151BB989}.AppStore|Any CPU.Build.0 = Release|x86
		{2D15C2C2-6BB4-42AC-98FB-4D6B151BB989}.AppStore|Any CPU.Deploy.0 = Release|x86
		{2D15C2C2-6BB4-42AC-98FB-4D6B151BB989}.AppStore|ARM.ActiveCfg = Release|ARM
		{2D15C2C2-6BB4-42AC-98FB-4D6B151BB989}.AppStore|ARM.Build.0 = Release|ARM
		{2D15C2C2-6BB4-42AC-98FB-4D6B151BB989}.AppStore|ARM.Deploy.0 = Release|ARM
		{2D15C2C2-6BB4-42AC-98FB-4D6B151BB989}.AppStore|iPhone.ActiveCfg = Release|x86
		{2D15C2C2-6BB4-42AC-98FB-4D6B151BB989}.AppStore|iPhone.Build.0 = Release|x86
		{2D15C2C2-6BB4-42AC-98FB-4D6B151BB989}.AppStore|iPhone.Deploy.0 = Release|x86
		{2D15C2C2-6BB4-42AC-98FB-4D6B151BB989}.AppStore|iPhoneSimulator.ActiveCfg = Release|x86
		{2D15C2C2-6BB4-42AC-98FB-4D6B151BB989}.AppStore|iPhoneSimulator.Build.0 = Release|x86
		{2D15C2C2-6BB4-42AC-98FB-4D6B151BB989}.AppStore|iPhoneSimulator.Deploy.0 = Release|x86
		{2D15C2C2-6BB4-42AC-98FB-4D6B151BB989}.AppStore|x64.ActiveCfg = Release|x64
		{2D15C2C2-6BB4-42AC-98FB-4D6B151BB989}.AppStore|x64.Build.0 = Release|x64
		{2D15C2C2-6BB4-42AC-98FB-4D6B151BB989}.AppStore|x64.Deploy.0 = Release|x64
		{2D15C2C2-6BB4-42AC-98FB-4D6B151BB989}.AppStore|x86.ActiveCfg = Release|x86
		{2D15C2C2-6BB4-42AC-98FB-4D6B151BB989}.AppStore|x86.Build.0 = Release|x86
		{2D15C2C2-6BB4-42AC-98FB-4D6B151BB989}.AppStore|x86.Deploy.0 = Release|x86
		{2D15C2C2-6BB4-42AC-98FB-4D6B151BB989}.Debug|Any CPU.ActiveCfg = Debug|x86
		{2D15C2C2-6BB4-42AC-98FB-4D6B151BB989}.Debug|ARM.ActiveCfg = Debug|ARM
		{2D15C2C2-6BB4-42AC-98FB-4D6B151BB989}.Debug|ARM.Build.0 = Debug|ARM
		{2D15C2C2-6BB4-42AC-98FB-4D6B151BB989}.Debug|ARM.Deploy.0 = Debug|ARM
		{2D15C2C2-6BB4-42AC-98FB-4D6B151BB989}.Debug|iPhone.ActiveCfg = Debug|x86
		{2D15C2C2-6BB4-42AC-98FB-4D6B151BB989}.Debug|iPhoneSimulator.ActiveCfg = Debug|x86
		{2D15C2C2-6BB4-42AC-98FB-4D6B151BB989}.Debug|x64.ActiveCfg = Debug|x64
		{2D15C2C2-6BB4-42AC-98FB-4D6B151BB989}.Debug|x64.Build.0 = Debug|x64
		{2D15C2C2-6BB4-42AC-98FB-4D6B151BB989}.Debug|x64.Deploy.0 = Debug|x64
		{2D15C2C2-6BB4-42AC-98FB-4D6B151BB989}.Debug|x86.ActiveCfg = Debug|x86
		{2D15C2C2-6BB4-42AC-98FB-4D6B151BB989}.Debug|x86.Build.0 = Debug|x86
		{2D15C2C2-6BB4-42AC-98FB-4D6B151BB989}.Debug|x86.Deploy.0 = Debug|x86
		{2D15C2C2-6BB4-42AC-98FB-4D6B151BB989}.Release|Any CPU.ActiveCfg = Release|x86
		{2D15C2C2-6BB4-42AC-98FB-4D6B151BB989}.Release|ARM.ActiveCfg = Release|ARM
		{2D15C2C2-6BB4-42AC-98FB-4D6B151BB989}.Release|ARM.Build.0 = Release|ARM
		{2D15C2C2-6BB4-42AC-98FB-4D6B151BB989}.Release|ARM.Deploy.0 = Release|ARM
		{2D15C2C2-6BB4-42AC-98FB-4D6B151BB989}.Release|iPhone.ActiveCfg = Release|x86
		{2D15C2C2-6BB4-42AC-98FB-4D6B151BB989}.Release|iPhoneSimulator.ActiveCfg = Release|x86
		{2D15C2C2-6BB4-42AC-98FB-4D6B151BB989}.Release|x64.ActiveCfg = Release|x64
		{2D15C2C2-6BB4-42AC-98FB-4D6B151BB989}.Release|x64.Build.0 = Release|x64
		{2D15C2C2-6BB4-42AC-98FB-4D6B151BB989}.Release|x64.Deploy.0 = Release|x64
		{2D15C2C2-6BB4-42AC-98FB-4D6B151BB989}.Release|x86.ActiveCfg = Release|x86
		{2D15C2C2-6BB4-42AC-98FB-4D6B151BB989}.Release|x86.Build.0 = Release|x86
		{2D15C2C2-6BB4-42AC-98FB-4D6B151BB989}.Release|x86.Deploy.0 = Release|x86
		{AAC6A226-E621-428E-9E93-5A138CE14DF1}.Ad-Hoc|Any CPU.ActiveCfg = Release|Any CPU
		{AAC6A226-E621-428E-9E93-5A138CE14DF1}.Ad-Hoc|Any CPU.Build.0 = Release|Any CPU
		{AAC6A226-E621-428E-9E93-5A138CE14DF1}.Ad-Hoc|Any CPU.Deploy.0 = Release|Any CPU
		{AAC6A226-E621-428E-9E93-5A138CE14DF1}.Ad-Hoc|ARM.ActiveCfg = Release|ARM
		{AAC6A226-E621-428E-9E93-5A138CE14DF1}.Ad-Hoc|ARM.Build.0 = Release|ARM
		{AAC6A226-E621-428E-9E93-5A138CE14DF1}.Ad-Hoc|ARM.Deploy.0 = Release|ARM
		{AAC6A226-E621-428E-9E93-5A138CE14DF1}.Ad-Hoc|iPhone.ActiveCfg = Release|Any CPU
		{AAC6A226-E621-428E-9E93-5A138CE14DF1}.Ad-Hoc|iPhone.Build.0 = Release|Any CPU
		{AAC6A226-E621-428E-9E93-5A138CE14DF1}.Ad-Hoc|iPhone.Deploy.0 = Release|Any CPU
		{AAC6A226-E621-428E-9E93-5A138CE14DF1}.Ad-Hoc|iPhoneSimulator.ActiveCfg = Release|Any CPU
		{AAC6A226-E621-428E-9E93-5A138CE14DF1}.Ad-Hoc|iPhoneSimulator.Build.0 = Release|Any CPU
		{AAC6A226-E621-428E-9E93-5A138CE14DF1}.Ad-Hoc|iPhoneSimulator.Deploy.0 = Release|Any CPU
		{AAC6A226-E621-428E-9E93-5A138CE14DF1}.Ad-Hoc|x64.ActiveCfg = Release|x64
		{AAC6A226-E621-428E-9E93-5A138CE14DF1}.Ad-Hoc|x64.Build.0 = Release|x64
		{AAC6A226-E621-428E-9E93-5A138CE14DF1}.Ad-Hoc|x64.Deploy.0 = Release|x64
		{AAC6A226-E621-428E-9E93-5A138CE14DF1}.Ad-Hoc|x86.ActiveCfg = Release|x86
		{AAC6A226-E621-428E-9E93-5A138CE14DF1}.Ad-Hoc|x86.Build.0 = Release|x86
		{AAC6A226-E621-428E-9E93-5A138CE14DF1}.Ad-Hoc|x86.Deploy.0 = Release|x86
		{AAC6A226-E621-428E-9E93-5A138CE14DF1}.AppStore|Any CPU.ActiveCfg = Release|Any CPU
		{AAC6A226-E621-428E-9E93-5A138CE14DF1}.AppStore|Any CPU.Build.0 = Release|Any CPU
		{AAC6A226-E621-428E-9E93-5A138CE14DF1}.AppStore|Any CPU.Deploy.0 = Release|Any CPU
		{AAC6A226-E621-428E-9E93-5A138CE14DF1}.AppStore|ARM.ActiveCfg = Release|ARM
		{AAC6A226-E621-428E-9E93-5A138CE14DF1}.AppStore|ARM.Build.0 = Release|ARM
		{AAC6A226-E621-428E-9E93-5A138CE14DF1}.AppStore|ARM.Deploy.0 = Release|ARM
		{AAC6A226-E621-428E-9E93-5A138CE14DF1}.AppStore|iPhone.ActiveCfg = Release|Any CPU
		{AAC6A226-E621-428E-9E93-5A138CE14DF1}.AppStore|iPhone.Build.0 = Release|Any CPU
		{AAC6A226-E621-428E-9E93-5A138CE14DF1}.AppStore|iPhone.Deploy.0 = Release|Any CPU
		{AAC6A226-E621-428E-9E93-5A138CE14DF1}.AppStore|iPhoneSimulator.ActiveCfg = Release|Any CPU
		{AAC6A226-E621-428E-9E93-5A138CE14DF1}.AppStore|iPhoneSimulator.Build.0 = Release|Any CPU
		{AAC6A226-E621-428E-9E93-5A138CE14DF1}.AppStore|iPhoneSimulator.Deploy.0 = Release|Any CPU
		{AAC6A226-E621-428E-9E93-5A138CE14DF1}.AppStore|x64.ActiveCfg = Release|x64
		{AAC6A226-E621-428E-9E93-5A138CE14DF1}.AppStore|x64.Build.0 = Release|x64
		{AAC6A226-E621-428E-9E93-5A138CE14DF1}.AppStore|x64.Deploy.0 = Release|x64
		{AAC6A226-E621-428E-9E93-5A138CE14DF1}.AppStore|x86.ActiveCfg = Release|x86
		{AAC6A226-E621-428E-9E93-5A138CE14DF1}.AppStore|x86.Build.0 = Release|x86
		{AAC6A226-E621-428E-9E93-5A138CE14DF1}.AppStore|x86.Deploy.0 = Release|x86
		{AAC6A226-E621-428E-9E93-5A138CE14DF1}.Debug|Any CPU.ActiveCfg = Debug|Any CPU
		{AAC6A226-E621-428E-9E93-5A138CE14DF1}.Debug|Any CPU.Build.0 = Debug|Any CPU
		{AAC6A226-E621-428E-9E93-5A138CE14DF1}.Debug|Any CPU.Deploy.0 = Debug|Any CPU
		{AAC6A226-E621-428E-9E93-5A138CE14DF1}.Debug|ARM.ActiveCfg = Debug|ARM
		{AAC6A226-E621-428E-9E93-5A138CE14DF1}.Debug|ARM.Build.0 = Debug|ARM
		{AAC6A226-E621-428E-9E93-5A138CE14DF1}.Debug|ARM.Deploy.0 = Debug|ARM
		{AAC6A226-E621-428E-9E93-5A138CE14DF1}.Debug|iPhone.ActiveCfg = Debug|Any CPU
		{AAC6A226-E621-428E-9E93-5A138CE14DF1}.Debug|iPhone.Build.0 = Debug|Any CPU
		{AAC6A226-E621-428E-9E93-5A138CE14DF1}.Debug|iPhone.Deploy.0 = Debug|Any CPU
		{AAC6A226-E621-428E-9E93-5A138CE14DF1}.Debug|iPhoneSimulator.ActiveCfg = Debug|Any CPU
		{AAC6A226-E621-428E-9E93-5A138CE14DF1}.Debug|iPhoneSimulator.Build.0 = Debug|Any CPU
		{AAC6A226-E621-428E-9E93-5A138CE14DF1}.Debug|iPhoneSimulator.Deploy.0 = Debug|Any CPU
		{AAC6A226-E621-428E-9E93-5A138CE14DF1}.Debug|x64.ActiveCfg = Debug|x64
		{AAC6A226-E621-428E-9E93-5A138CE14DF1}.Debug|x64.Build.0 = Debug|x64
		{AAC6A226-E621-428E-9E93-5A138CE14DF1}.Debug|x64.Deploy.0 = Debug|x64
		{AAC6A226-E621-428E-9E93-5A138CE14DF1}.Debug|x86.ActiveCfg = Debug|x86
		{AAC6A226-E621-428E-9E93-5A138CE14DF1}.Debug|x86.Build.0 = Debug|x86
		{AAC6A226-E621-428E-9E93-5A138CE14DF1}.Debug|x86.Deploy.0 = Debug|x86
		{AAC6A226-E621-428E-9E93-5A138CE14DF1}.Release|Any CPU.ActiveCfg = Release|Any CPU
		{AAC6A226-E621-428E-9E93-5A138CE14DF1}.Release|Any CPU.Build.0 = Release|Any CPU
		{AAC6A226-E621-428E-9E93-5A138CE14DF1}.Release|Any CPU.Deploy.0 = Release|Any CPU
		{AAC6A226-E621-428E-9E93-5A138CE14DF1}.Release|ARM.ActiveCfg = Release|ARM
		{AAC6A226-E621-428E-9E93-5A138CE14DF1}.Release|ARM.Build.0 = Release|ARM
		{AAC6A226-E621-428E-9E93-5A138CE14DF1}.Release|ARM.Deploy.0 = Release|ARM
		{AAC6A226-E621-428E-9E93-5A138CE14DF1}.Release|iPhone.ActiveCfg = Release|Any CPU
		{AAC6A226-E621-428E-9E93-5A138CE14DF1}.Release|iPhone.Build.0 = Release|Any CPU
		{AAC6A226-E621-428E-9E93-5A138CE14DF1}.Release|iPhone.Deploy.0 = Release|Any CPU
		{AAC6A226-E621-428E-9E93-5A138CE14DF1}.Release|iPhoneSimulator.ActiveCfg = Release|Any CPU
		{AAC6A226-E621-428E-9E93-5A138CE14DF1}.Release|iPhoneSimulator.Build.0 = Release|Any CPU
		{AAC6A226-E621-428E-9E93-5A138CE14DF1}.Release|iPhoneSimulator.Deploy.0 = Release|Any CPU
		{AAC6A226-E621-428E-9E93-5A138CE14DF1}.Release|x64.ActiveCfg = Release|x64
		{AAC6A226-E621-428E-9E93-5A138CE14DF1}.Release|x64.Build.0 = Release|x64
		{AAC6A226-E621-428E-9E93-5A138CE14DF1}.Release|x64.Deploy.0 = Release|x64
		{AAC6A226-E621-428E-9E93-5A138CE14DF1}.Release|x86.ActiveCfg = Release|x86
		{AAC6A226-E621-428E-9E93-5A138CE14DF1}.Release|x86.Build.0 = Release|x86
		{AAC6A226-E621-428E-9E93-5A138CE14DF1}.Release|x86.Deploy.0 = Release|x86
	EndGlobalSection
	GlobalSection(SolutionProperties) = preSolution
		HideSolutionNode = FALSE
	EndGlobalSection
EndGlobal
