
Microsoft Visual Studio Solution File, Format Version 12.00
# Visual Studio Version 16
VisualStudioVersion = 16.0.30114.105
MinimumVisualStudioVersion = 10.0.40219.1
Project("{2150E333-8FDC-42A3-9474-1A3956D46DE8}") = "Solution Items", "Solution Items", "{AD4E2245-8ECD-45AF-B142-DC65E1A103D5}"
	ProjectSection(SolutionItems) = preProject
		.editorconfig = .editorconfig
	EndProjectSection
EndProject
Project("{2150E333-8FDC-42A3-9474-1A3956D46DE8}") = "src", "src", "{FBA234AB-2E8D-4703-9A4A-86A011C30828}"
EndProject
Project("{2150E333-8FDC-42A3-9474-1A3956D46DE8}") = "Presentation", "Presentation", "{EA65C6C0-94E2-40BE-8FEC-396E313B17C5}"
EndProject
Project("{2150E333-8FDC-42A3-9474-1A3956D46DE8}") = "Core", "Core", "{26803FB8-D713-4ED8-BFEE-14F11970C4A4}"
EndProject
Project("{9A19103F-16F7-4668-BE54-9A1E7A4F7556}") = "Web.Core", "src\Web.Core\Web.Core.csproj", "{9483CC78-B493-473E-B63F-1A17540E4531}"
EndProject
Project("{FAE04EC0-301F-11D3-BF4B-00C04F79EFBC}") = "ChatClient.iOS", "src\ChatClient.iOS\ChatClient.iOS.csproj", "{03A7F9E8-1BB5-4331-852A-8A64D8D06A47}"
EndProject
Project("{FAE04EC0-301F-11D3-BF4B-00C04F79EFBC}") = "ChatClient.Android", "src\ChatClient.Android\ChatClient.Android.csproj", "{8E57E1E3-28B1-4C63-B1F6-9CA0D4D5E8C7}"
EndProject
Project("{9A19103F-16F7-4668-BE54-9A1E7A4F7556}") = "ChatClient", "src\ChatClient\ChatClient.csproj", "{BCE6CD0E-9718-462D-AB91-7790AF7F546E}"
EndProject
Global
	GlobalSection(SolutionConfigurationPlatforms) = preSolution
		Ad-Hoc|Any CPU = Ad-Hoc|Any CPU
		Ad-Hoc|ARM = Ad-Hoc|ARM
		Ad-Hoc|iPhone = Ad-Hoc|iPhone
		Ad-Hoc|iPhoneSimulator = Ad-Hoc|iPhoneSimulator
		Ad-Hoc|x64 = Ad-Hoc|x64
		Ad-Hoc|x86 = Ad-Hoc|x86
		AppStore|Any CPU = AppStore|Any CPU
		AppStore|ARM = AppStore|ARM
		AppStore|iPhone = AppStore|iPhone
		AppStore|iPhoneSimulator = AppStore|iPhoneSimulator
		AppStore|x64 = AppStore|x64
		AppStore|x86 = AppStore|x86
		Debug|Any CPU = Debug|Any CPU
		Debug|ARM = Debug|ARM
		Debug|iPhone = Debug|iPhone
		Debug|iPhoneSimulator = Debug|iPhoneSimulator
		Debug|x64 = Debug|x64
		Debug|x86 = Debug|x86
		Release|Any CPU = Release|Any CPU
		Release|ARM = Release|ARM
		Release|iPhone = Release|iPhone
		Release|iPhoneSimulator = Release|iPhoneSimulator
		Release|x64 = Release|x64
		Release|x86 = Release|x86
	EndGlobalSection
	GlobalSection(ProjectConfigurationPlatforms) = postSolution
		{9483CC78-B493-473E-B63F-1A17540E4531}.Ad-Hoc|Any CPU.ActiveCfg = Release|Any CPU
		{9483CC78-B493-473E-B63F-1A17540E4531}.Ad-Hoc|Any CPU.Build.0 = Release|Any CPU
		{9483CC78-B493-473E-B63F-1A17540E4531}.Ad-Hoc|ARM.ActiveCfg = Release|Any CPU
		{9483CC78-B493-473E-B63F-1A17540E4531}.Ad-Hoc|ARM.Build.0 = Release|Any CPU
		{9483CC78-B493-473E-B63F-1A17540E4531}.Ad-Hoc|iPhone.ActiveCfg = Release|Any CPU
		{9483CC78-B493-473E-B63F-1A17540E4531}.Ad-Hoc|iPhone.Build.0 = Release|Any CPU
		{9483CC78-B493-473E-B63F-1A17540E4531}.Ad-Hoc|iPhoneSimulator.ActiveCfg = Release|Any CPU
		{9483CC78-B493-473E-B63F-1A17540E4531}.Ad-Hoc|iPhoneSimulator.Build.0 = Release|Any CPU
		{9483CC78-B493-473E-B63F-1A17540E4531}.Ad-Hoc|x64.ActiveCfg = Release|Any CPU
		{9483CC78-B493-473E-B63F-1A17540E4531}.Ad-Hoc|x64.Build.0 = Release|Any CPU
		{9483CC78-B493-473E-B63F-1A17540E4531}.Ad-Hoc|x86.ActiveCfg = Release|Any CPU
		{9483CC78-B493-473E-B63F-1A17540E4531}.Ad-Hoc|x86.Build.0 = Release|Any CPU
		{9483CC78-B493-473E-B63F-1A17540E4531}.AppStore|Any CPU.ActiveCfg = Release|Any CPU
		{9483CC78-B493-473E-B63F-1A17540E4531}.AppStore|Any CPU.Build.0 = Release|Any CPU
		{9483CC78-B493-473E-B63F-1A17540E4531}.AppStore|ARM.ActiveCfg = Release|Any CPU
		{9483CC78-B493-473E-B63F-1A17540E4531}.AppStore|ARM.Build.0 = Release|Any CPU
		{9483CC78-B493-473E-B63F-1A17540E4531}.AppStore|iPhone.ActiveCfg = Release|Any CPU
		{9483CC78-B493-473E-B63F-1A17540E4531}.AppStore|iPhone.Build.0 = Release|Any CPU
		{9483CC78-B493-473E-B63F-1A17540E4531}.AppStore|iPhoneSimulator.ActiveCfg = Release|Any CPU
		{9483CC78-B493-473E-B63F-1A17540E4531}.AppStore|iPhoneSimulator.Build.0 = Release|Any CPU
		{9483CC78-B493-473E-B63F-1A17540E4531}.AppStore|x64.ActiveCfg = Release|Any CPU
		{9483CC78-B493-473E-B63F-1A17540E4531}.AppStore|x64.Build.0 = Release|Any CPU
		{9483CC78-B493-473E-B63F-1A17540E4531}.AppStore|x86.ActiveCfg = Release|Any CPU
		{9483CC78-B493-473E-B63F-1A17540E4531}.AppStore|x86.Build.0 = Release|Any CPU
		{9483CC78-B493-473E-B63F-1A17540E4531}.Debug|Any CPU.ActiveCfg = Debug|Any CPU
		{9483CC78-B493-473E-B63F-1A17540E4531}.Debug|Any CPU.Build.0 = Debug|Any CPU
		{9483CC78-B493-473E-B63F-1A17540E4531}.Debug|ARM.ActiveCfg = Debug|Any CPU
		{9483CC78-B493-473E-B63F-1A17540E4531}.Debug|ARM.Build.0 = Debug|Any CPU
		{9483CC78-B493-473E-B63F-1A17540E4531}.Debug|iPhone.ActiveCfg = Debug|Any CPU
		{9483CC78-B493-473E-B63F-1A17540E4531}.Debug|iPhone.Build.0 = Debug|Any CPU
		{9483CC78-B493-473E-B63F-1A17540E4531}.Debug|iPhoneSimulator.ActiveCfg = Debug|Any CPU
		{9483CC78-B493-473E-B63F-1A17540E4531}.Debug|iPhoneSimulator.Build.0 = Debug|Any CPU
		{9483CC78-B493-473E-B63F-1A17540E4531}.Debug|x64.ActiveCfg = Debug|Any CPU
		{9483CC78-B493-473E-B63F-1A17540E4531}.Debug|x64.Build.0 = Debug|Any CPU
		{9483CC78-B493-473E-B63F-1A17540E4531}.Debug|x86.ActiveCfg = Debug|Any CPU
		{9483CC78-B493-473E-B63F-1A17540E4531}.Debug|x86.Build.0 = Debug|Any CPU
		{9483CC78-B493-473E-B63F-1A17540E4531}.Release|Any CPU.ActiveCfg = Release|Any CPU
		{9483CC78-B493-473E-B63F-1A17540E4531}.Release|Any CPU.Build.0 = Release|Any CPU
		{9483CC78-B493-473E-B63F-1A17540E4531}.Release|ARM.ActiveCfg = Release|Any CPU
		{9483CC78-B493-473E-B63F-1A17540E4531}.Release|ARM.Build.0 = Release|Any CPU
		{9483CC78-B493-473E-B63F-1A17540E4531}.Release|iPhone.ActiveCfg = Release|Any CPU
		{9483CC78-B493-473E-B63F-1A17540E4531}.Release|iPhone.Build.0 = Release|Any CPU
		{9483CC78-B493-473E-B63F-1A17540E4531}.Release|iPhoneSimulator.ActiveCfg = Release|Any CPU
		{9483CC78-B493-473E-B63F-1A17540E4531}.Release|iPhoneSimulator.Build.0 = Release|Any CPU
		{9483CC78-B493-473E-B63F-1A17540E4531}.Release|x64.ActiveCfg = Release|Any CPU
		{9483CC78-B493-473E-B63F-1A17540E4531}.Release|x64.Build.0 = Release|Any CPU
		{9483CC78-B493-473E-B63F-1A17540E4531}.Release|x86.ActiveCfg = Release|Any CPU
		{9483CC78-B493-473E-B63F-1A17540E4531}.Release|x86.Build.0 = Release|Any CPU
		{03A7F9E8-1BB5-4331-852A-8A64D8D06A47}.Ad-Hoc|Any CPU.ActiveCfg = Ad-Hoc|iPhone
		{03A7F9E8-1BB5-4331-852A-8A64D8D06A47}.Ad-Hoc|ARM.ActiveCfg = Ad-Hoc|iPhone
		{03A7F9E8-1BB5-4331-852A-8A64D8D06A47}.Ad-Hoc|iPhone.ActiveCfg = Ad-Hoc|iPhone
		{03A7F9E8-1BB5-4331-852A-8A64D8D06A47}.Ad-Hoc|iPhone.Build.0 = Ad-Hoc|iPhone
		{03A7F9E8-1BB5-4331-852A-8A64D8D06A47}.Ad-Hoc|iPhoneSimulator.ActiveCfg = Ad-Hoc|iPhoneSimulator
		{03A7F9E8-1BB5-4331-852A-8A64D8D06A47}.Ad-Hoc|iPhoneSimulator.Build.0 = Ad-Hoc|iPhoneSimulator
		{03A7F9E8-1BB5-4331-852A-8A64D8D06A47}.Ad-Hoc|x64.ActiveCfg = Ad-Hoc|iPhone
		{03A7F9E8-1BB5-4331-852A-8A64D8D06A47}.Ad-Hoc|x86.ActiveCfg = Ad-Hoc|iPhone
		{03A7F9E8-1BB5-4331-852A-8A64D8D06A47}.AppStore|Any CPU.ActiveCfg = AppStore|iPhone
		{03A7F9E8-1BB5-4331-852A-8A64D8D06A47}.AppStore|ARM.ActiveCfg = AppStore|iPhone
		{03A7F9E8-1BB5-4331-852A-8A64D8D06A47}.AppStore|iPhone.ActiveCfg = AppStore|iPhone
		{03A7F9E8-1BB5-4331-852A-8A64D8D06A47}.AppStore|iPhone.Build.0 = AppStore|iPhone
		{03A7F9E8-1BB5-4331-852A-8A64D8D06A47}.AppStore|iPhoneSimulator.ActiveCfg = AppStore|iPhoneSimulator
		{03A7F9E8-1BB5-4331-852A-8A64D8D06A47}.AppStore|iPhoneSimulator.Build.0 = AppStore|iPhoneSimulator
		{03A7F9E8-1BB5-4331-852A-8A64D8D06A47}.AppStore|x64.ActiveCfg = AppStore|iPhone
		{03A7F9E8-1BB5-4331-852A-8A64D8D06A47}.AppStore|x86.ActiveCfg = AppStore|iPhone
		{03A7F9E8-1BB5-4331-852A-8A64D8D06A47}.Debug|Any CPU.ActiveCfg = Debug|iPhone
		{03A7F9E8-1BB5-4331-852A-8A64D8D06A47}.Debug|ARM.ActiveCfg = Debug|iPhone
		{03A7F9E8-1BB5-4331-852A-8A64D8D06A47}.Debug|iPhone.ActiveCfg = Debug|iPhone
		{03A7F9E8-1BB5-4331-852A-8A64D8D06A47}.Debug|iPhone.Build.0 = Debug|iPhone
		{03A7F9E8-1BB5-4331-852A-8A64D8D06A47}.Debug|iPhoneSimulator.ActiveCfg = Debug|iPhoneSimulator
		{03A7F9E8-1BB5-4331-852A-8A64D8D06A47}.Debug|iPhoneSimulator.Build.0 = Debug|iPhoneSimulator
		{03A7F9E8-1BB5-4331-852A-8A64D8D06A47}.Debug|x64.ActiveCfg = Debug|iPhone
		{03A7F9E8-1BB5-4331-852A-8A64D8D06A47}.Debug|x86.ActiveCfg = Debug|iPhone
		{03A7F9E8-1BB5-4331-852A-8A64D8D06A47}.Release|Any CPU.ActiveCfg = Release|iPhone
		{03A7F9E8-1BB5-4331-852A-8A64D8D06A47}.Release|ARM.ActiveCfg = Release|iPhone
		{03A7F9E8-1BB5-4331-852A-8A64D8D06A47}.Release|iPhone.ActiveCfg = Release|iPhone
		{03A7F9E8-1BB5-4331-852A-8A64D8D06A47}.Release|iPhone.Build.0 = Release|iPhone
		{03A7F9E8-1BB5-4331-852A-8A64D8D06A47}.Release|iPhoneSimulator.ActiveCfg = Release|iPhoneSimulator
		{03A7F9E8-1BB5-4331-852A-8A64D8D06A47}.Release|iPhoneSimulator.Build.0 = Release|iPhoneSimulator
		{03A7F9E8-1BB5-4331-852A-8A64D8D06A47}.Release|x64.ActiveCfg = Release|iPhone
		{03A7F9E8-1BB5-4331-852A-8A64D8D06A47}.Release|x86.ActiveCfg = Release|iPhone
		{8E57E1E3-28B1-4C63-B1F6-9CA0D4D5E8C7}.Ad-Hoc|Any CPU.ActiveCfg = Release|Any CPU
		{8E57E1E3-28B1-4C63-B1F6-9CA0D4D5E8C7}.Ad-Hoc|Any CPU.Build.0 = Release|Any CPU
		{8E57E1E3-28B1-4C63-B1F6-9CA0D4D5E8C7}.Ad-Hoc|Any CPU.Deploy.0 = Release|Any CPU
		{8E57E1E3-28B1-4C63-B1F6-9CA0D4D5E8C7}.Ad-Hoc|ARM.ActiveCfg = Release|Any CPU
		{8E57E1E3-28B1-4C63-B1F6-9CA0D4D5E8C7}.Ad-Hoc|ARM.Build.0 = Release|Any CPU
		{8E57E1E3-28B1-4C63-B1F6-9CA0D4D5E8C7}.Ad-Hoc|ARM.Deploy.0 = Release|Any CPU
		{8E57E1E3-28B1-4C63-B1F6-9CA0D4D5E8C7}.Ad-Hoc|iPhone.ActiveCfg = Release|Any CPU
		{8E57E1E3-28B1-4C63-B1F6-9CA0D4D5E8C7}.Ad-Hoc|iPhone.Build.0 = Release|Any CPU
		{8E57E1E3-28B1-4C63-B1F6-9CA0D4D5E8C7}.Ad-Hoc|iPhone.Deploy.0 = Release|Any CPU
		{8E57E1E3-28B1-4C63-B1F6-9CA0D4D5E8C7}.Ad-Hoc|iPhoneSimulator.ActiveCfg = Release|Any CPU
		{8E57E1E3-28B1-4C63-B1F6-9CA0D4D5E8C7}.Ad-Hoc|iPhoneSimulator.Build.0 = Release|Any CPU
		{8E57E1E3-28B1-4C63-B1F6-9CA0D4D5E8C7}.Ad-Hoc|iPhoneSimulator.Deploy.0 = Release|Any CPU
		{8E57E1E3-28B1-4C63-B1F6-9CA0D4D5E8C7}.Ad-Hoc|x64.ActiveCfg = Release|Any CPU
		{8E57E1E3-28B1-4C63-B1F6-9CA0D4D5E8C7}.Ad-Hoc|x64.Build.0 = Release|Any CPU
		{8E57E1E3-28B1-4C63-B1F6-9CA0D4D5E8C7}.Ad-Hoc|x64.Deploy.0 = Release|Any CPU
		{8E57E1E3-28B1-4C63-B1F6-9CA0D4D5E8C7}.Ad-Hoc|x86.ActiveCfg = Release|Any CPU
		{8E57E1E3-28B1-4C63-B1F6-9CA0D4D5E8C7}.Ad-Hoc|x86.Build.0 = Release|Any CPU
		{8E57E1E3-28B1-4C63-B1F6-9CA0D4D5E8C7}.Ad-Hoc|x86.Deploy.0 = Release|Any CPU
		{8E57E1E3-28B1-4C63-B1F6-9CA0D4D5E8C7}.AppStore|Any CPU.ActiveCfg = Release|Any CPU
		{8E57E1E3-28B1-4C63-B1F6-9CA0D4D5E8C7}.AppStore|Any CPU.Build.0 = Release|Any CPU
		{8E57E1E3-28B1-4C63-B1F6-9CA0D4D5E8C7}.AppStore|Any CPU.Deploy.0 = Release|Any CPU
		{8E57E1E3-28B1-4C63-B1F6-9CA0D4D5E8C7}.AppStore|ARM.ActiveCfg = Release|Any CPU
		{8E57E1E3-28B1-4C63-B1F6-9CA0D4D5E8C7}.AppStore|ARM.Build.0 = Release|Any CPU
		{8E57E1E3-28B1-4C63-B1F6-9CA0D4D5E8C7}.AppStore|ARM.Deploy.0 = Release|Any CPU
		{8E57E1E3-28B1-4C63-B1F6-9CA0D4D5E8C7}.AppStore|iPhone.ActiveCfg = Release|Any CPU
		{8E57E1E3-28B1-4C63-B1F6-9CA0D4D5E8C7}.AppStore|iPhone.Build.0 = Release|Any CPU
		{8E57E1E3-28B1-4C63-B1F6-9CA0D4D5E8C7}.AppStore|iPhone.Deploy.0 = Release|Any CPU
		{8E57E1E3-28B1-4C63-B1F6-9CA0D4D5E8C7}.AppStore|iPhoneSimulator.ActiveCfg = Release|Any CPU
		{8E57E1E3-28B1-4C63-B1F6-9CA0D4D5E8C7}.AppStore|iPhoneSimulator.Build.0 = Release|Any CPU
		{8E57E1E3-28B1-4C63-B1F6-9CA0D4D5E8C7}.AppStore|iPhoneSimulator.Deploy.0 = Release|Any CPU
		{8E57E1E3-28B1-4C63-B1F6-9CA0D4D5E8C7}.AppStore|x64.ActiveCfg = Release|Any CPU
		{8E57E1E3-28B1-4C63-B1F6-9CA0D4D5E8C7}.AppStore|x64.Build.0 = Release|Any CPU
		{8E57E1E3-28B1-4C63-B1F6-9CA0D4D5E8C7}.AppStore|x64.Deploy.0 = Release|Any CPU
		{8E57E1E3-28B1-4C63-B1F6-9CA0D4D5E8C7}.AppStore|x86.ActiveCfg = Release|Any CPU
		{8E57E1E3-28B1-4C63-B1F6-9CA0D4D5E8C7}.AppStore|x86.Build.0 = Release|Any CPU
		{8E57E1E3-28B1-4C63-B1F6-9CA0D4D5E8C7}.AppStore|x86.Deploy.0 = Release|Any CPU
		{8E57E1E3-28B1-4C63-B1F6-9CA0D4D5E8C7}.Debug|Any CPU.ActiveCfg = Debug|Any CPU
		{8E57E1E3-28B1-4C63-B1F6-9CA0D4D5E8C7}.Debug|Any CPU.Build.0 = Debug|Any CPU
		{8E57E1E3-28B1-4C63-B1F6-9CA0D4D5E8C7}.Debug|Any CPU.Deploy.0 = Debug|Any CPU
		{8E57E1E3-28B1-4C63-B1F6-9CA0D4D5E8C7}.Debug|ARM.ActiveCfg = Debug|Any CPU
		{8E57E1E3-28B1-4C63-B1F6-9CA0D4D5E8C7}.Debug|ARM.Build.0 = Debug|Any CPU
		{8E57E1E3-28B1-4C63-B1F6-9CA0D4D5E8C7}.Debug|ARM.Deploy.0 = Debug|Any CPU
		{8E57E1E3-28B1-4C63-B1F6-9CA0D4D5E8C7}.Debug|iPhone.ActiveCfg = Debug|Any CPU
		{8E57E1E3-28B1-4C63-B1F6-9CA0D4D5E8C7}.Debug|iPhone.Build.0 = Debug|Any CPU
		{8E57E1E3-28B1-4C63-B1F6-9CA0D4D5E8C7}.Debug|iPhone.Deploy.0 = Debug|Any CPU
		{8E57E1E3-28B1-4C63-B1F6-9CA0D4D5E8C7}.Debug|iPhoneSimulator.ActiveCfg = Debug|Any CPU
		{8E57E1E3-28B1-4C63-B1F6-9CA0D4D5E8C7}.Debug|iPhoneSimulator.Build.0 = Debug|Any CPU
		{8E57E1E3-28B1-4C63-B1F6-9CA0D4D5E8C7}.Debug|iPhoneSimulator.Deploy.0 = Debug|Any CPU
		{8E57E1E3-28B1-4C63-B1F6-9CA0D4D5E8C7}.Debug|x64.ActiveCfg = Debug|Any CPU
		{8E57E1E3-28B1-4C63-B1F6-9CA0D4D5E8C7}.Debug|x64.Build.0 = Debug|Any CPU
		{8E57E1E3-28B1-4C63-B1F6-9CA0D4D5E8C7}.Debug|x64.Deploy.0 = Debug|Any CPU
		{8E57E1E3-28B1-4C63-B1F6-9CA0D4D5E8C7}.Debug|x86.ActiveCfg = Debug|Any CPU
		{8E57E1E3-28B1-4C63-B1F6-9CA0D4D5E8C7}.Debug|x86.Build.0 = Debug|Any CPU
		{8E57E1E3-28B1-4C63-B1F6-9CA0D4D5E8C7}.Debug|x86.Deploy.0 = Debug|Any CPU
		{8E57E1E3-28B1-4C63-B1F6-9CA0D4D5E8C7}.Release|Any CPU.ActiveCfg = Release|Any CPU
		{8E57E1E3-28B1-4C63-B1F6-9CA0D4D5E8C7}.Release|Any CPU.Build.0 = Release|Any CPU
		{8E57E1E3-28B1-4C63-B1F6-9CA0D4D5E8C7}.Release|Any CPU.Deploy.0 = Release|Any CPU
		{8E57E1E3-28B1-4C63-B1F6-9CA0D4D5E8C7}.Release|ARM.ActiveCfg = Release|Any CPU
		{8E57E1E3-28B1-4C63-B1F6-9CA0D4D5E8C7}.Release|ARM.Build.0 = Release|Any CPU
		{8E57E1E3-28B1-4C63-B1F6-9CA0D4D5E8C7}.Release|ARM.Deploy.0 = Release|Any CPU
		{8E57E1E3-28B1-4C63-B1F6-9CA0D4D5E8C7}.Release|iPhone.ActiveCfg = Release|Any CPU
		{8E57E1E3-28B1-4C63-B1F6-9CA0D4D5E8C7}.Release|iPhone.Build.0 = Release|Any CPU
		{8E57E1E3-28B1-4C63-B1F6-9CA0D4D5E8C7}.Release|iPhone.Deploy.0 = Release|Any CPU
		{8E57E1E3-28B1-4C63-B1F6-9CA0D4D5E8C7}.Release|iPhoneSimulator.ActiveCfg = Release|Any CPU
		{8E57E1E3-28B1-4C63-B1F6-9CA0D4D5E8C7}.Release|iPhoneSimulator.Build.0 = Release|Any CPU
		{8E57E1E3-28B1-4C63-B1F6-9CA0D4D5E8C7}.Release|iPhoneSimulator.Deploy.0 = Release|Any CPU
		{8E57E1E3-28B1-4C63-B1F6-9CA0D4D5E8C7}.Release|x64.ActiveCfg = Release|Any CPU
		{8E57E1E3-28B1-4C63-B1F6-9CA0D4D5E8C7}.Release|x64.Build.0 = Release|Any CPU
		{8E57E1E3-28B1-4C63-B1F6-9CA0D4D5E8C7}.Release|x64.Deploy.0 = Release|Any CPU
		{8E57E1E3-28B1-4C63-B1F6-9CA0D4D5E8C7}.Release|x86.ActiveCfg = Release|Any CPU
		{8E57E1E3-28B1-4C63-B1F6-9CA0D4D5E8C7}.Release|x86.Build.0 = Release|Any CPU
		{8E57E1E3-28B1-4C63-B1F6-9CA0D4D5E8C7}.Release|x86.Deploy.0 = Release|Any CPU
		{BCE6CD0E-9718-462D-AB91-7790AF7F546E}.Ad-Hoc|Any CPU.ActiveCfg = Debug|Any CPU
		{BCE6CD0E-9718-462D-AB91-7790AF7F546E}.Ad-Hoc|Any CPU.Build.0 = Debug|Any CPU
		{BCE6CD0E-9718-462D-AB91-7790AF7F546E}.Ad-Hoc|ARM.ActiveCfg = Debug|Any CPU
		{BCE6CD0E-9718-462D-AB91-7790AF7F546E}.Ad-Hoc|ARM.Build.0 = Debug|Any CPU
		{BCE6CD0E-9718-462D-AB91-7790AF7F546E}.Ad-Hoc|iPhone.ActiveCfg = Debug|Any CPU
		{BCE6CD0E-9718-462D-AB91-7790AF7F546E}.Ad-Hoc|iPhone.Build.0 = Debug|Any CPU
		{BCE6CD0E-9718-462D-AB91-7790AF7F546E}.Ad-Hoc|iPhoneSimulator.ActiveCfg = Debug|Any CPU
		{BCE6CD0E-9718-462D-AB91-7790AF7F546E}.Ad-Hoc|iPhoneSimulator.Build.0 = Debug|Any CPU
		{BCE6CD0E-9718-462D-AB91-7790AF7F546E}.Ad-Hoc|x64.ActiveCfg = Debug|Any CPU
		{BCE6CD0E-9718-462D-AB91-7790AF7F546E}.Ad-Hoc|x64.Build.0 = Debug|Any CPU
		{BCE6CD0E-9718-462D-AB91-7790AF7F546E}.Ad-Hoc|x86.ActiveCfg = Debug|Any CPU
		{BCE6CD0E-9718-462D-AB91-7790AF7F546E}.Ad-Hoc|x86.Build.0 = Debug|Any CPU
		{BCE6CD0E-9718-462D-AB91-7790AF7F546E}.AppStore|Any CPU.ActiveCfg = Debug|Any CPU
		{BCE6CD0E-9718-462D-AB91-7790AF7F546E}.AppStore|Any CPU.Build.0 = Debug|Any CPU
		{BCE6CD0E-9718-462D-AB91-7790AF7F546E}.AppStore|ARM.ActiveCfg = Debug|Any CPU
		{BCE6CD0E-9718-462D-AB91-7790AF7F546E}.AppStore|ARM.Build.0 = Debug|Any CPU
		{BCE6CD0E-9718-462D-AB91-7790AF7F546E}.AppStore|iPhone.ActiveCfg = Debug|Any CPU
		{BCE6CD0E-9718-462D-AB91-7790AF7F546E}.AppStore|iPhone.Build.0 = Debug|Any CPU
		{BCE6CD0E-9718-462D-AB91-7790AF7F546E}.AppStore|iPhoneSimulator.ActiveCfg = Debug|Any CPU
		{BCE6CD0E-9718-462D-AB91-7790AF7F546E}.AppStore|iPhoneSimulator.Build.0 = Debug|Any CPU
		{BCE6CD0E-9718-462D-AB91-7790AF7F546E}.AppStore|x64.ActiveCfg = Debug|Any CPU
		{BCE6CD0E-9718-462D-AB91-7790AF7F546E}.AppStore|x64.Build.0 = Debug|Any CPU
		{BCE6CD0E-9718-462D-AB91-7790AF7F546E}.AppStore|x86.ActiveCfg = Debug|Any CPU
		{BCE6CD0E-9718-462D-AB91-7790AF7F546E}.AppStore|x86.Build.0 = Debug|Any CPU
		{BCE6CD0E-9718-462D-AB91-7790AF7F546E}.Debug|Any CPU.ActiveCfg = Debug|Any CPU
		{BCE6CD0E-9718-462D-AB91-7790AF7F546E}.Debug|Any CPU.Build.0 = Debug|Any CPU
		{BCE6CD0E-9718-462D-AB91-7790AF7F546E}.Debug|ARM.ActiveCfg = Debug|Any CPU
		{BCE6CD0E-9718-462D-AB91-7790AF7F546E}.Debug|ARM.Build.0 = Debug|Any CPU
		{BCE6CD0E-9718-462D-AB91-7790AF7F546E}.Debug|iPhone.ActiveCfg = Debug|Any CPU
		{BCE6CD0E-9718-462D-AB91-7790AF7F546E}.Debug|iPhone.Build.0 = Debug|Any CPU
		{BCE6CD0E-9718-462D-AB91-7790AF7F546E}.Debug|iPhoneSimulator.ActiveCfg = Debug|Any CPU
		{BCE6CD0E-9718-462D-AB91-7790AF7F546E}.Debug|iPhoneSimulator.Build.0 = Debug|Any CPU
		{BCE6CD0E-9718-462D-AB91-7790AF7F546E}.Debug|x64.ActiveCfg = Debug|Any CPU
		{BCE6CD0E-9718-462D-AB91-7790AF7F546E}.Debug|x64.Build.0 = Debug|Any CPU
		{BCE6CD0E-9718-462D-AB91-7790AF7F546E}.Debug|x86.ActiveCfg = Debug|Any CPU
		{BCE6CD0E-9718-462D-AB91-7790AF7F546E}.Debug|x86.Build.0 = Debug|Any CPU
		{BCE6CD0E-9718-462D-AB91-7790AF7F546E}.Release|Any CPU.ActiveCfg = Release|Any CPU
		{BCE6CD0E-9718-462D-AB91-7790AF7F546E}.Release|Any CPU.Build.0 = Release|Any CPU
		{BCE6CD0E-9718-462D-AB91-7790AF7F546E}.Release|ARM.ActiveCfg = Release|Any CPU
		{BCE6CD0E-9718-462D-AB91-7790AF7F546E}.Release|ARM.Build.0 = Release|Any CPU
		{BCE6CD0E-9718-462D-AB91-7790AF7F546E}.Release|iPhone.ActiveCfg = Release|Any CPU
		{BCE6CD0E-9718-462D-AB91-7790AF7F546E}.Release|iPhone.Build.0 = Release|Any CPU
		{BCE6CD0E-9718-462D-AB91-7790AF7F546E}.Release|iPhoneSimulator.ActiveCfg = Release|Any CPU
		{BCE6CD0E-9718-462D-AB91-7790AF7F546E}.Release|iPhoneSimulator.Build.0 = Release|Any CPU
		{BCE6CD0E-9718-462D-AB91-7790AF7F546E}.Release|x64.ActiveCfg = Release|Any CPU
		{BCE6CD0E-9718-462D-AB91-7790AF7F546E}.Release|x64.Build.0 = Release|Any CPU
		{BCE6CD0E-9718-462D-AB91-7790AF7F546E}.Release|x86.ActiveCfg = Release|Any CPU
		{BCE6CD0E-9718-462D-AB91-7790AF7F546E}.Release|x86.Build.0 = Release|Any CPU
	EndGlobalSection
	GlobalSection(SolutionProperties) = preSolution
		HideSolutionNode = FALSE
	EndGlobalSection
	GlobalSection(NestedProjects) = preSolution
		{EA65C6C0-94E2-40BE-8FEC-396E313B17C5} = {FBA234AB-2E8D-4703-9A4A-86A011C30828}
		{26803FB8-D713-4ED8-BFEE-14F11970C4A4} = {FBA234AB-2E8D-4703-9A4A-86A011C30828}
		{9483CC78-B493-473E-B63F-1A17540E4531} = {26803FB8-D713-4ED8-BFEE-14F11970C4A4}
		{03A7F9E8-1BB5-4331-852A-8A64D8D06A47} = {EA65C6C0-94E2-40BE-8FEC-396E313B17C5}
		{8E57E1E3-28B1-4C63-B1F6-9CA0D4D5E8C7} = {EA65C6C0-94E2-40BE-8FEC-396E313B17C5}
		{BCE6CD0E-9718-462D-AB91-7790AF7F546E} = {EA65C6C0-94E2-40BE-8FEC-396E313B17C5}
	EndGlobalSection
	GlobalSection(ExtensibilityGlobals) = postSolution
		SolutionGuid = {D1E5C520-E464-4069-90B9-5D54A8FB6F6A}
	EndGlobalSection
EndGlobal
