
Microsoft Visual Studio Solution File, Format Version 12.00
# Visual Studio Version 16
VisualStudioVersion = 16.0.30114.105
MinimumVisualStudioVersion = 10.0.40219.1
Project("{FAE04EC0-301F-11D3-BF4B-00C04F79EFBC}") = "Audio2TextRecorder.Web", "Audio2TextRecorder.Web\Audio2TextRecorder.Web.csproj", "{68EFCB94-6241-4183-A422-A2F43FF34B6C}"
EndProject
Global
	GlobalSection(SolutionConfigurationPlatforms) = preSolution
		Debug|Any CPU = Debug|Any CPU
		Release|Any CPU = Release|Any CPU
	EndGlobalSection
	GlobalSection(ProjectConfigurationPlatforms) = postSolution
		{68EFCB94-6241-4183-A422-A2F43FF34B6C}.Debug|Any CPU.ActiveCfg = Debug|Any CPU
		{68EFCB94-6241-4183-A422-A2F43FF34B6C}.Debug|Any CPU.Build.0 = Debug|Any CPU
		{68EFCB94-6241-4183-A422-A2F43FF34B6C}.Release|Any CPU.ActiveCfg = Release|Any CPU
		{68EFCB94-6241-4183-A422-A2F43FF34B6C}.Release|Any CPU.Build.0 = Release|Any CPU
	EndGlobalSection
	GlobalSection(SolutionProperties) = preSolution
		HideSolutionNode = FALSE
	EndGlobalSection
	GlobalSection(ExtensibilityGlobals) = postSolution
		SolutionGuid = {D1E5C520-E464-4069-90B9-5D54A8FB6F6A}
	EndGlobalSection
EndGlobal
