
Microsoft Visual Studio Solution File, Format Version 12.00
# Visual Studio 15
VisualStudioVersion = 15.0.28307.572
MinimumVisualStudioVersion = 10.0.40219.1
Project("{FAE04EC0-301F-11D3-BF4B-00C04F79EFBC}") = "TestShell.Android", "TestShell\TestShell.Android\TestShell.Android.csproj", "{3415233A-3841-4335-8482-FA3CAF2C7581}"
EndProject
Project("{FAE04EC0-301F-11D3-BF4B-00C04F79EFBC}") = "TestShell.iOS", "TestShell\TestShell.iOS\TestShell.iOS.csproj", "{40C64786-56A7-4398-9B64-6AF413F5F5D4}"
EndProject
Project("{9A19103F-16F7-4668-BE54-9A1E7A4F7556}") = "TestShell", "TestShell\TestShell\TestShell.csproj", "{F94C11AE-782B-4AAE-B47E-69C12877071C}"
EndProject
Global
	GlobalSection(SolutionConfigurationPlatforms) = preSolution
		Debug|Any CPU = Debug|Any CPU
		Debug|iPhone = Debug|iPhone
		Debug|iPhoneSimulator = Debug|iPhoneSimulator
		Release|Any CPU = Release|Any CPU
		Release|iPhone = Release|iPhone
		Release|iPhoneSimulator = Release|iPhoneSimulator
	EndGlobalSection
	GlobalSection(ProjectConfigurationPlatforms) = postSolution
		{3415233A-3841-4335-8482-FA3CAF2C7581}.Debug|Any CPU.ActiveCfg = Debug|Any CPU
		{3415233A-3841-4335-8482-FA3CAF2C7581}.Debug|Any CPU.Build.0 = Debug|Any CPU
		{3415233A-3841-4335-8482-FA3CAF2C7581}.Debug|Any CPU.Deploy.0 = Debug|Any CPU
		{3415233A-3841-4335-8482-FA3CAF2C7581}.Debug|iPhone.ActiveCfg = Debug|Any CPU
		{3415233A-3841-4335-8482-FA3CAF2C7581}.Debug|iPhone.Build.0 = Debug|Any CPU
		{3415233A-3841-4335-8482-FA3CAF2C7581}.Debug|iPhone.Deploy.0 = Debug|Any CPU
		{3415233A-3841-4335-8482-FA3CAF2C7581}.Debug|iPhoneSimulator.ActiveCfg = Debug|Any CPU
		{3415233A-3841-4335-8482-FA3CAF2C7581}.Debug|iPhoneSimulator.Build.0 = Debug|Any CPU
		{3415233A-3841-4335-8482-FA3CAF2C7581}.Debug|iPhoneSimulator.Deploy.0 = Debug|Any CPU
		{3415233A-3841-4335-8482-FA3CAF2C7581}.Release|Any CPU.ActiveCfg = Release|Any CPU
		{3415233A-3841-4335-8482-FA3CAF2C7581}.Release|Any CPU.Build.0 = Release|Any CPU
		{3415233A-3841-4335-8482-FA3CAF2C7581}.Release|Any CPU.Deploy.0 = Release|Any CPU
		{3415233A-3841-4335-8482-FA3CAF2C7581}.Release|iPhone.ActiveCfg = Release|Any CPU
		{3415233A-3841-4335-8482-FA3CAF2C7581}.Release|iPhone.Build.0 = Release|Any CPU
		{3415233A-3841-4335-8482-FA3CAF2C7581}.Release|iPhone.Deploy.0 = Release|Any CPU
		{3415233A-3841-4335-8482-FA3CAF2C7581}.Release|iPhoneSimulator.ActiveCfg = Release|Any CPU
		{3415233A-3841-4335-8482-FA3CAF2C7581}.Release|iPhoneSimulator.Build.0 = Release|Any CPU
		{3415233A-3841-4335-8482-FA3CAF2C7581}.Release|iPhoneSimulator.Deploy.0 = Release|Any CPU
		{40C64786-56A7-4398-9B64-6AF413F5F5D4}.Debug|Any CPU.ActiveCfg = Debug|iPhoneSimulator
		{40C64786-56A7-4398-9B64-6AF413F5F5D4}.Debug|Any CPU.Build.0 = Debug|iPhoneSimulator
		{40C64786-56A7-4398-9B64-6AF413F5F5D4}.Debug|Any CPU.Deploy.0 = Debug|iPhoneSimulator
		{40C64786-56A7-4398-9B64-6AF413F5F5D4}.Debug|iPhone.ActiveCfg = Debug|iPhone
		{40C64786-56A7-4398-9B64-6AF413F5F5D4}.Debug|iPhone.Build.0 = Debug|iPhone
		{40C64786-56A7-4398-9B64-6AF413F5F5D4}.Debug|iPhone.Deploy.0 = Debug|iPhone
		{40C64786-56A7-4398-9B64-6AF413F5F5D4}.Debug|iPhoneSimulator.ActiveCfg = Debug|iPhoneSimulator
		{40C64786-56A7-4398-9B64-6AF413F5F5D4}.Debug|iPhoneSimulator.Build.0 = Debug|iPhoneSimulator
		{40C64786-56A7-4398-9B64-6AF413F5F5D4}.Debug|iPhoneSimulator.Deploy.0 = Debug|iPhoneSimulator
		{40C64786-56A7-4398-9B64-6AF413F5F5D4}.Release|Any CPU.ActiveCfg = Release|iPhone
		{40C64786-56A7-4398-9B64-6AF413F5F5D4}.Release|Any CPU.Build.0 = Release|iPhone
		{40C64786-56A7-4398-9B64-6AF413F5F5D4}.Release|Any CPU.Deploy.0 = Release|iPhone
		{40C64786-56A7-4398-9B64-6AF413F5F5D4}.Release|iPhone.ActiveCfg = Release|iPhone
		{40C64786-56A7-4398-9B64-6AF413F5F5D4}.Release|iPhone.Build.0 = Release|iPhone
		{40C64786-56A7-4398-9B64-6AF413F5F5D4}.Release|iPhone.Deploy.0 = Release|iPhone
		{40C64786-56A7-4398-9B64-6AF413F5F5D4}.Release|iPhoneSimulator.ActiveCfg = Release|iPhoneSimulator
		{40C64786-56A7-4398-9B64-6AF413F5F5D4}.Release|iPhoneSimulator.Build.0 = Release|iPhoneSimulator
		{40C64786-56A7-4398-9B64-6AF413F5F5D4}.Release|iPhoneSimulator.Deploy.0 = Release|iPhoneSimulator
		{F94C11AE-782B-4AAE-B47E-69C12877071C}.Debug|Any CPU.ActiveCfg = Debug|Any CPU
		{F94C11AE-782B-4AAE-B47E-69C12877071C}.Debug|Any CPU.Build.0 = Debug|Any CPU
		{F94C11AE-782B-4AAE-B47E-69C12877071C}.Debug|Any CPU.Deploy.0 = Debug|Any CPU
		{F94C11AE-782B-4AAE-B47E-69C12877071C}.Debug|iPhone.ActiveCfg = Debug|Any CPU
		{F94C11AE-782B-4AAE-B47E-69C12877071C}.Debug|iPhone.Build.0 = Debug|Any CPU
		{F94C11AE-782B-4AAE-B47E-69C12877071C}.Debug|iPhone.Deploy.0 = Debug|Any CPU
		{F94C11AE-782B-4AAE-B47E-69C12877071C}.Debug|iPhoneSimulator.ActiveCfg = Debug|Any CPU
		{F94C11AE-782B-4AAE-B47E-69C12877071C}.Debug|iPhoneSimulator.Build.0 = Debug|Any CPU
		{F94C11AE-782B-4AAE-B47E-69C12877071C}.Debug|iPhoneSimulator.Deploy.0 = Debug|Any CPU
		{F94C11AE-782B-4AAE-B47E-69C12877071C}.Release|Any CPU.ActiveCfg = Release|Any CPU
		{F94C11AE-782B-4AAE-B47E-69C12877071C}.Release|Any CPU.Build.0 = Release|Any CPU
		{F94C11AE-782B-4AAE-B47E-69C12877071C}.Release|Any CPU.Deploy.0 = Release|Any CPU
		{F94C11AE-782B-4AAE-B47E-69C12877071C}.Release|iPhone.ActiveCfg = Release|Any CPU
		{F94C11AE-782B-4AAE-B47E-69C12877071C}.Release|iPhone.Build.0 = Release|Any CPU
		{F94C11AE-782B-4AAE-B47E-69C12877071C}.Release|iPhone.Deploy.0 = Release|Any CPU
		{F94C11AE-782B-4AAE-B47E-69C12877071C}.Release|iPhoneSimulator.ActiveCfg = Release|Any CPU
		{F94C11AE-782B-4AAE-B47E-69C12877071C}.Release|iPhoneSimulator.Build.0 = Release|Any CPU
		{F94C11AE-782B-4AAE-B47E-69C12877071C}.Release|iPhoneSimulator.Deploy.0 = Release|Any CPU
	EndGlobalSection
	GlobalSection(SolutionProperties) = preSolution
		HideSolutionNode = FALSE
	EndGlobalSection
	GlobalSection(ExtensibilityGlobals) = postSolution
		SolutionGuid = {0EE31D02-9D19-4644-8BD4-003089ED0851}
	EndGlobalSection
EndGlobal
