
Microsoft Visual Studio Solution File, Format Version 12.00
# Visual Studio Version 16
VisualStudioVersion = 16.0.30804.86
MinimumVisualStudioVersion = 10.0.40219.1
Project("{FAE04EC0-301F-11D3-BF4B-00C04F79EFBC}") = "CodeWars", "CodeWars.csproj", "{71BDF8E2-CB71-4535-9AFE-77517760EA62}"
EndProject
Global
	GlobalSection(SolutionConfigurationPlatforms) = preSolution
		Debug|Any CPU = Debug|Any CPU
		Release|Any CPU = Release|Any CPU
	EndGlobalSection
	GlobalSection(ProjectConfigurationPlatforms) = postSolution
		{71BDF8E2-CB71-4535-9AFE-77517760EA62}.Debug|Any CPU.ActiveCfg = Debug|Any CPU
		{71BDF8E2-CB71-4535-9AFE-77517760EA62}.Debug|Any CPU.Build.0 = Debug|Any CPU
		{71BDF8E2-CB71-4535-9AFE-77517760EA62}.Release|Any CPU.ActiveCfg = Release|Any CPU
		{71BDF8E2-CB71-4535-9AFE-77517760EA62}.Release|Any CPU.Build.0 = Release|Any CPU
	EndGlobalSection
	GlobalSection(SolutionProperties) = preSolution
		HideSolutionNode = FALSE
	EndGlobalSection
	GlobalSection(ExtensibilityGlobals) = postSolution
		SolutionGuid = {1CB4107F-ADEE-4E59-955E-3AFA6A41475D}
	EndGlobalSection
EndGlobal
