
Microsoft Visual Studio Solution File, Format Version 12.00
# Visual Studio Version 16
VisualStudioVersion = 16.0.810.6
MinimumVisualStudioVersion = 10.0.40219.1
Project("{FAE04EC0-301F-11D3-BF4B-00C04F79EFBC}") = "ProgramaMultiplicacion", "ProgramaMultiplicacion\ProgramaMultiplicacion.csproj", "{970583DF-D76A-4CE1-AAD6-AE8A5E4C3F39}"
EndProject
Global
	GlobalSection(SolutionConfigurationPlatforms) = preSolution
		Debug|Any CPU = Debug|Any CPU
		Release|Any CPU = Release|Any CPU
	EndGlobalSection
	GlobalSection(ProjectConfigurationPlatforms) = postSolution
		{970583DF-D76A-4CE1-AAD6-AE8A5E4C3F39}.Debug|Any CPU.ActiveCfg = Debug|Any CPU
		{970583DF-D76A-4CE1-AAD6-AE8A5E4C3F39}.Debug|Any CPU.Build.0 = Debug|Any CPU
		{970583DF-D76A-4CE1-AAD6-AE8A5E4C3F39}.Release|Any CPU.ActiveCfg = Release|Any CPU
		{970583DF-D76A-4CE1-AAD6-AE8A5E4C3F39}.Release|Any CPU.Build.0 = Release|Any CPU
	EndGlobalSection
	GlobalSection(SolutionProperties) = preSolution
		HideSolutionNode = FALSE
	EndGlobalSection
	GlobalSection(ExtensibilityGlobals) = postSolution
		SolutionGuid = {72C78A09-E18E-4A1C-8674-E176AF5AE668}
	EndGlobalSection
EndGlobal
