
Microsoft Visual Studio Solution File, Format Version 12.00
# Visual Studio 14
VisualStudioVersion = 14.0.25420.1
MinimumVisualStudioVersion = 10.0.40219.1
Project("{FAE04EC0-301F-11D3-BF4B-00C04F79EFBC}") = "Xamarians.MediaPlayer", "Xamarians.MediaPlayer\Xamarians.MediaPlayer.csproj", "{67F9D3A8-F71E-4428-913F-C37AE82CDB24}"
EndProject
Project("{FAE04EC0-301F-11D3-BF4B-00C04F79EFBC}") = "Xamarians.MediaPlayer.Droid", "Xamarians.MediaPlayer.Droid\Xamarians.MediaPlayer.Droid.csproj", "{7FC90F2D-42E7-48A7-A3E9-034B4FB9558D}"
EndProject
Project("{FAE04EC0-301F-11D3-BF4B-00C04F79EFBC}") = "Xamarians.MediaPlayer.iOS", "Xamarians.MediaPlayer.iOS\Xamarians.MediaPlayer.iOS.csproj", "{EF4ADB54-CC8B-4161-BA66-8064D211BEBB}"
EndProject
Project("{2150E333-8FDC-42A3-9474-1A3956D46DE8}") = "Sample", "Sample", "{5AC9BF81-11C1-4521-8272-020228C90120}"
EndProject
Project("{FAE04EC0-301F-11D3-BF4B-00C04F79EFBC}") = "VideoPlayerDemo.Android", "VideoPlayerDemo\VideoPlayerDemo.Android\VideoPlayerDemo.Android.csproj", "{7A370B75-99B8-46D3-B658-DC6492D38EB0}"
EndProject
Project("{FAE04EC0-301F-11D3-BF4B-00C04F79EFBC}") = "VideoPlayerDemo", "VideoPlayerDemo\VideoPlayerDemo\VideoPlayerDemo.csproj", "{FB345E59-83DA-486F-A2DA-E8C8E4D33650}"
EndProject
Project("{FAE04EC0-301F-11D3-BF4B-00C04F79EFBC}") = "VideoPlayerDemo.iOS", "VideoPlayerDemo\VideoPlayerDemo.iOS\VideoPlayerDemo.iOS.csproj", "{D5C92AFC-0C4B-4791-91CF-ADA2738551B7}"
EndProject
Global
	GlobalSection(SolutionConfigurationPlatforms) = preSolution
		Ad-Hoc|Any CPU = Ad-Hoc|Any CPU
		Ad-Hoc|iPhone = Ad-Hoc|iPhone
		Ad-Hoc|iPhoneSimulator = Ad-Hoc|iPhoneSimulator
		AppStore|Any CPU = AppStore|Any CPU
		AppStore|iPhone = AppStore|iPhone
		AppStore|iPhoneSimulator = AppStore|iPhoneSimulator
		Debug|Any CPU = Debug|Any CPU
		Debug|iPhone = Debug|iPhone
		Debug|iPhoneSimulator = Debug|iPhoneSimulator
		Release|Any CPU = Release|Any CPU
		Release|iPhone = Release|iPhone
		Release|iPhoneSimulator = Release|iPhoneSimulator
	EndGlobalSection
	GlobalSection(ProjectConfigurationPlatforms) = postSolution
		{67F9D3A8-F71E-4428-913F-C37AE82CDB24}.Ad-Hoc|Any CPU.ActiveCfg = Release|Any CPU
		{67F9D3A8-F71E-4428-913F-C37AE82CDB24}.Ad-Hoc|Any CPU.Build.0 = Release|Any CPU
		{67F9D3A8-F71E-4428-913F-C37AE82CDB24}.Ad-Hoc|iPhone.ActiveCfg = Release|Any CPU
		{67F9D3A8-F71E-4428-913F-C37AE82CDB24}.Ad-Hoc|iPhone.Build.0 = Release|Any CPU
		{67F9D3A8-F71E-4428-913F-C37AE82CDB24}.Ad-Hoc|iPhoneSimulator.ActiveCfg = Release|Any CPU
		{67F9D3A8-F71E-4428-913F-C37AE82CDB24}.Ad-Hoc|iPhoneSimulator.Build.0 = Release|Any CPU
		{67F9D3A8-F71E-4428-913F-C37AE82CDB24}.AppStore|Any CPU.ActiveCfg = Release|Any CPU
		{67F9D3A8-F71E-4428-913F-C37AE82CDB24}.AppStore|Any CPU.Build.0 = Release|Any CPU
		{67F9D3A8-F71E-4428-913F-C37AE82CDB24}.AppStore|iPhone.ActiveCfg = Release|Any CPU
		{67F9D3A8-F71E-4428-913F-C37AE82CDB24}.AppStore|iPhone.Build.0 = Release|Any CPU
		{67F9D3A8-F71E-4428-913F-C37AE82CDB24}.AppStore|iPhoneSimulator.ActiveCfg = Release|Any CPU
		{67F9D3A8-F71E-4428-913F-C37AE82CDB24}.AppStore|iPhoneSimulator.Build.0 = Release|Any CPU
		{67F9D3A8-F71E-4428-913F-C37AE82CDB24}.Debug|Any CPU.ActiveCfg = Debug|Any CPU
		{67F9D3A8-F71E-4428-913F-C37AE82CDB24}.Debug|Any CPU.Build.0 = Debug|Any CPU
		{67F9D3A8-F71E-4428-913F-C37AE82CDB24}.Debug|iPhone.ActiveCfg = Debug|Any CPU
		{67F9D3A8-F71E-4428-913F-C37AE82CDB24}.Debug|iPhone.Build.0 = Debug|Any CPU
		{67F9D3A8-F71E-4428-913F-C37AE82CDB24}.Debug|iPhoneSimulator.ActiveCfg = Debug|Any CPU
		{67F9D3A8-F71E-4428-913F-C37AE82CDB24}.Debug|iPhoneSimulator.Build.0 = Debug|Any CPU
		{67F9D3A8-F71E-4428-913F-C37AE82CDB24}.Release|Any CPU.ActiveCfg = Release|Any CPU
		{67F9D3A8-F71E-4428-913F-C37AE82CDB24}.Release|Any CPU.Build.0 = Release|Any CPU
		{67F9D3A8-F71E-4428-913F-C37AE82CDB24}.Release|iPhone.ActiveCfg = Release|Any CPU
		{67F9D3A8-F71E-4428-913F-C37AE82CDB24}.Release|iPhone.Build.0 = Release|Any CPU
		{67F9D3A8-F71E-4428-913F-C37AE82CDB24}.Release|iPhoneSimulator.ActiveCfg = Release|Any CPU
		{67F9D3A8-F71E-4428-913F-C37AE82CDB24}.Release|iPhoneSimulator.Build.0 = Release|Any CPU
		{7FC90F2D-42E7-48A7-A3E9-034B4FB9558D}.Ad-Hoc|Any CPU.ActiveCfg = Release|Any CPU
		{7FC90F2D-42E7-48A7-A3E9-034B4FB9558D}.Ad-Hoc|Any CPU.Build.0 = Release|Any CPU
		{7FC90F2D-42E7-48A7-A3E9-034B4FB9558D}.Ad-Hoc|iPhone.ActiveCfg = Release|Any CPU
		{7FC90F2D-42E7-48A7-A3E9-034B4FB9558D}.Ad-Hoc|iPhone.Build.0 = Release|Any CPU
		{7FC90F2D-42E7-48A7-A3E9-034B4FB9558D}.Ad-Hoc|iPhoneSimulator.ActiveCfg = Release|Any CPU
		{7FC90F2D-42E7-48A7-A3E9-034B4FB9558D}.Ad-Hoc|iPhoneSimulator.Build.0 = Release|Any CPU
		{7FC90F2D-42E7-48A7-A3E9-034B4FB9558D}.AppStore|Any CPU.ActiveCfg = Release|Any CPU
		{7FC90F2D-42E7-48A7-A3E9-034B4FB9558D}.AppStore|Any CPU.Build.0 = Release|Any CPU
		{7FC90F2D-42E7-48A7-A3E9-034B4FB9558D}.AppStore|iPhone.ActiveCfg = Release|Any CPU
		{7FC90F2D-42E7-48A7-A3E9-034B4FB9558D}.AppStore|iPhone.Build.0 = Release|Any CPU
		{7FC90F2D-42E7-48A7-A3E9-034B4FB9558D}.AppStore|iPhoneSimulator.ActiveCfg = Release|Any CPU
		{7FC90F2D-42E7-48A7-A3E9-034B4FB9558D}.AppStore|iPhoneSimulator.Build.0 = Release|Any CPU
		{7FC90F2D-42E7-48A7-A3E9-034B4FB9558D}.Debug|Any CPU.ActiveCfg = Debug|Any CPU
		{7FC90F2D-42E7-48A7-A3E9-034B4FB9558D}.Debug|Any CPU.Build.0 = Debug|Any CPU
		{7FC90F2D-42E7-48A7-A3E9-034B4FB9558D}.Debug|iPhone.ActiveCfg = Debug|Any CPU
		{7FC90F2D-42E7-48A7-A3E9-034B4FB9558D}.Debug|iPhone.Build.0 = Debug|Any CPU
		{7FC90F2D-42E7-48A7-A3E9-034B4FB9558D}.Debug|iPhoneSimulator.ActiveCfg = Debug|Any CPU
		{7FC90F2D-42E7-48A7-A3E9-034B4FB9558D}.Debug|iPhoneSimulator.Build.0 = Debug|Any CPU
		{7FC90F2D-42E7-48A7-A3E9-034B4FB9558D}.Release|Any CPU.ActiveCfg = Release|Any CPU
		{7FC90F2D-42E7-48A7-A3E9-034B4FB9558D}.Release|Any CPU.Build.0 = Release|Any CPU
		{7FC90F2D-42E7-48A7-A3E9-034B4FB9558D}.Release|iPhone.ActiveCfg = Release|Any CPU
		{7FC90F2D-42E7-48A7-A3E9-034B4FB9558D}.Release|iPhone.Build.0 = Release|Any CPU
		{7FC90F2D-42E7-48A7-A3E9-034B4FB9558D}.Release|iPhoneSimulator.ActiveCfg = Release|Any CPU
		{7FC90F2D-42E7-48A7-A3E9-034B4FB9558D}.Release|iPhoneSimulator.Build.0 = Release|Any CPU
		{EF4ADB54-CC8B-4161-BA66-8064D211BEBB}.Ad-Hoc|Any CPU.ActiveCfg = Release|Any CPU
		{EF4ADB54-CC8B-4161-BA66-8064D211BEBB}.Ad-Hoc|Any CPU.Build.0 = Release|Any CPU
		{EF4ADB54-CC8B-4161-BA66-8064D211BEBB}.Ad-Hoc|iPhone.ActiveCfg = Release|Any CPU
		{EF4ADB54-CC8B-4161-BA66-8064D211BEBB}.Ad-Hoc|iPhone.Build.0 = Release|Any CPU
		{EF4ADB54-CC8B-4161-BA66-8064D211BEBB}.Ad-Hoc|iPhoneSimulator.ActiveCfg = Release|Any CPU
		{EF4ADB54-CC8B-4161-BA66-8064D211BEBB}.Ad-Hoc|iPhoneSimulator.Build.0 = Release|Any CPU
		{EF4ADB54-CC8B-4161-BA66-8064D211BEBB}.AppStore|Any CPU.ActiveCfg = Release|Any CPU
		{EF4ADB54-CC8B-4161-BA66-8064D211BEBB}.AppStore|Any CPU.Build.0 = Release|Any CPU
		{EF4ADB54-CC8B-4161-BA66-8064D211BEBB}.AppStore|iPhone.ActiveCfg = Release|Any CPU
		{EF4ADB54-CC8B-4161-BA66-8064D211BEBB}.AppStore|iPhone.Build.0 = Release|Any CPU
		{EF4ADB54-CC8B-4161-BA66-8064D211BEBB}.AppStore|iPhoneSimulator.ActiveCfg = Release|Any CPU
		{EF4ADB54-CC8B-4161-BA66-8064D211BEBB}.AppStore|iPhoneSimulator.Build.0 = Release|Any CPU
		{EF4ADB54-CC8B-4161-BA66-8064D211BEBB}.Debug|Any CPU.ActiveCfg = Debug|Any CPU
		{EF4ADB54-CC8B-4161-BA66-8064D211BEBB}.Debug|Any CPU.Build.0 = Debug|Any CPU
		{EF4ADB54-CC8B-4161-BA66-8064D211BEBB}.Debug|iPhone.ActiveCfg = Debug|Any CPU
		{EF4ADB54-CC8B-4161-BA66-8064D211BEBB}.Debug|iPhone.Build.0 = Debug|Any CPU
		{EF4ADB54-CC8B-4161-BA66-8064D211BEBB}.Debug|iPhoneSimulator.ActiveCfg = Debug|Any CPU
		{EF4ADB54-CC8B-4161-BA66-8064D211BEBB}.Debug|iPhoneSimulator.Build.0 = Debug|Any CPU
		{EF4ADB54-CC8B-4161-BA66-8064D211BEBB}.Release|Any CPU.ActiveCfg = Release|Any CPU
		{EF4ADB54-CC8B-4161-BA66-8064D211BEBB}.Release|Any CPU.Build.0 = Release|Any CPU
		{EF4ADB54-CC8B-4161-BA66-8064D211BEBB}.Release|iPhone.ActiveCfg = Release|Any CPU
		{EF4ADB54-CC8B-4161-BA66-8064D211BEBB}.Release|iPhone.Build.0 = Release|Any CPU
		{EF4ADB54-CC8B-4161-BA66-8064D211BEBB}.Release|iPhoneSimulator.ActiveCfg = Release|Any CPU
		{EF4ADB54-CC8B-4161-BA66-8064D211BEBB}.Release|iPhoneSimulator.Build.0 = Release|Any CPU
		{7A370B75-99B8-46D3-B658-DC6492D38EB0}.Ad-Hoc|Any CPU.ActiveCfg = Release|Any CPU
		{7A370B75-99B8-46D3-B658-DC6492D38EB0}.Ad-Hoc|Any CPU.Build.0 = Release|Any CPU
		{7A370B75-99B8-46D3-B658-DC6492D38EB0}.Ad-Hoc|Any CPU.Deploy.0 = Release|Any CPU
		{7A370B75-99B8-46D3-B658-DC6492D38EB0}.Ad-Hoc|iPhone.ActiveCfg = Release|Any CPU
		{7A370B75-99B8-46D3-B658-DC6492D38EB0}.Ad-Hoc|iPhone.Build.0 = Release|Any CPU
		{7A370B75-99B8-46D3-B658-DC6492D38EB0}.Ad-Hoc|iPhone.Deploy.0 = Release|Any CPU
		{7A370B75-99B8-46D3-B658-DC6492D38EB0}.Ad-Hoc|iPhoneSimulator.ActiveCfg = Release|Any CPU
		{7A370B75-99B8-46D3-B658-DC6492D38EB0}.Ad-Hoc|iPhoneSimulator.Build.0 = Release|Any CPU
		{7A370B75-99B8-46D3-B658-DC6492D38EB0}.Ad-Hoc|iPhoneSimulator.Deploy.0 = Release|Any CPU
		{7A370B75-99B8-46D3-B658-DC6492D38EB0}.AppStore|Any CPU.ActiveCfg = Release|Any CPU
		{7A370B75-99B8-46D3-B658-DC6492D38EB0}.AppStore|Any CPU.Build.0 = Release|Any CPU
		{7A370B75-99B8-46D3-B658-DC6492D38EB0}.AppStore|Any CPU.Deploy.0 = Release|Any CPU
		{7A370B75-99B8-46D3-B658-DC6492D38EB0}.AppStore|iPhone.ActiveCfg = Release|Any CPU
		{7A370B75-99B8-46D3-B658-DC6492D38EB0}.AppStore|iPhone.Build.0 = Release|Any CPU
		{7A370B75-99B8-46D3-B658-DC6492D38EB0}.AppStore|iPhone.Deploy.0 = Release|Any CPU
		{7A370B75-99B8-46D3-B658-DC6492D38EB0}.AppStore|iPhoneSimulator.ActiveCfg = Release|Any CPU
		{7A370B75-99B8-46D3-B658-DC6492D38EB0}.AppStore|iPhoneSimulator.Build.0 = Release|Any CPU
		{7A370B75-99B8-46D3-B658-DC6492D38EB0}.AppStore|iPhoneSimulator.Deploy.0 = Release|Any CPU
		{7A370B75-99B8-46D3-B658-DC6492D38EB0}.Debug|Any CPU.ActiveCfg = Debug|Any CPU
		{7A370B75-99B8-46D3-B658-DC6492D38EB0}.Debug|Any CPU.Build.0 = Debug|Any CPU
		{7A370B75-99B8-46D3-B658-DC6492D38EB0}.Debug|Any CPU.Deploy.0 = Debug|Any CPU
		{7A370B75-99B8-46D3-B658-DC6492D38EB0}.Debug|iPhone.ActiveCfg = Debug|Any CPU
		{7A370B75-99B8-46D3-B658-DC6492D38EB0}.Debug|iPhone.Build.0 = Debug|Any CPU
		{7A370B75-99B8-46D3-B658-DC6492D38EB0}.Debug|iPhone.Deploy.0 = Debug|Any CPU
		{7A370B75-99B8-46D3-B658-DC6492D38EB0}.Debug|iPhoneSimulator.ActiveCfg = Debug|Any CPU
		{7A370B75-99B8-46D3-B658-DC6492D38EB0}.Debug|iPhoneSimulator.Build.0 = Debug|Any CPU
		{7A370B75-99B8-46D3-B658-DC6492D38EB0}.Debug|iPhoneSimulator.Deploy.0 = Debug|Any CPU
		{7A370B75-99B8-46D3-B658-DC6492D38EB0}.Release|Any CPU.ActiveCfg = Release|Any CPU
		{7A370B75-99B8-46D3-B658-DC6492D38EB0}.Release|Any CPU.Build.0 = Release|Any CPU
		{7A370B75-99B8-46D3-B658-DC6492D38EB0}.Release|Any CPU.Deploy.0 = Release|Any CPU
		{7A370B75-99B8-46D3-B658-DC6492D38EB0}.Release|iPhone.ActiveCfg = Release|Any CPU
		{7A370B75-99B8-46D3-B658-DC6492D38EB0}.Release|iPhone.Build.0 = Release|Any CPU
		{7A370B75-99B8-46D3-B658-DC6492D38EB0}.Release|iPhone.Deploy.0 = Release|Any CPU
		{7A370B75-99B8-46D3-B658-DC6492D38EB0}.Release|iPhoneSimulator.ActiveCfg = Release|Any CPU
		{7A370B75-99B8-46D3-B658-DC6492D38EB0}.Release|iPhoneSimulator.Build.0 = Release|Any CPU
		{7A370B75-99B8-46D3-B658-DC6492D38EB0}.Release|iPhoneSimulator.Deploy.0 = Release|Any CPU
		{FB345E59-83DA-486F-A2DA-E8C8E4D33650}.Ad-Hoc|Any CPU.ActiveCfg = Release|Any CPU
		{FB345E59-83DA-486F-A2DA-E8C8E4D33650}.Ad-Hoc|Any CPU.Build.0 = Release|Any CPU
		{FB345E59-83DA-486F-A2DA-E8C8E4D33650}.Ad-Hoc|iPhone.ActiveCfg = Release|Any CPU
		{FB345E59-83DA-486F-A2DA-E8C8E4D33650}.Ad-Hoc|iPhone.Build.0 = Release|Any CPU
		{FB345E59-83DA-486F-A2DA-E8C8E4D33650}.Ad-Hoc|iPhoneSimulator.ActiveCfg = Release|Any CPU
		{FB345E59-83DA-486F-A2DA-E8C8E4D33650}.Ad-Hoc|iPhoneSimulator.Build.0 = Release|Any CPU
		{FB345E59-83DA-486F-A2DA-E8C8E4D33650}.AppStore|Any CPU.ActiveCfg = Release|Any CPU
		{FB345E59-83DA-486F-A2DA-E8C8E4D33650}.AppStore|Any CPU.Build.0 = Release|Any CPU
		{FB345E59-83DA-486F-A2DA-E8C8E4D33650}.AppStore|iPhone.ActiveCfg = Release|Any CPU
		{FB345E59-83DA-486F-A2DA-E8C8E4D33650}.AppStore|iPhone.Build.0 = Release|Any CPU
		{FB345E59-83DA-486F-A2DA-E8C8E4D33650}.AppStore|iPhoneSimulator.ActiveCfg = Release|Any CPU
		{FB345E59-83DA-486F-A2DA-E8C8E4D33650}.AppStore|iPhoneSimulator.Build.0 = Release|Any CPU
		{FB345E59-83DA-486F-A2DA-E8C8E4D33650}.Debug|Any CPU.ActiveCfg = Debug|Any CPU
		{FB345E59-83DA-486F-A2DA-E8C8E4D33650}.Debug|Any CPU.Build.0 = Debug|Any CPU
		{FB345E59-83DA-486F-A2DA-E8C8E4D33650}.Debug|iPhone.ActiveCfg = Debug|Any CPU
		{FB345E59-83DA-486F-A2DA-E8C8E4D33650}.Debug|iPhone.Build.0 = Debug|Any CPU
		{FB345E59-83DA-486F-A2DA-E8C8E4D33650}.Debug|iPhoneSimulator.ActiveCfg = Debug|Any CPU
		{FB345E59-83DA-486F-A2DA-E8C8E4D33650}.Debug|iPhoneSimulator.Build.0 = Debug|Any CPU
		{FB345E59-83DA-486F-A2DA-E8C8E4D33650}.Release|Any CPU.ActiveCfg = Release|Any CPU
		{FB345E59-83DA-486F-A2DA-E8C8E4D33650}.Release|Any CPU.Build.0 = Release|Any CPU
		{FB345E59-83DA-486F-A2DA-E8C8E4D33650}.Release|iPhone.ActiveCfg = Release|Any CPU
		{FB345E59-83DA-486F-A2DA-E8C8E4D33650}.Release|iPhone.Build.0 = Release|Any CPU
		{FB345E59-83DA-486F-A2DA-E8C8E4D33650}.Release|iPhoneSimulator.ActiveCfg = Release|Any CPU
		{FB345E59-83DA-486F-A2DA-E8C8E4D33650}.Release|iPhoneSimulator.Build.0 = Release|Any CPU
		{D5C92AFC-0C4B-4791-91CF-ADA2738551B7}.Ad-Hoc|Any CPU.ActiveCfg = Ad-Hoc|iPhone
		{D5C92AFC-0C4B-4791-91CF-ADA2738551B7}.Ad-Hoc|iPhone.ActiveCfg = Ad-Hoc|iPhone
		{D5C92AFC-0C4B-4791-91CF-ADA2738551B7}.Ad-Hoc|iPhone.Build.0 = Ad-Hoc|iPhone
		{D5C92AFC-0C4B-4791-91CF-ADA2738551B7}.Ad-Hoc|iPhoneSimulator.ActiveCfg = Ad-Hoc|iPhoneSimulator
		{D5C92AFC-0C4B-4791-91CF-ADA2738551B7}.Ad-Hoc|iPhoneSimulator.Build.0 = Ad-Hoc|iPhoneSimulator
		{D5C92AFC-0C4B-4791-91CF-ADA2738551B7}.AppStore|Any CPU.ActiveCfg = AppStore|iPhone
		{D5C92AFC-0C4B-4791-91CF-ADA2738551B7}.AppStore|iPhone.ActiveCfg = AppStore|iPhone
		{D5C92AFC-0C4B-4791-91CF-ADA2738551B7}.AppStore|iPhone.Build.0 = AppStore|iPhone
		{D5C92AFC-0C4B-4791-91CF-ADA2738551B7}.AppStore|iPhoneSimulator.ActiveCfg = AppStore|iPhoneSimulator
		{D5C92AFC-0C4B-4791-91CF-ADA2738551B7}.AppStore|iPhoneSimulator.Build.0 = AppStore|iPhoneSimulator
		{D5C92AFC-0C4B-4791-91CF-ADA2738551B7}.Debug|Any CPU.ActiveCfg = Debug|iPhone
		{D5C92AFC-0C4B-4791-91CF-ADA2738551B7}.Debug|iPhone.ActiveCfg = Debug|iPhone
		{D5C92AFC-0C4B-4791-91CF-ADA2738551B7}.Debug|iPhone.Build.0 = Debug|iPhone
		{D5C92AFC-0C4B-4791-91CF-ADA2738551B7}.Debug|iPhoneSimulator.ActiveCfg = Debug|iPhoneSimulator
		{D5C92AFC-0C4B-4791-91CF-ADA2738551B7}.Debug|iPhoneSimulator.Build.0 = Debug|iPhoneSimulator
		{D5C92AFC-0C4B-4791-91CF-ADA2738551B7}.Release|Any CPU.ActiveCfg = Release|iPhone
		{D5C92AFC-0C4B-4791-91CF-ADA2738551B7}.Release|iPhone.ActiveCfg = Release|iPhone
		{D5C92AFC-0C4B-4791-91CF-ADA2738551B7}.Release|iPhone.Build.0 = Release|iPhone
		{D5C92AFC-0C4B-4791-91CF-ADA2738551B7}.Release|iPhoneSimulator.ActiveCfg = Release|iPhoneSimulator
		{D5C92AFC-0C4B-4791-91CF-ADA2738551B7}.Release|iPhoneSimulator.Build.0 = Release|iPhoneSimulator
	EndGlobalSection
	GlobalSection(SolutionProperties) = preSolution
		HideSolutionNode = FALSE
	EndGlobalSection
	GlobalSection(NestedProjects) = preSolution
		{7A370B75-99B8-46D3-B658-DC6492D38EB0} = {5AC9BF81-11C1-4521-8272-020228C90120}
		{FB345E59-83DA-486F-A2DA-E8C8E4D33650} = {5AC9BF81-11C1-4521-8272-020228C90120}
		{D5C92AFC-0C4B-4791-91CF-ADA2738551B7} = {5AC9BF81-11C1-4521-8272-020228C90120}
	EndGlobalSection
EndGlobal
