
Microsoft Visual Studio Solution File, Format Version 12.00
# Visual Studio 14
VisualStudioVersion = 14.0.25420.1
MinimumVisualStudioVersion = 10.0.40219.1
Project("{FAE04EC0-301F-11D3-BF4B-00C04F79EFBC}") = "MonsterSmashing.Android", "MonsterSmashing\MonsterSmashing.Android\MonsterSmashing.Android.csproj", "{71164CEB-11F0-45B0-8231-D57E5B3A91EE}"
EndProject
Project("{FAE04EC0-301F-11D3-BF4B-00C04F79EFBC}") = "MonsterSmashing.Common", "MonsterSmashing\MonsterSmashing.Common\MonsterSmashing.Common.csproj", "{3F22F626-08FB-4538-B1BA-F31327A96E3E}"
EndProject
Global
	GlobalSection(SolutionConfigurationPlatforms) = preSolution
		Debug|Any CPU = Debug|Any CPU
		Debug|iPhone = Debug|iPhone
		Debug|iPhoneSimulator = Debug|iPhoneSimulator
		Release|Any CPU = Release|Any CPU
		Release|iPhone = Release|iPhone
		Release|iPhoneSimulator = Release|iPhoneSimulator
	EndGlobalSection
	GlobalSection(ProjectConfigurationPlatforms) = postSolution
		{71164CEB-11F0-45B0-8231-D57E5B3A91EE}.Debug|Any CPU.ActiveCfg = Debug|Any CPU
		{71164CEB-11F0-45B0-8231-D57E5B3A91EE}.Debug|Any CPU.Build.0 = Debug|Any CPU
		{71164CEB-11F0-45B0-8231-D57E5B3A91EE}.Debug|Any CPU.Deploy.0 = Debug|Any CPU
		{71164CEB-11F0-45B0-8231-D57E5B3A91EE}.Debug|iPhone.ActiveCfg = Debug|Any CPU
		{71164CEB-11F0-45B0-8231-D57E5B3A91EE}.Debug|iPhone.Build.0 = Debug|Any CPU
		{71164CEB-11F0-45B0-8231-D57E5B3A91EE}.Debug|iPhoneSimulator.ActiveCfg = Debug|Any CPU
		{71164CEB-11F0-45B0-8231-D57E5B3A91EE}.Debug|iPhoneSimulator.Build.0 = Debug|Any CPU
		{71164CEB-11F0-45B0-8231-D57E5B3A91EE}.Release|Any CPU.ActiveCfg = Release|Any CPU
		{71164CEB-11F0-45B0-8231-D57E5B3A91EE}.Release|Any CPU.Build.0 = Release|Any CPU
		{71164CEB-11F0-45B0-8231-D57E5B3A91EE}.Release|iPhone.ActiveCfg = Release|Any CPU
		{71164CEB-11F0-45B0-8231-D57E5B3A91EE}.Release|iPhone.Build.0 = Release|Any CPU
		{71164CEB-11F0-45B0-8231-D57E5B3A91EE}.Release|iPhoneSimulator.ActiveCfg = Release|Any CPU
		{71164CEB-11F0-45B0-8231-D57E5B3A91EE}.Release|iPhoneSimulator.Build.0 = Release|Any CPU
		{3F22F626-08FB-4538-B1BA-F31327A96E3E}.Debug|Any CPU.ActiveCfg = Debug|Any CPU
		{3F22F626-08FB-4538-B1BA-F31327A96E3E}.Debug|Any CPU.Build.0 = Debug|Any CPU
		{3F22F626-08FB-4538-B1BA-F31327A96E3E}.Debug|iPhone.ActiveCfg = Debug|Any CPU
		{3F22F626-08FB-4538-B1BA-F31327A96E3E}.Debug|iPhone.Build.0 = Debug|Any CPU
		{3F22F626-08FB-4538-B1BA-F31327A96E3E}.Debug|iPhoneSimulator.ActiveCfg = Debug|Any CPU
		{3F22F626-08FB-4538-B1BA-F31327A96E3E}.Debug|iPhoneSimulator.Build.0 = Debug|Any CPU
		{3F22F626-08FB-4538-B1BA-F31327A96E3E}.Release|Any CPU.ActiveCfg = Release|Any CPU
		{3F22F626-08FB-4538-B1BA-F31327A96E3E}.Release|Any CPU.Build.0 = Release|Any CPU
		{3F22F626-08FB-4538-B1BA-F31327A96E3E}.Release|iPhone.ActiveCfg = Release|Any CPU
		{3F22F626-08FB-4538-B1BA-F31327A96E3E}.Release|iPhone.Build.0 = Release|Any CPU
		{3F22F626-08FB-4538-B1BA-F31327A96E3E}.Release|iPhoneSimulator.ActiveCfg = Release|Any CPU
		{3F22F626-08FB-4538-B1BA-F31327A96E3E}.Release|iPhoneSimulator.Build.0 = Release|Any CPU
	EndGlobalSection
	GlobalSection(SolutionProperties) = preSolution
		HideSolutionNode = FALSE
	EndGlobalSection
EndGlobal
