
Microsoft Visual Studio Solution File, Format Version 12.00
# Visual Studio 2013
VisualStudioVersion = 12.0.31101.0
MinimumVisualStudioVersion = 10.0.40219.1
Project("{262852C6-CD72-467D-83FE-5EEB1973A190}") = "BlankCordovaApp1", "BlankCordovaApp1.jsproj", "{6519FAC2-8289-4990-A3CD-0E35584D5A4B}"
EndProject
Global
	GlobalSection(TeamFoundationVersionControl) = preSolution
		SccNumberOfProjects = 2
		SccEnterpriseProvider = {4CA58AB2-18FA-4F8D-95D4-32DDF27D184C}
		SccTeamFoundationServer = https://praysoft.visualstudio.com/defaultcollection
		SccLocalPath0 = .
		SccProjectUniqueName1 = BlankCordovaApp1.jsproj
		SccLocalPath1 = .
	EndGlobalSection
	GlobalSection(SolutionConfigurationPlatforms) = preSolution
		Debug|Android = Debug|Android
		Debug|iOS = Debug|iOS
		Debug|Windows Phone (Universal) = Debug|Windows Phone (Universal)
		Debug|Windows Phone 8 = Debug|Windows Phone 8
		Debug|Windows-AnyCPU = Debug|Windows-AnyCPU
		Debug|Windows-ARM = Debug|Windows-ARM
		Debug|Windows-x64 = Debug|Windows-x64
		Debug|Windows-x86 = Debug|Windows-x86
		Distribution|Android = Distribution|Android
		Distribution|iOS = Distribution|iOS
		Distribution|Windows Phone (Universal) = Distribution|Windows Phone (Universal)
		Distribution|Windows Phone 8 = Distribution|Windows Phone 8
		Distribution|Windows-AnyCPU = Distribution|Windows-AnyCPU
		Distribution|Windows-ARM = Distribution|Windows-ARM
		Distribution|Windows-x64 = Distribution|Windows-x64
		Distribution|Windows-x86 = Distribution|Windows-x86
		Release|Android = Release|Android
		Release|iOS = Release|iOS
		Release|Windows Phone (Universal) = Release|Windows Phone (Universal)
		Release|Windows Phone 8 = Release|Windows Phone 8
		Release|Windows-AnyCPU = Release|Windows-AnyCPU
		Release|Windows-ARM = Release|Windows-ARM
		Release|Windows-x64 = Release|Windows-x64
		Release|Windows-x86 = Release|Windows-x86
	EndGlobalSection
	GlobalSection(ProjectConfigurationPlatforms) = postSolution
		{6519FAC2-8289-4990-A3CD-0E35584D5A4B}.Debug|Android.ActiveCfg = Debug|Android
		{6519FAC2-8289-4990-A3CD-0E35584D5A4B}.Debug|Android.Build.0 = Debug|Android
		{6519FAC2-8289-4990-A3CD-0E35584D5A4B}.Debug|Android.Deploy.0 = Debug|Android
		{6519FAC2-8289-4990-A3CD-0E35584D5A4B}.Debug|iOS.ActiveCfg = Debug|iOS
		{6519FAC2-8289-4990-A3CD-0E35584D5A4B}.Debug|iOS.Build.0 = Debug|iOS
		{6519FAC2-8289-4990-A3CD-0E35584D5A4B}.Debug|iOS.Deploy.0 = Debug|iOS
		{6519FAC2-8289-4990-A3CD-0E35584D5A4B}.Debug|Windows Phone (Universal).ActiveCfg = Debug|Windows Phone (Universal)
		{6519FAC2-8289-4990-A3CD-0E35584D5A4B}.Debug|Windows Phone (Universal).Build.0 = Debug|Windows Phone (Universal)
		{6519FAC2-8289-4990-A3CD-0E35584D5A4B}.Debug|Windows Phone (Universal).Deploy.0 = Debug|Windows Phone (Universal)
		{6519FAC2-8289-4990-A3CD-0E35584D5A4B}.Debug|Windows Phone 8.ActiveCfg = Debug|Windows Phone 8
		{6519FAC2-8289-4990-A3CD-0E35584D5A4B}.Debug|Windows Phone 8.Build.0 = Debug|Windows Phone 8
		{6519FAC2-8289-4990-A3CD-0E35584D5A4B}.Debug|Windows Phone 8.Deploy.0 = Debug|Windows Phone 8
		{6519FAC2-8289-4990-A3CD-0E35584D5A4B}.Debug|Windows-AnyCPU.ActiveCfg = Debug|Windows-AnyCPU
		{6519FAC2-8289-4990-A3CD-0E35584D5A4B}.Debug|Windows-AnyCPU.Build.0 = Debug|Windows-AnyCPU
		{6519FAC2-8289-4990-A3CD-0E35584D5A4B}.Debug|Windows-AnyCPU.Deploy.0 = Debug|Windows-AnyCPU
		{6519FAC2-8289-4990-A3CD-0E35584D5A4B}.Debug|Windows-ARM.ActiveCfg = Debug|Windows-ARM
		{6519FAC2-8289-4990-A3CD-0E35584D5A4B}.Debug|Windows-ARM.Build.0 = Debug|Windows-ARM
		{6519FAC2-8289-4990-A3CD-0E35584D5A4B}.Debug|Windows-ARM.Deploy.0 = Debug|Windows-ARM
		{6519FAC2-8289-4990-A3CD-0E35584D5A4B}.Debug|Windows-x64.ActiveCfg = Debug|Windows-x64
		{6519FAC2-8289-4990-A3CD-0E35584D5A4B}.Debug|Windows-x64.Build.0 = Debug|Windows-x64
		{6519FAC2-8289-4990-A3CD-0E35584D5A4B}.Debug|Windows-x64.Deploy.0 = Debug|Windows-x64
		{6519FAC2-8289-4990-A3CD-0E35584D5A4B}.Debug|Windows-x86.ActiveCfg = Debug|Windows-x86
		{6519FAC2-8289-4990-A3CD-0E35584D5A4B}.Debug|Windows-x86.Build.0 = Debug|Windows-x86
		{6519FAC2-8289-4990-A3CD-0E35584D5A4B}.Debug|Windows-x86.Deploy.0 = Debug|Windows-x86
		{6519FAC2-8289-4990-A3CD-0E35584D5A4B}.Distribution|Android.ActiveCfg = Distribution|Android
		{6519FAC2-8289-4990-A3CD-0E35584D5A4B}.Distribution|Android.Build.0 = Distribution|Android
		{6519FAC2-8289-4990-A3CD-0E35584D5A4B}.Distribution|Android.Deploy.0 = Distribution|Android
		{6519FAC2-8289-4990-A3CD-0E35584D5A4B}.Distribution|iOS.ActiveCfg = Distribution|iOS
		{6519FAC2-8289-4990-A3CD-0E35584D5A4B}.Distribution|iOS.Build.0 = Distribution|iOS
		{6519FAC2-8289-4990-A3CD-0E35584D5A4B}.Distribution|iOS.Deploy.0 = Distribution|iOS
		{6519FAC2-8289-4990-A3CD-0E35584D5A4B}.Distribution|Windows Phone (Universal).ActiveCfg = Distribution|Windows Phone (Universal)
		{6519FAC2-8289-4990-A3CD-0E35584D5A4B}.Distribution|Windows Phone (Universal).Build.0 = Distribution|Windows Phone (Universal)
		{6519FAC2-8289-4990-A3CD-0E35584D5A4B}.Distribution|Windows Phone (Universal).Deploy.0 = Distribution|Windows Phone (Universal)
		{6519FAC2-8289-4990-A3CD-0E35584D5A4B}.Distribution|Windows Phone 8.ActiveCfg = Distribution|Windows Phone 8
		{6519FAC2-8289-4990-A3CD-0E35584D5A4B}.Distribution|Windows Phone 8.Build.0 = Distribution|Windows Phone 8
		{6519FAC2-8289-4990-A3CD-0E35584D5A4B}.Distribution|Windows Phone 8.Deploy.0 = Distribution|Windows Phone 8
		{6519FAC2-8289-4990-A3CD-0E35584D5A4B}.Distribution|Windows-AnyCPU.ActiveCfg = Distribution|Windows-AnyCPU
		{6519FAC2-8289-4990-A3CD-0E35584D5A4B}.Distribution|Windows-AnyCPU.Build.0 = Distribution|Windows-AnyCPU
		{6519FAC2-8289-4990-A3CD-0E35584D5A4B}.Distribution|Windows-AnyCPU.Deploy.0 = Distribution|Windows-AnyCPU
		{6519FAC2-8289-4990-A3CD-0E35584D5A4B}.Distribution|Windows-ARM.ActiveCfg = Distribution|Windows-ARM
		{6519FAC2-8289-4990-A3CD-0E35584D5A4B}.Distribution|Windows-ARM.Build.0 = Distribution|Windows-ARM
		{6519FAC2-8289-4990-A3CD-0E35584D5A4B}.Distribution|Windows-ARM.Deploy.0 = Distribution|Windows-ARM
		{6519FAC2-8289-4990-A3CD-0E35584D5A4B}.Distribution|Windows-x64.ActiveCfg = Distribution|Windows-x64
		{6519FAC2-8289-4990-A3CD-0E35584D5A4B}.Distribution|Windows-x64.Build.0 = Distribution|Windows-x64
		{6519FAC2-8289-4990-A3CD-0E35584D5A4B}.Distribution|Windows-x64.Deploy.0 = Distribution|Windows-x64
		{6519FAC2-8289-4990-A3CD-0E35584D5A4B}.Distribution|Windows-x86.ActiveCfg = Distribution|Windows-x86
		{6519FAC2-8289-4990-A3CD-0E35584D5A4B}.Distribution|Windows-x86.Build.0 = Distribution|Windows-x86
		{6519FAC2-8289-4990-A3CD-0E35584D5A4B}.Distribution|Windows-x86.Deploy.0 = Distribution|Windows-x86
		{6519FAC2-8289-4990-A3CD-0E35584D5A4B}.Release|Android.ActiveCfg = Release|Android
		{6519FAC2-8289-4990-A3CD-0E35584D5A4B}.Release|Android.Build.0 = Release|Android
		{6519FAC2-8289-4990-A3CD-0E35584D5A4B}.Release|Android.Deploy.0 = Release|Android
		{6519FAC2-8289-4990-A3CD-0E35584D5A4B}.Release|iOS.ActiveCfg = Release|iOS
		{6519FAC2-8289-4990-A3CD-0E35584D5A4B}.Release|iOS.Build.0 = Release|iOS
		{6519FAC2-8289-4990-A3CD-0E35584D5A4B}.Release|iOS.Deploy.0 = Release|iOS
		{6519FAC2-8289-4990-A3CD-0E35584D5A4B}.Release|Windows Phone (Universal).ActiveCfg = Release|Windows Phone (Universal)
		{6519FAC2-8289-4990-A3CD-0E35584D5A4B}.Release|Windows Phone (Universal).Build.0 = Release|Windows Phone (Universal)
		{6519FAC2-8289-4990-A3CD-0E35584D5A4B}.Release|Windows Phone (Universal).Deploy.0 = Release|Windows Phone (Universal)
		{6519FAC2-8289-4990-A3CD-0E35584D5A4B}.Release|Windows Phone 8.ActiveCfg = Release|Windows Phone 8
		{6519FAC2-8289-4990-A3CD-0E35584D5A4B}.Release|Windows Phone 8.Build.0 = Release|Windows Phone 8
		{6519FAC2-8289-4990-A3CD-0E35584D5A4B}.Release|Windows Phone 8.Deploy.0 = Release|Windows Phone 8
		{6519FAC2-8289-4990-A3CD-0E35584D5A4B}.Release|Windows-AnyCPU.ActiveCfg = Release|Windows-AnyCPU
		{6519FAC2-8289-4990-A3CD-0E35584D5A4B}.Release|Windows-AnyCPU.Build.0 = Release|Windows-AnyCPU
		{6519FAC2-8289-4990-A3CD-0E35584D5A4B}.Release|Windows-AnyCPU.Deploy.0 = Release|Windows-AnyCPU
		{6519FAC2-8289-4990-A3CD-0E35584D5A4B}.Release|Windows-ARM.ActiveCfg = Release|Windows-ARM
		{6519FAC2-8289-4990-A3CD-0E35584D5A4B}.Release|Windows-ARM.Build.0 = Release|Windows-ARM
		{6519FAC2-8289-4990-A3CD-0E35584D5A4B}.Release|Windows-ARM.Deploy.0 = Release|Windows-ARM
		{6519FAC2-8289-4990-A3CD-0E35584D5A4B}.Release|Windows-x64.ActiveCfg = Release|Windows-x64
		{6519FAC2-8289-4990-A3CD-0E35584D5A4B}.Release|Windows-x64.Build.0 = Release|Windows-x64
		{6519FAC2-8289-4990-A3CD-0E35584D5A4B}.Release|Windows-x64.Deploy.0 = Release|Windows-x64
		{6519FAC2-8289-4990-A3CD-0E35584D5A4B}.Release|Windows-x86.ActiveCfg = Release|Windows-x86
		{6519FAC2-8289-4990-A3CD-0E35584D5A4B}.Release|Windows-x86.Build.0 = Release|Windows-x86
		{6519FAC2-8289-4990-A3CD-0E35584D5A4B}.Release|Windows-x86.Deploy.0 = Release|Windows-x86
	EndGlobalSection
	GlobalSection(SolutionProperties) = preSolution
		HideSolutionNode = FALSE
	EndGlobalSection
EndGlobal
