
Microsoft Visual Studio Solution File, Format Version 12.00
# Visual Studio 15
VisualStudioVersion = 15.0.28307.572
MinimumVisualStudioVersion = 10.0.40219.1
Project("{FAE04EC0-301F-11D3-BF4B-00C04F79EFBC}") = "SunmiDemo.Android", "SunmiDemo\SunmiDemo.Android\SunmiDemo.Android.csproj", "{FFDAD66E-D1E9-4771-8640-859404DCE0B3}"
EndProject
Project("{FAE04EC0-301F-11D3-BF4B-00C04F79EFBC}") = "SunmiDemo.iOS", "SunmiDemo\SunmiDemo.iOS\SunmiDemo.iOS.csproj", "{76C021A4-41D9-42EB-8076-65FED12FB070}"
EndProject
Project("{FAE04EC0-301F-11D3-BF4B-00C04F79EFBC}") = "SunmiDemo", "SunmiDemo\SunmiDemo\SunmiDemo.csproj", "{E68CCE4C-0215-4689-8473-0E4BFF7798E3}"
EndProject
Project("{FAE04EC0-301F-11D3-BF4B-00C04F79EFBC}") = "SunmiDemo.UWP", "SunmiDemo\SunmiDemo.UWP\SunmiDemo.UWP.csproj", "{CDDEE86A-B42E-4F3E-B2EC-9126625C771A}"
EndProject
Global
	GlobalSection(SolutionConfigurationPlatforms) = preSolution
		Ad-Hoc|Any CPU = Ad-Hoc|Any CPU
		Ad-Hoc|ARM = Ad-Hoc|ARM
		Ad-Hoc|iPhone = Ad-Hoc|iPhone
		Ad-Hoc|iPhoneSimulator = Ad-Hoc|iPhoneSimulator
		Ad-Hoc|x64 = Ad-Hoc|x64
		Ad-Hoc|x86 = Ad-Hoc|x86
		AppStore|Any CPU = AppStore|Any CPU
		AppStore|ARM = AppStore|ARM
		AppStore|iPhone = AppStore|iPhone
		AppStore|iPhoneSimulator = AppStore|iPhoneSimulator
		AppStore|x64 = AppStore|x64
		AppStore|x86 = AppStore|x86
		Debug|Any CPU = Debug|Any CPU
		Debug|ARM = Debug|ARM
		Debug|iPhone = Debug|iPhone
		Debug|iPhoneSimulator = Debug|iPhoneSimulator
		Debug|x64 = Debug|x64
		Debug|x86 = Debug|x86
		Release|Any CPU = Release|Any CPU
		Release|ARM = Release|ARM
		Release|iPhone = Release|iPhone
		Release|iPhoneSimulator = Release|iPhoneSimulator
		Release|x64 = Release|x64
		Release|x86 = Release|x86
	EndGlobalSection
	GlobalSection(ProjectConfigurationPlatforms) = postSolution
		{FFDAD66E-D1E9-4771-8640-859404DCE0B3}.Ad-Hoc|Any CPU.ActiveCfg = Release|Any CPU
		{FFDAD66E-D1E9-4771-8640-859404DCE0B3}.Ad-Hoc|Any CPU.Build.0 = Release|Any CPU
		{FFDAD66E-D1E9-4771-8640-859404DCE0B3}.Ad-Hoc|Any CPU.Deploy.0 = Release|Any CPU
		{FFDAD66E-D1E9-4771-8640-859404DCE0B3}.Ad-Hoc|ARM.ActiveCfg = Release|Any CPU
		{FFDAD66E-D1E9-4771-8640-859404DCE0B3}.Ad-Hoc|ARM.Build.0 = Release|Any CPU
		{FFDAD66E-D1E9-4771-8640-859404DCE0B3}.Ad-Hoc|ARM.Deploy.0 = Release|Any CPU
		{FFDAD66E-D1E9-4771-8640-859404DCE0B3}.Ad-Hoc|iPhone.ActiveCfg = Release|Any CPU
		{FFDAD66E-D1E9-4771-8640-859404DCE0B3}.Ad-Hoc|iPhone.Build.0 = Release|Any CPU
		{FFDAD66E-D1E9-4771-8640-859404DCE0B3}.Ad-Hoc|iPhone.Deploy.0 = Release|Any CPU
		{FFDAD66E-D1E9-4771-8640-859404DCE0B3}.Ad-Hoc|iPhoneSimulator.ActiveCfg = Release|Any CPU
		{FFDAD66E-D1E9-4771-8640-859404DCE0B3}.Ad-Hoc|iPhoneSimulator.Build.0 = Release|Any CPU
		{FFDAD66E-D1E9-4771-8640-859404DCE0B3}.Ad-Hoc|iPhoneSimulator.Deploy.0 = Release|Any CPU
		{FFDAD66E-D1E9-4771-8640-859404DCE0B3}.Ad-Hoc|x64.ActiveCfg = Release|Any CPU
		{FFDAD66E-D1E9-4771-8640-859404DCE0B3}.Ad-Hoc|x64.Build.0 = Release|Any CPU
		{FFDAD66E-D1E9-4771-8640-859404DCE0B3}.Ad-Hoc|x64.Deploy.0 = Release|Any CPU
		{FFDAD66E-D1E9-4771-8640-859404DCE0B3}.Ad-Hoc|x86.ActiveCfg = Release|Any CPU
		{FFDAD66E-D1E9-4771-8640-859404DCE0B3}.Ad-Hoc|x86.Build.0 = Release|Any CPU
		{FFDAD66E-D1E9-4771-8640-859404DCE0B3}.Ad-Hoc|x86.Deploy.0 = Release|Any CPU
		{FFDAD66E-D1E9-4771-8640-859404DCE0B3}.AppStore|Any CPU.ActiveCfg = Release|Any CPU
		{FFDAD66E-D1E9-4771-8640-859404DCE0B3}.AppStore|Any CPU.Build.0 = Release|Any CPU
		{FFDAD66E-D1E9-4771-8640-859404DCE0B3}.AppStore|Any CPU.Deploy.0 = Release|Any CPU
		{FFDAD66E-D1E9-4771-8640-859404DCE0B3}.AppStore|ARM.ActiveCfg = Release|Any CPU
		{FFDAD66E-D1E9-4771-8640-859404DCE0B3}.AppStore|ARM.Build.0 = Release|Any CPU
		{FFDAD66E-D1E9-4771-8640-859404DCE0B3}.AppStore|ARM.Deploy.0 = Release|Any CPU
		{FFDAD66E-D1E9-4771-8640-859404DCE0B3}.AppStore|iPhone.ActiveCfg = Release|Any CPU
		{FFDAD66E-D1E9-4771-8640-859404DCE0B3}.AppStore|iPhone.Build.0 = Release|Any CPU
		{FFDAD66E-D1E9-4771-8640-859404DCE0B3}.AppStore|iPhone.Deploy.0 = Release|Any CPU
		{FFDAD66E-D1E9-4771-8640-859404DCE0B3}.AppStore|iPhoneSimulator.ActiveCfg = Release|Any CPU
		{FFDAD66E-D1E9-4771-8640-859404DCE0B3}.AppStore|iPhoneSimulator.Build.0 = Release|Any CPU
		{FFDAD66E-D1E9-4771-8640-859404DCE0B3}.AppStore|iPhoneSimulator.Deploy.0 = Release|Any CPU
		{FFDAD66E-D1E9-4771-8640-859404DCE0B3}.AppStore|x64.ActiveCfg = Release|Any CPU
		{FFDAD66E-D1E9-4771-8640-859404DCE0B3}.AppStore|x64.Build.0 = Release|Any CPU
		{FFDAD66E-D1E9-4771-8640-859404DCE0B3}.AppStore|x64.Deploy.0 = Release|Any CPU
		{FFDAD66E-D1E9-4771-8640-859404DCE0B3}.AppStore|x86.ActiveCfg = Release|Any CPU
		{FFDAD66E-D1E9-4771-8640-859404DCE0B3}.AppStore|x86.Build.0 = Release|Any CPU
		{FFDAD66E-D1E9-4771-8640-859404DCE0B3}.AppStore|x86.Deploy.0 = Release|Any CPU
		{FFDAD66E-D1E9-4771-8640-859404DCE0B3}.Debug|Any CPU.ActiveCfg = Debug|Any CPU
		{FFDAD66E-D1E9-4771-8640-859404DCE0B3}.Debug|Any CPU.Build.0 = Debug|Any CPU
		{FFDAD66E-D1E9-4771-8640-859404DCE0B3}.Debug|Any CPU.Deploy.0 = Debug|Any CPU
		{FFDAD66E-D1E9-4771-8640-859404DCE0B3}.Debug|ARM.ActiveCfg = Debug|Any CPU
		{FFDAD66E-D1E9-4771-8640-859404DCE0B3}.Debug|ARM.Build.0 = Debug|Any CPU
		{FFDAD66E-D1E9-4771-8640-859404DCE0B3}.Debug|ARM.Deploy.0 = Debug|Any CPU
		{FFDAD66E-D1E9-4771-8640-859404DCE0B3}.Debug|iPhone.ActiveCfg = Debug|Any CPU
		{FFDAD66E-D1E9-4771-8640-859404DCE0B3}.Debug|iPhone.Build.0 = Debug|Any CPU
		{FFDAD66E-D1E9-4771-8640-859404DCE0B3}.Debug|iPhone.Deploy.0 = Debug|Any CPU
		{FFDAD66E-D1E9-4771-8640-859404DCE0B3}.Debug|iPhoneSimulator.ActiveCfg = Debug|Any CPU
		{FFDAD66E-D1E9-4771-8640-859404DCE0B3}.Debug|iPhoneSimulator.Build.0 = Debug|Any CPU
		{FFDAD66E-D1E9-4771-8640-859404DCE0B3}.Debug|iPhoneSimulator.Deploy.0 = Debug|Any CPU
		{FFDAD66E-D1E9-4771-8640-859404DCE0B3}.Debug|x64.ActiveCfg = Debug|Any CPU
		{FFDAD66E-D1E9-4771-8640-859404DCE0B3}.Debug|x64.Build.0 = Debug|Any CPU
		{FFDAD66E-D1E9-4771-8640-859404DCE0B3}.Debug|x64.Deploy.0 = Debug|Any CPU
		{FFDAD66E-D1E9-4771-8640-859404DCE0B3}.Debug|x86.ActiveCfg = Debug|Any CPU
		{FFDAD66E-D1E9-4771-8640-859404DCE0B3}.Debug|x86.Build.0 = Debug|Any CPU
		{FFDAD66E-D1E9-4771-8640-859404DCE0B3}.Debug|x86.Deploy.0 = Debug|Any CPU
		{FFDAD66E-D1E9-4771-8640-859404DCE0B3}.Release|Any CPU.ActiveCfg = Release|Any CPU
		{FFDAD66E-D1E9-4771-8640-859404DCE0B3}.Release|Any CPU.Build.0 = Release|Any CPU
		{FFDAD66E-D1E9-4771-8640-859404DCE0B3}.Release|Any CPU.Deploy.0 = Release|Any CPU
		{FFDAD66E-D1E9-4771-8640-859404DCE0B3}.Release|ARM.ActiveCfg = Release|Any CPU
		{FFDAD66E-D1E9-4771-8640-859404DCE0B3}.Release|ARM.Build.0 = Release|Any CPU
		{FFDAD66E-D1E9-4771-8640-859404DCE0B3}.Release|ARM.Deploy.0 = Release|Any CPU
		{FFDAD66E-D1E9-4771-8640-859404DCE0B3}.Release|iPhone.ActiveCfg = Release|Any CPU
		{FFDAD66E-D1E9-4771-8640-859404DCE0B3}.Release|iPhone.Build.0 = Release|Any CPU
		{FFDAD66E-D1E9-4771-8640-859404DCE0B3}.Release|iPhone.Deploy.0 = Release|Any CPU
		{FFDAD66E-D1E9-4771-8640-859404DCE0B3}.Release|iPhoneSimulator.ActiveCfg = Release|Any CPU
		{FFDAD66E-D1E9-4771-8640-859404DCE0B3}.Release|iPhoneSimulator.Build.0 = Release|Any CPU
		{FFDAD66E-D1E9-4771-8640-859404DCE0B3}.Release|iPhoneSimulator.Deploy.0 = Release|Any CPU
		{FFDAD66E-D1E9-4771-8640-859404DCE0B3}.Release|x64.ActiveCfg = Release|Any CPU
		{FFDAD66E-D1E9-4771-8640-859404DCE0B3}.Release|x64.Build.0 = Release|Any CPU
		{FFDAD66E-D1E9-4771-8640-859404DCE0B3}.Release|x64.Deploy.0 = Release|Any CPU
		{FFDAD66E-D1E9-4771-8640-859404DCE0B3}.Release|x86.ActiveCfg = Release|Any CPU
		{FFDAD66E-D1E9-4771-8640-859404DCE0B3}.Release|x86.Build.0 = Release|Any CPU
		{FFDAD66E-D1E9-4771-8640-859404DCE0B3}.Release|x86.Deploy.0 = Release|Any CPU
		{76C021A4-41D9-42EB-8076-65FED12FB070}.Ad-Hoc|Any CPU.ActiveCfg = Ad-Hoc|iPhone
		{76C021A4-41D9-42EB-8076-65FED12FB070}.Ad-Hoc|Any CPU.Build.0 = Ad-Hoc|iPhone
		{76C021A4-41D9-42EB-8076-65FED12FB070}.Ad-Hoc|Any CPU.Deploy.0 = Ad-Hoc|iPhone
		{76C021A4-41D9-42EB-8076-65FED12FB070}.Ad-Hoc|ARM.ActiveCfg = Ad-Hoc|iPhone
		{76C021A4-41D9-42EB-8076-65FED12FB070}.Ad-Hoc|ARM.Build.0 = Ad-Hoc|iPhone
		{76C021A4-41D9-42EB-8076-65FED12FB070}.Ad-Hoc|ARM.Deploy.0 = Ad-Hoc|iPhone
		{76C021A4-41D9-42EB-8076-65FED12FB070}.Ad-Hoc|iPhone.ActiveCfg = Ad-Hoc|iPhone
		{76C021A4-41D9-42EB-8076-65FED12FB070}.Ad-Hoc|iPhone.Build.0 = Ad-Hoc|iPhone
		{76C021A4-41D9-42EB-8076-65FED12FB070}.Ad-Hoc|iPhone.Deploy.0 = Ad-Hoc|iPhone
		{76C021A4-41D9-42EB-8076-65FED12FB070}.Ad-Hoc|iPhoneSimulator.ActiveCfg = Ad-Hoc|iPhoneSimulator
		{76C021A4-41D9-42EB-8076-65FED12FB070}.Ad-Hoc|iPhoneSimulator.Build.0 = Ad-Hoc|iPhoneSimulator
		{76C021A4-41D9-42EB-8076-65FED12FB070}.Ad-Hoc|iPhoneSimulator.Deploy.0 = Ad-Hoc|iPhoneSimulator
		{76C021A4-41D9-42EB-8076-65FED12FB070}.Ad-Hoc|x64.ActiveCfg = Ad-Hoc|iPhone
		{76C021A4-41D9-42EB-8076-65FED12FB070}.Ad-Hoc|x64.Build.0 = Ad-Hoc|iPhone
		{76C021A4-41D9-42EB-8076-65FED12FB070}.Ad-Hoc|x64.Deploy.0 = Ad-Hoc|iPhone
		{76C021A4-41D9-42EB-8076-65FED12FB070}.Ad-Hoc|x86.ActiveCfg = Ad-Hoc|iPhone
		{76C021A4-41D9-42EB-8076-65FED12FB070}.Ad-Hoc|x86.Build.0 = Ad-Hoc|iPhone
		{76C021A4-41D9-42EB-8076-65FED12FB070}.Ad-Hoc|x86.Deploy.0 = Ad-Hoc|iPhone
		{76C021A4-41D9-42EB-8076-65FED12FB070}.AppStore|Any CPU.ActiveCfg = AppStore|iPhone
		{76C021A4-41D9-42EB-8076-65FED12FB070}.AppStore|Any CPU.Build.0 = AppStore|iPhone
		{76C021A4-41D9-42EB-8076-65FED12FB070}.AppStore|Any CPU.Deploy.0 = AppStore|iPhone
		{76C021A4-41D9-42EB-8076-65FED12FB070}.AppStore|ARM.ActiveCfg = AppStore|iPhone
		{76C021A4-41D9-42EB-8076-65FED12FB070}.AppStore|ARM.Build.0 = AppStore|iPhone
		{76C021A4-41D9-42EB-8076-65FED12FB070}.AppStore|ARM.Deploy.0 = AppStore|iPhone
		{76C021A4-41D9-42EB-8076-65FED12FB070}.AppStore|iPhone.ActiveCfg = AppStore|iPhone
		{76C021A4-41D9-42EB-8076-65FED12FB070}.AppStore|iPhone.Build.0 = AppStore|iPhone
		{76C021A4-41D9-42EB-8076-65FED12FB070}.AppStore|iPhone.Deploy.0 = AppStore|iPhone
		{76C021A4-41D9-42EB-8076-65FED12FB070}.AppStore|iPhoneSimulator.ActiveCfg = AppStore|iPhoneSimulator
		{76C021A4-41D9-42EB-8076-65FED12FB070}.AppStore|iPhoneSimulator.Build.0 = AppStore|iPhoneSimulator
		{76C021A4-41D9-42EB-8076-65FED12FB070}.AppStore|iPhoneSimulator.Deploy.0 = AppStore|iPhoneSimulator
		{76C021A4-41D9-42EB-8076-65FED12FB070}.AppStore|x64.ActiveCfg = AppStore|iPhone
		{76C021A4-41D9-42EB-8076-65FED12FB070}.AppStore|x64.Build.0 = AppStore|iPhone
		{76C021A4-41D9-42EB-8076-65FED12FB070}.AppStore|x64.Deploy.0 = AppStore|iPhone
		{76C021A4-41D9-42EB-8076-65FED12FB070}.AppStore|x86.ActiveCfg = AppStore|iPhone
		{76C021A4-41D9-42EB-8076-65FED12FB070}.AppStore|x86.Build.0 = AppStore|iPhone
		{76C021A4-41D9-42EB-8076-65FED12FB070}.AppStore|x86.Deploy.0 = AppStore|iPhone
		{76C021A4-41D9-42EB-8076-65FED12FB070}.Debug|Any CPU.ActiveCfg = Debug|iPhoneSimulator
		{76C021A4-41D9-42EB-8076-65FED12FB070}.Debug|Any CPU.Build.0 = Debug|iPhoneSimulator
		{76C021A4-41D9-42EB-8076-65FED12FB070}.Debug|Any CPU.Deploy.0 = Debug|iPhoneSimulator
		{76C021A4-41D9-42EB-8076-65FED12FB070}.Debug|ARM.ActiveCfg = Debug|iPhone
		{76C021A4-41D9-42EB-8076-65FED12FB070}.Debug|ARM.Build.0 = Debug|iPhone
		{76C021A4-41D9-42EB-8076-65FED12FB070}.Debug|ARM.Deploy.0 = Debug|iPhone
		{76C021A4-41D9-42EB-8076-65FED12FB070}.Debug|iPhone.ActiveCfg = Debug|iPhone
		{76C021A4-41D9-42EB-8076-65FED12FB070}.Debug|iPhone.Build.0 = Debug|iPhone
		{76C021A4-41D9-42EB-8076-65FED12FB070}.Debug|iPhone.Deploy.0 = Debug|iPhone
		{76C021A4-41D9-42EB-8076-65FED12FB070}.Debug|iPhoneSimulator.ActiveCfg = Debug|iPhoneSimulator
		{76C021A4-41D9-42EB-8076-65FED12FB070}.Debug|iPhoneSimulator.Build.0 = Debug|iPhoneSimulator
		{76C021A4-41D9-42EB-8076-65FED12FB070}.Debug|iPhoneSimulator.Deploy.0 = Debug|iPhoneSimulator
		{76C021A4-41D9-42EB-8076-65FED12FB070}.Debug|x64.ActiveCfg = Debug|iPhone
		{76C021A4-41D9-42EB-8076-65FED12FB070}.Debug|x64.Build.0 = Debug|iPhone
		{76C021A4-41D9-42EB-8076-65FED12FB070}.Debug|x64.Deploy.0 = Debug|iPhone
		{76C021A4-41D9-42EB-8076-65FED12FB070}.Debug|x86.ActiveCfg = Debug|iPhone
		{76C021A4-41D9-42EB-8076-65FED12FB070}.Debug|x86.Build.0 = Debug|iPhone
		{76C021A4-41D9-42EB-8076-65FED12FB070}.Debug|x86.Deploy.0 = Debug|iPhone
		{76C021A4-41D9-42EB-8076-65FED12FB070}.Release|Any CPU.ActiveCfg = Release|iPhone
		{76C021A4-41D9-42EB-8076-65FED12FB070}.Release|Any CPU.Build.0 = Release|iPhone
		{76C021A4-41D9-42EB-8076-65FED12FB070}.Release|Any CPU.Deploy.0 = Release|iPhone
		{76C021A4-41D9-42EB-8076-65FED12FB070}.Release|ARM.ActiveCfg = Release|iPhone
		{76C021A4-41D9-42EB-8076-65FED12FB070}.Release|ARM.Build.0 = Release|iPhone
		{76C021A4-41D9-42EB-8076-65FED12FB070}.Release|ARM.Deploy.0 = Release|iPhone
		{76C021A4-41D9-42EB-8076-65FED12FB070}.Release|iPhone.ActiveCfg = Release|iPhone
		{76C021A4-41D9-42EB-8076-65FED12FB070}.Release|iPhone.Build.0 = Release|iPhone
		{76C021A4-41D9-42EB-8076-65FED12FB070}.Release|iPhone.Deploy.0 = Release|iPhone
		{76C021A4-41D9-42EB-8076-65FED12FB070}.Release|iPhoneSimulator.ActiveCfg = Release|iPhoneSimulator
		{76C021A4-41D9-42EB-8076-65FED12FB070}.Release|iPhoneSimulator.Build.0 = Release|iPhoneSimulator
		{76C021A4-41D9-42EB-8076-65FED12FB070}.Release|iPhoneSimulator.Deploy.0 = Release|iPhoneSimulator
		{76C021A4-41D9-42EB-8076-65FED12FB070}.Release|x64.ActiveCfg = Release|iPhone
		{76C021A4-41D9-42EB-8076-65FED12FB070}.Release|x64.Build.0 = Release|iPhone
		{76C021A4-41D9-42EB-8076-65FED12FB070}.Release|x64.Deploy.0 = Release|iPhone
		{76C021A4-41D9-42EB-8076-65FED12FB070}.Release|x86.ActiveCfg = Release|iPhone
		{76C021A4-41D9-42EB-8076-65FED12FB070}.Release|x86.Build.0 = Release|iPhone
		{76C021A4-41D9-42EB-8076-65FED12FB070}.Release|x86.Deploy.0 = Release|iPhone
		{E68CCE4C-0215-4689-8473-0E4BFF7798E3}.Ad-Hoc|Any CPU.ActiveCfg = Debug|Any CPU
		{E68CCE4C-0215-4689-8473-0E4BFF7798E3}.Ad-Hoc|Any CPU.Build.0 = Debug|Any CPU
		{E68CCE4C-0215-4689-8473-0E4BFF7798E3}.Ad-Hoc|Any CPU.Deploy.0 = Debug|Any CPU
		{E68CCE4C-0215-4689-8473-0E4BFF7798E3}.Ad-Hoc|ARM.ActiveCfg = Debug|Any CPU
		{E68CCE4C-0215-4689-8473-0E4BFF7798E3}.Ad-Hoc|ARM.Build.0 = Debug|Any CPU
		{E68CCE4C-0215-4689-8473-0E4BFF7798E3}.Ad-Hoc|ARM.Deploy.0 = Debug|Any CPU
		{E68CCE4C-0215-4689-8473-0E4BFF7798E3}.Ad-Hoc|iPhone.ActiveCfg = Debug|Any CPU
		{E68CCE4C-0215-4689-8473-0E4BFF7798E3}.Ad-Hoc|iPhone.Build.0 = Debug|Any CPU
		{E68CCE4C-0215-4689-8473-0E4BFF7798E3}.Ad-Hoc|iPhone.Deploy.0 = Debug|Any CPU
		{E68CCE4C-0215-4689-8473-0E4BFF7798E3}.Ad-Hoc|iPhoneSimulator.ActiveCfg = Debug|Any CPU
		{E68CCE4C-0215-4689-8473-0E4BFF7798E3}.Ad-Hoc|iPhoneSimulator.Build.0 = Debug|Any CPU
		{E68CCE4C-0215-4689-8473-0E4BFF7798E3}.Ad-Hoc|iPhoneSimulator.Deploy.0 = Debug|Any CPU
		{E68CCE4C-0215-4689-8473-0E4BFF7798E3}.Ad-Hoc|x64.ActiveCfg = Debug|Any CPU
		{E68CCE4C-0215-4689-8473-0E4BFF7798E3}.Ad-Hoc|x64.Build.0 = Debug|Any CPU
		{E68CCE4C-0215-4689-8473-0E4BFF7798E3}.Ad-Hoc|x64.Deploy.0 = Debug|Any CPU
		{E68CCE4C-0215-4689-8473-0E4BFF7798E3}.Ad-Hoc|x86.ActiveCfg = Debug|Any CPU
		{E68CCE4C-0215-4689-8473-0E4BFF7798E3}.Ad-Hoc|x86.Build.0 = Debug|Any CPU
		{E68CCE4C-0215-4689-8473-0E4BFF7798E3}.Ad-Hoc|x86.Deploy.0 = Debug|Any CPU
		{E68CCE4C-0215-4689-8473-0E4BFF7798E3}.AppStore|Any CPU.ActiveCfg = Debug|Any CPU
		{E68CCE4C-0215-4689-8473-0E4BFF7798E3}.AppStore|Any CPU.Build.0 = Debug|Any CPU
		{E68CCE4C-0215-4689-8473-0E4BFF7798E3}.AppStore|Any CPU.Deploy.0 = Debug|Any CPU
		{E68CCE4C-0215-4689-8473-0E4BFF7798E3}.AppStore|ARM.ActiveCfg = Debug|Any CPU
		{E68CCE4C-0215-4689-8473-0E4BFF7798E3}.AppStore|ARM.Build.0 = Debug|Any CPU
		{E68CCE4C-0215-4689-8473-0E4BFF7798E3}.AppStore|ARM.Deploy.0 = Debug|Any CPU
		{E68CCE4C-0215-4689-8473-0E4BFF7798E3}.AppStore|iPhone.ActiveCfg = Debug|Any CPU
		{E68CCE4C-0215-4689-8473-0E4BFF7798E3}.AppStore|iPhone.Build.0 = Debug|Any CPU
		{E68CCE4C-0215-4689-8473-0E4BFF7798E3}.AppStore|iPhone.Deploy.0 = Debug|Any CPU
		{E68CCE4C-0215-4689-8473-0E4BFF7798E3}.AppStore|iPhoneSimulator.ActiveCfg = Debug|Any CPU
		{E68CCE4C-0215-4689-8473-0E4BFF7798E3}.AppStore|iPhoneSimulator.Build.0 = Debug|Any CPU
		{E68CCE4C-0215-4689-8473-0E4BFF7798E3}.AppStore|iPhoneSimulator.Deploy.0 = Debug|Any CPU
		{E68CCE4C-0215-4689-8473-0E4BFF7798E3}.AppStore|x64.ActiveCfg = Debug|Any CPU
		{E68CCE4C-0215-4689-8473-0E4BFF7798E3}.AppStore|x64.Build.0 = Debug|Any CPU
		{E68CCE4C-0215-4689-8473-0E4BFF7798E3}.AppStore|x64.Deploy.0 = Debug|Any CPU
		{E68CCE4C-0215-4689-8473-0E4BFF7798E3}.AppStore|x86.ActiveCfg = Debug|Any CPU
		{E68CCE4C-0215-4689-8473-0E4BFF7798E3}.AppStore|x86.Build.0 = Debug|Any CPU
		{E68CCE4C-0215-4689-8473-0E4BFF7798E3}.AppStore|x86.Deploy.0 = Debug|Any CPU
		{E68CCE4C-0215-4689-8473-0E4BFF7798E3}.Debug|Any CPU.ActiveCfg = Debug|Any CPU
		{E68CCE4C-0215-4689-8473-0E4BFF7798E3}.Debug|Any CPU.Build.0 = Debug|Any CPU
		{E68CCE4C-0215-4689-8473-0E4BFF7798E3}.Debug|Any CPU.Deploy.0 = Debug|Any CPU
		{E68CCE4C-0215-4689-8473-0E4BFF7798E3}.Debug|ARM.ActiveCfg = Debug|Any CPU
		{E68CCE4C-0215-4689-8473-0E4BFF7798E3}.Debug|ARM.Build.0 = Debug|Any CPU
		{E68CCE4C-0215-4689-8473-0E4BFF7798E3}.Debug|ARM.Deploy.0 = Debug|Any CPU
		{E68CCE4C-0215-4689-8473-0E4BFF7798E3}.Debug|iPhone.ActiveCfg = Debug|Any CPU
		{E68CCE4C-0215-4689-8473-0E4BFF7798E3}.Debug|iPhone.Build.0 = Debug|Any CPU
		{E68CCE4C-0215-4689-8473-0E4BFF7798E3}.Debug|iPhone.Deploy.0 = Debug|Any CPU
		{E68CCE4C-0215-4689-8473-0E4BFF7798E3}.Debug|iPhoneSimulator.ActiveCfg = Debug|Any CPU
		{E68CCE4C-0215-4689-8473-0E4BFF7798E3}.Debug|iPhoneSimulator.Build.0 = Debug|Any CPU
		{E68CCE4C-0215-4689-8473-0E4BFF7798E3}.Debug|iPhoneSimulator.Deploy.0 = Debug|Any CPU
		{E68CCE4C-0215-4689-8473-0E4BFF7798E3}.Debug|x64.ActiveCfg = Debug|Any CPU
		{E68CCE4C-0215-4689-8473-0E4BFF7798E3}.Debug|x64.Build.0 = Debug|Any CPU
		{E68CCE4C-0215-4689-8473-0E4BFF7798E3}.Debug|x64.Deploy.0 = Debug|Any CPU
		{E68CCE4C-0215-4689-8473-0E4BFF7798E3}.Debug|x86.ActiveCfg = Debug|Any CPU
		{E68CCE4C-0215-4689-8473-0E4BFF7798E3}.Debug|x86.Build.0 = Debug|Any CPU
		{E68CCE4C-0215-4689-8473-0E4BFF7798E3}.Debug|x86.Deploy.0 = Debug|Any CPU
		{E68CCE4C-0215-4689-8473-0E4BFF7798E3}.Release|Any CPU.ActiveCfg = Release|Any CPU
		{E68CCE4C-0215-4689-8473-0E4BFF7798E3}.Release|Any CPU.Build.0 = Release|Any CPU
		{E68CCE4C-0215-4689-8473-0E4BFF7798E3}.Release|Any CPU.Deploy.0 = Release|Any CPU
		{E68CCE4C-0215-4689-8473-0E4BFF7798E3}.Release|ARM.ActiveCfg = Release|Any CPU
		{E68CCE4C-0215-4689-8473-0E4BFF7798E3}.Release|ARM.Build.0 = Release|Any CPU
		{E68CCE4C-0215-4689-8473-0E4BFF7798E3}.Release|ARM.Deploy.0 = Release|Any CPU
		{E68CCE4C-0215-4689-8473-0E4BFF7798E3}.Release|iPhone.ActiveCfg = Release|Any CPU
		{E68CCE4C-0215-4689-8473-0E4BFF7798E3}.Release|iPhone.Build.0 = Release|Any CPU
		{E68CCE4C-0215-4689-8473-0E4BFF7798E3}.Release|iPhone.Deploy.0 = Release|Any CPU
		{E68CCE4C-0215-4689-8473-0E4BFF7798E3}.Release|iPhoneSimulator.ActiveCfg = Release|Any CPU
		{E68CCE4C-0215-4689-8473-0E4BFF7798E3}.Release|iPhoneSimulator.Build.0 = Release|Any CPU
		{E68CCE4C-0215-4689-8473-0E4BFF7798E3}.Release|iPhoneSimulator.Deploy.0 = Release|Any CPU
		{E68CCE4C-0215-4689-8473-0E4BFF7798E3}.Release|x64.ActiveCfg = Release|Any CPU
		{E68CCE4C-0215-4689-8473-0E4BFF7798E3}.Release|x64.Build.0 = Release|Any CPU
		{E68CCE4C-0215-4689-8473-0E4BFF7798E3}.Release|x64.Deploy.0 = Release|Any CPU
		{E68CCE4C-0215-4689-8473-0E4BFF7798E3}.Release|x86.ActiveCfg = Release|Any CPU
		{E68CCE4C-0215-4689-8473-0E4BFF7798E3}.Release|x86.Build.0 = Release|Any CPU
		{E68CCE4C-0215-4689-8473-0E4BFF7798E3}.Release|x86.Deploy.0 = Release|Any CPU
		{CDDEE86A-B42E-4F3E-B2EC-9126625C771A}.Ad-Hoc|Any CPU.ActiveCfg = Debug|ARM
		{CDDEE86A-B42E-4F3E-B2EC-9126625C771A}.Ad-Hoc|Any CPU.Build.0 = Debug|ARM
		{CDDEE86A-B42E-4F3E-B2EC-9126625C771A}.Ad-Hoc|ARM.ActiveCfg = Debug|ARM
		{CDDEE86A-B42E-4F3E-B2EC-9126625C771A}.Ad-Hoc|ARM.Build.0 = Debug|ARM
		{CDDEE86A-B42E-4F3E-B2EC-9126625C771A}.Ad-Hoc|iPhone.ActiveCfg = Debug|ARM
		{CDDEE86A-B42E-4F3E-B2EC-9126625C771A}.Ad-Hoc|iPhone.Build.0 = Debug|ARM
		{CDDEE86A-B42E-4F3E-B2EC-9126625C771A}.Ad-Hoc|iPhoneSimulator.ActiveCfg = Debug|ARM
		{CDDEE86A-B42E-4F3E-B2EC-9126625C771A}.Ad-Hoc|iPhoneSimulator.Build.0 = Debug|ARM
		{CDDEE86A-B42E-4F3E-B2EC-9126625C771A}.Ad-Hoc|x64.ActiveCfg = Debug|x64
		{CDDEE86A-B42E-4F3E-B2EC-9126625C771A}.Ad-Hoc|x64.Build.0 = Debug|x64
		{CDDEE86A-B42E-4F3E-B2EC-9126625C771A}.Ad-Hoc|x86.ActiveCfg = Debug|x86
		{CDDEE86A-B42E-4F3E-B2EC-9126625C771A}.Ad-Hoc|x86.Build.0 = Debug|x86
		{CDDEE86A-B42E-4F3E-B2EC-9126625C771A}.AppStore|Any CPU.ActiveCfg = Debug|ARM
		{CDDEE86A-B42E-4F3E-B2EC-9126625C771A}.AppStore|Any CPU.Build.0 = Debug|ARM
		{CDDEE86A-B42E-4F3E-B2EC-9126625C771A}.AppStore|ARM.ActiveCfg = Debug|ARM
		{CDDEE86A-B42E-4F3E-B2EC-9126625C771A}.AppStore|ARM.Build.0 = Debug|ARM
		{CDDEE86A-B42E-4F3E-B2EC-9126625C771A}.AppStore|iPhone.ActiveCfg = Debug|ARM
		{CDDEE86A-B42E-4F3E-B2EC-9126625C771A}.AppStore|iPhone.Build.0 = Debug|ARM
		{CDDEE86A-B42E-4F3E-B2EC-9126625C771A}.AppStore|iPhoneSimulator.ActiveCfg = Debug|ARM
		{CDDEE86A-B42E-4F3E-B2EC-9126625C771A}.AppStore|iPhoneSimulator.Build.0 = Debug|ARM
		{CDDEE86A-B42E-4F3E-B2EC-9126625C771A}.AppStore|x64.ActiveCfg = Debug|x64
		{CDDEE86A-B42E-4F3E-B2EC-9126625C771A}.AppStore|x64.Build.0 = Debug|x64
		{CDDEE86A-B42E-4F3E-B2EC-9126625C771A}.AppStore|x86.ActiveCfg = Debug|x86
		{CDDEE86A-B42E-4F3E-B2EC-9126625C771A}.AppStore|x86.Build.0 = Debug|x86
		{CDDEE86A-B42E-4F3E-B2EC-9126625C771A}.Debug|Any CPU.ActiveCfg = Debug|ARM
		{CDDEE86A-B42E-4F3E-B2EC-9126625C771A}.Debug|Any CPU.Build.0 = Debug|ARM
		{CDDEE86A-B42E-4F3E-B2EC-9126625C771A}.Debug|ARM.ActiveCfg = Debug|ARM
		{CDDEE86A-B42E-4F3E-B2EC-9126625C771A}.Debug|ARM.Build.0 = Debug|ARM
		{CDDEE86A-B42E-4F3E-B2EC-9126625C771A}.Debug|iPhone.ActiveCfg = Debug|ARM
		{CDDEE86A-B42E-4F3E-B2EC-9126625C771A}.Debug|iPhone.Build.0 = Debug|ARM
		{CDDEE86A-B42E-4F3E-B2EC-9126625C771A}.Debug|iPhoneSimulator.ActiveCfg = Debug|ARM
		{CDDEE86A-B42E-4F3E-B2EC-9126625C771A}.Debug|iPhoneSimulator.Build.0 = Debug|ARM
		{CDDEE86A-B42E-4F3E-B2EC-9126625C771A}.Debug|x64.ActiveCfg = Debug|x64
		{CDDEE86A-B42E-4F3E-B2EC-9126625C771A}.Debug|x64.Build.0 = Debug|x64
		{CDDEE86A-B42E-4F3E-B2EC-9126625C771A}.Debug|x86.ActiveCfg = Debug|x86
		{CDDEE86A-B42E-4F3E-B2EC-9126625C771A}.Debug|x86.Build.0 = Debug|x86
		{CDDEE86A-B42E-4F3E-B2EC-9126625C771A}.Release|Any CPU.ActiveCfg = Release|ARM
		{CDDEE86A-B42E-4F3E-B2EC-9126625C771A}.Release|Any CPU.Build.0 = Release|ARM
		{CDDEE86A-B42E-4F3E-B2EC-9126625C771A}.Release|ARM.ActiveCfg = Release|ARM
		{CDDEE86A-B42E-4F3E-B2EC-9126625C771A}.Release|ARM.Build.0 = Release|ARM
		{CDDEE86A-B42E-4F3E-B2EC-9126625C771A}.Release|iPhone.ActiveCfg = Release|ARM
		{CDDEE86A-B42E-4F3E-B2EC-9126625C771A}.Release|iPhone.Build.0 = Release|ARM
		{CDDEE86A-B42E-4F3E-B2EC-9126625C771A}.Release|iPhoneSimulator.ActiveCfg = Release|ARM
		{CDDEE86A-B42E-4F3E-B2EC-9126625C771A}.Release|iPhoneSimulator.Build.0 = Release|ARM
		{CDDEE86A-B42E-4F3E-B2EC-9126625C771A}.Release|x64.ActiveCfg = Release|x64
		{CDDEE86A-B42E-4F3E-B2EC-9126625C771A}.Release|x64.Build.0 = Release|x64
		{CDDEE86A-B42E-4F3E-B2EC-9126625C771A}.Release|x86.ActiveCfg = Release|x86
		{CDDEE86A-B42E-4F3E-B2EC-9126625C771A}.Release|x86.Build.0 = Release|x86
	EndGlobalSection
	GlobalSection(SolutionProperties) = preSolution
		HideSolutionNode = FALSE
	EndGlobalSection
	GlobalSection(ExtensibilityGlobals) = postSolution
		SolutionGuid = {397A194B-3B9A-43B3-8124-4AD9F13485BB}
	EndGlobalSection
EndGlobal
