
Microsoft Visual Studio Solution File, Format Version 12.00
# Visual Studio 14
VisualStudioVersion = 14.0.25420.1
MinimumVisualStudioVersion = 10.0.40219.1
Project("{FAE04EC0-301F-11D3-BF4B-00C04F79EFBC}") = "League", "League\League\League.csproj", "{B102DD8C-A0F5-4A32-9A0E-4580F13F914A}"
EndProject
Project("{FAE04EC0-301F-11D3-BF4B-00C04F79EFBC}") = "League.Droid", "League\League.Droid\League.Droid.csproj", "{5461F594-8F67-4F6D-8E49-3C82471D9066}"
EndProject
Project("{FAE04EC0-301F-11D3-BF4B-00C04F79EFBC}") = "League.WinPhone", "League\League.WinPhone\League.WinPhone.csproj", "{D3F07FAB-ED30-430F-8DB4-41A8E7A47A13}"
EndProject
Project("{FAE04EC0-301F-11D3-BF4B-00C04F79EFBC}") = "League.UWP", "League\League.UWP\League.UWP.csproj", "{4734B323-0A71-486D-B8E2-ACEA19CAB508}"
EndProject
Project("{FAE04EC0-301F-11D3-BF4B-00C04F79EFBC}") = "League.Windows", "League\League.Windows\League.Windows.csproj", "{C155B34D-5D58-4F70-8979-666B9E5C3D5D}"
EndProject
Project("{FAE04EC0-301F-11D3-BF4B-00C04F79EFBC}") = "League.Tests", "League.Tests\League.Tests.csproj", "{27375A4D-3D4A-43BE-8D2A-2E7928F07237}"
EndProject
Global
	GlobalSection(SolutionConfigurationPlatforms) = preSolution
		Ad-Hoc|Any CPU = Ad-Hoc|Any CPU
		Ad-Hoc|ARM = Ad-Hoc|ARM
		Ad-Hoc|iPhone = Ad-Hoc|iPhone
		Ad-Hoc|iPhoneSimulator = Ad-Hoc|iPhoneSimulator
		Ad-Hoc|x64 = Ad-Hoc|x64
		Ad-Hoc|x86 = Ad-Hoc|x86
		AppStore|Any CPU = AppStore|Any CPU
		AppStore|ARM = AppStore|ARM
		AppStore|iPhone = AppStore|iPhone
		AppStore|iPhoneSimulator = AppStore|iPhoneSimulator
		AppStore|x64 = AppStore|x64
		AppStore|x86 = AppStore|x86
		Debug|Any CPU = Debug|Any CPU
		Debug|ARM = Debug|ARM
		Debug|iPhone = Debug|iPhone
		Debug|iPhoneSimulator = Debug|iPhoneSimulator
		Debug|x64 = Debug|x64
		Debug|x86 = Debug|x86
		Release|Any CPU = Release|Any CPU
		Release|ARM = Release|ARM
		Release|iPhone = Release|iPhone
		Release|iPhoneSimulator = Release|iPhoneSimulator
		Release|x64 = Release|x64
		Release|x86 = Release|x86
	EndGlobalSection
	GlobalSection(ProjectConfigurationPlatforms) = postSolution
		{B102DD8C-A0F5-4A32-9A0E-4580F13F914A}.Ad-Hoc|Any CPU.ActiveCfg = Release|Any CPU
		{B102DD8C-A0F5-4A32-9A0E-4580F13F914A}.Ad-Hoc|Any CPU.Build.0 = Release|Any CPU
		{B102DD8C-A0F5-4A32-9A0E-4580F13F914A}.Ad-Hoc|ARM.ActiveCfg = Release|Any CPU
		{B102DD8C-A0F5-4A32-9A0E-4580F13F914A}.Ad-Hoc|ARM.Build.0 = Release|Any CPU
		{B102DD8C-A0F5-4A32-9A0E-4580F13F914A}.Ad-Hoc|iPhone.ActiveCfg = Release|Any CPU
		{B102DD8C-A0F5-4A32-9A0E-4580F13F914A}.Ad-Hoc|iPhone.Build.0 = Release|Any CPU
		{B102DD8C-A0F5-4A32-9A0E-4580F13F914A}.Ad-Hoc|iPhoneSimulator.ActiveCfg = Release|Any CPU
		{B102DD8C-A0F5-4A32-9A0E-4580F13F914A}.Ad-Hoc|iPhoneSimulator.Build.0 = Release|Any CPU
		{B102DD8C-A0F5-4A32-9A0E-4580F13F914A}.Ad-Hoc|x64.ActiveCfg = Release|Any CPU
		{B102DD8C-A0F5-4A32-9A0E-4580F13F914A}.Ad-Hoc|x64.Build.0 = Release|Any CPU
		{B102DD8C-A0F5-4A32-9A0E-4580F13F914A}.Ad-Hoc|x86.ActiveCfg = Release|Any CPU
		{B102DD8C-A0F5-4A32-9A0E-4580F13F914A}.Ad-Hoc|x86.Build.0 = Release|Any CPU
		{B102DD8C-A0F5-4A32-9A0E-4580F13F914A}.AppStore|Any CPU.ActiveCfg = Release|Any CPU
		{B102DD8C-A0F5-4A32-9A0E-4580F13F914A}.AppStore|Any CPU.Build.0 = Release|Any CPU
		{B102DD8C-A0F5-4A32-9A0E-4580F13F914A}.AppStore|ARM.ActiveCfg = Release|Any CPU
		{B102DD8C-A0F5-4A32-9A0E-4580F13F914A}.AppStore|ARM.Build.0 = Release|Any CPU
		{B102DD8C-A0F5-4A32-9A0E-4580F13F914A}.AppStore|iPhone.ActiveCfg = Release|Any CPU
		{B102DD8C-A0F5-4A32-9A0E-4580F13F914A}.AppStore|iPhone.Build.0 = Release|Any CPU
		{B102DD8C-A0F5-4A32-9A0E-4580F13F914A}.AppStore|iPhoneSimulator.ActiveCfg = Release|Any CPU
		{B102DD8C-A0F5-4A32-9A0E-4580F13F914A}.AppStore|iPhoneSimulator.Build.0 = Release|Any CPU
		{B102DD8C-A0F5-4A32-9A0E-4580F13F914A}.AppStore|x64.ActiveCfg = Release|Any CPU
		{B102DD8C-A0F5-4A32-9A0E-4580F13F914A}.AppStore|x64.Build.0 = Release|Any CPU
		{B102DD8C-A0F5-4A32-9A0E-4580F13F914A}.AppStore|x86.ActiveCfg = Release|Any CPU
		{B102DD8C-A0F5-4A32-9A0E-4580F13F914A}.AppStore|x86.Build.0 = Release|Any CPU
		{B102DD8C-A0F5-4A32-9A0E-4580F13F914A}.Debug|Any CPU.ActiveCfg = Debug|Any CPU
		{B102DD8C-A0F5-4A32-9A0E-4580F13F914A}.Debug|Any CPU.Build.0 = Debug|Any CPU
		{B102DD8C-A0F5-4A32-9A0E-4580F13F914A}.Debug|ARM.ActiveCfg = Debug|Any CPU
		{B102DD8C-A0F5-4A32-9A0E-4580F13F914A}.Debug|ARM.Build.0 = Debug|Any CPU
		{B102DD8C-A0F5-4A32-9A0E-4580F13F914A}.Debug|iPhone.ActiveCfg = Debug|Any CPU
		{B102DD8C-A0F5-4A32-9A0E-4580F13F914A}.Debug|iPhone.Build.0 = Debug|Any CPU
		{B102DD8C-A0F5-4A32-9A0E-4580F13F914A}.Debug|iPhoneSimulator.ActiveCfg = Debug|Any CPU
		{B102DD8C-A0F5-4A32-9A0E-4580F13F914A}.Debug|iPhoneSimulator.Build.0 = Debug|Any CPU
		{B102DD8C-A0F5-4A32-9A0E-4580F13F914A}.Debug|x64.ActiveCfg = Debug|Any CPU
		{B102DD8C-A0F5-4A32-9A0E-4580F13F914A}.Debug|x64.Build.0 = Debug|Any CPU
		{B102DD8C-A0F5-4A32-9A0E-4580F13F914A}.Debug|x86.ActiveCfg = Debug|Any CPU
		{B102DD8C-A0F5-4A32-9A0E-4580F13F914A}.Debug|x86.Build.0 = Debug|Any CPU
		{B102DD8C-A0F5-4A32-9A0E-4580F13F914A}.Release|Any CPU.ActiveCfg = Release|Any CPU
		{B102DD8C-A0F5-4A32-9A0E-4580F13F914A}.Release|Any CPU.Build.0 = Release|Any CPU
		{B102DD8C-A0F5-4A32-9A0E-4580F13F914A}.Release|ARM.ActiveCfg = Release|Any CPU
		{B102DD8C-A0F5-4A32-9A0E-4580F13F914A}.Release|ARM.Build.0 = Release|Any CPU
		{B102DD8C-A0F5-4A32-9A0E-4580F13F914A}.Release|iPhone.ActiveCfg = Release|Any CPU
		{B102DD8C-A0F5-4A32-9A0E-4580F13F914A}.Release|iPhone.Build.0 = Release|Any CPU
		{B102DD8C-A0F5-4A32-9A0E-4580F13F914A}.Release|iPhoneSimulator.ActiveCfg = Release|Any CPU
		{B102DD8C-A0F5-4A32-9A0E-4580F13F914A}.Release|iPhoneSimulator.Build.0 = Release|Any CPU
		{B102DD8C-A0F5-4A32-9A0E-4580F13F914A}.Release|x64.ActiveCfg = Release|Any CPU
		{B102DD8C-A0F5-4A32-9A0E-4580F13F914A}.Release|x64.Build.0 = Release|Any CPU
		{B102DD8C-A0F5-4A32-9A0E-4580F13F914A}.Release|x86.ActiveCfg = Release|Any CPU
		{B102DD8C-A0F5-4A32-9A0E-4580F13F914A}.Release|x86.Build.0 = Release|Any CPU
		{5461F594-8F67-4F6D-8E49-3C82471D9066}.Ad-Hoc|Any CPU.ActiveCfg = Release|Any CPU
		{5461F594-8F67-4F6D-8E49-3C82471D9066}.Ad-Hoc|Any CPU.Build.0 = Release|Any CPU
		{5461F594-8F67-4F6D-8E49-3C82471D9066}.Ad-Hoc|Any CPU.Deploy.0 = Release|Any CPU
		{5461F594-8F67-4F6D-8E49-3C82471D9066}.Ad-Hoc|ARM.ActiveCfg = Release|Any CPU
		{5461F594-8F67-4F6D-8E49-3C82471D9066}.Ad-Hoc|ARM.Build.0 = Release|Any CPU
		{5461F594-8F67-4F6D-8E49-3C82471D9066}.Ad-Hoc|ARM.Deploy.0 = Release|Any CPU
		{5461F594-8F67-4F6D-8E49-3C82471D9066}.Ad-Hoc|iPhone.ActiveCfg = Release|Any CPU
		{5461F594-8F67-4F6D-8E49-3C82471D9066}.Ad-Hoc|iPhone.Build.0 = Release|Any CPU
		{5461F594-8F67-4F6D-8E49-3C82471D9066}.Ad-Hoc|iPhone.Deploy.0 = Release|Any CPU
		{5461F594-8F67-4F6D-8E49-3C82471D9066}.Ad-Hoc|iPhoneSimulator.ActiveCfg = Release|Any CPU
		{5461F594-8F67-4F6D-8E49-3C82471D9066}.Ad-Hoc|iPhoneSimulator.Build.0 = Release|Any CPU
		{5461F594-8F67-4F6D-8E49-3C82471D9066}.Ad-Hoc|iPhoneSimulator.Deploy.0 = Release|Any CPU
		{5461F594-8F67-4F6D-8E49-3C82471D9066}.Ad-Hoc|x64.ActiveCfg = Release|Any CPU
		{5461F594-8F67-4F6D-8E49-3C82471D9066}.Ad-Hoc|x64.Build.0 = Release|Any CPU
		{5461F594-8F67-4F6D-8E49-3C82471D9066}.Ad-Hoc|x64.Deploy.0 = Release|Any CPU
		{5461F594-8F67-4F6D-8E49-3C82471D9066}.Ad-Hoc|x86.ActiveCfg = Release|Any CPU
		{5461F594-8F67-4F6D-8E49-3C82471D9066}.Ad-Hoc|x86.Build.0 = Release|Any CPU
		{5461F594-8F67-4F6D-8E49-3C82471D9066}.Ad-Hoc|x86.Deploy.0 = Release|Any CPU
		{5461F594-8F67-4F6D-8E49-3C82471D9066}.AppStore|Any CPU.ActiveCfg = Release|Any CPU
		{5461F594-8F67-4F6D-8E49-3C82471D9066}.AppStore|Any CPU.Build.0 = Release|Any CPU
		{5461F594-8F67-4F6D-8E49-3C82471D9066}.AppStore|Any CPU.Deploy.0 = Release|Any CPU
		{5461F594-8F67-4F6D-8E49-3C82471D9066}.AppStore|ARM.ActiveCfg = Release|Any CPU
		{5461F594-8F67-4F6D-8E49-3C82471D9066}.AppStore|ARM.Build.0 = Release|Any CPU
		{5461F594-8F67-4F6D-8E49-3C82471D9066}.AppStore|ARM.Deploy.0 = Release|Any CPU
		{5461F594-8F67-4F6D-8E49-3C82471D9066}.AppStore|iPhone.ActiveCfg = Release|Any CPU
		{5461F594-8F67-4F6D-8E49-3C82471D9066}.AppStore|iPhone.Build.0 = Release|Any CPU
		{5461F594-8F67-4F6D-8E49-3C82471D9066}.AppStore|iPhone.Deploy.0 = Release|Any CPU
		{5461F594-8F67-4F6D-8E49-3C82471D9066}.AppStore|iPhoneSimulator.ActiveCfg = Release|Any CPU
		{5461F594-8F67-4F6D-8E49-3C82471D9066}.AppStore|iPhoneSimulator.Build.0 = Release|Any CPU
		{5461F594-8F67-4F6D-8E49-3C82471D9066}.AppStore|iPhoneSimulator.Deploy.0 = Release|Any CPU
		{5461F594-8F67-4F6D-8E49-3C82471D9066}.AppStore|x64.ActiveCfg = Release|Any CPU
		{5461F594-8F67-4F6D-8E49-3C82471D9066}.AppStore|x64.Build.0 = Release|Any CPU
		{5461F594-8F67-4F6D-8E49-3C82471D9066}.AppStore|x64.Deploy.0 = Release|Any CPU
		{5461F594-8F67-4F6D-8E49-3C82471D9066}.AppStore|x86.ActiveCfg = Release|Any CPU
		{5461F594-8F67-4F6D-8E49-3C82471D9066}.AppStore|x86.Build.0 = Release|Any CPU
		{5461F594-8F67-4F6D-8E49-3C82471D9066}.AppStore|x86.Deploy.0 = Release|Any CPU
		{5461F594-8F67-4F6D-8E49-3C82471D9066}.Debug|Any CPU.ActiveCfg = Debug|Any CPU
		{5461F594-8F67-4F6D-8E49-3C82471D9066}.Debug|Any CPU.Build.0 = Debug|Any CPU
		{5461F594-8F67-4F6D-8E49-3C82471D9066}.Debug|Any CPU.Deploy.0 = Debug|Any CPU
		{5461F594-8F67-4F6D-8E49-3C82471D9066}.Debug|ARM.ActiveCfg = Debug|Any CPU
		{5461F594-8F67-4F6D-8E49-3C82471D9066}.Debug|ARM.Build.0 = Debug|Any CPU
		{5461F594-8F67-4F6D-8E49-3C82471D9066}.Debug|ARM.Deploy.0 = Debug|Any CPU
		{5461F594-8F67-4F6D-8E49-3C82471D9066}.Debug|iPhone.ActiveCfg = Debug|Any CPU
		{5461F594-8F67-4F6D-8E49-3C82471D9066}.Debug|iPhone.Build.0 = Debug|Any CPU
		{5461F594-8F67-4F6D-8E49-3C82471D9066}.Debug|iPhone.Deploy.0 = Debug|Any CPU
		{5461F594-8F67-4F6D-8E49-3C82471D9066}.Debug|iPhoneSimulator.ActiveCfg = Debug|Any CPU
		{5461F594-8F67-4F6D-8E49-3C82471D9066}.Debug|iPhoneSimulator.Build.0 = Debug|Any CPU
		{5461F594-8F67-4F6D-8E49-3C82471D9066}.Debug|iPhoneSimulator.Deploy.0 = Debug|Any CPU
		{5461F594-8F67-4F6D-8E49-3C82471D9066}.Debug|x64.ActiveCfg = Debug|Any CPU
		{5461F594-8F67-4F6D-8E49-3C82471D9066}.Debug|x64.Build.0 = Debug|Any CPU
		{5461F594-8F67-4F6D-8E49-3C82471D9066}.Debug|x64.Deploy.0 = Debug|Any CPU
		{5461F594-8F67-4F6D-8E49-3C82471D9066}.Debug|x86.ActiveCfg = Debug|Any CPU
		{5461F594-8F67-4F6D-8E49-3C82471D9066}.Debug|x86.Build.0 = Debug|Any CPU
		{5461F594-8F67-4F6D-8E49-3C82471D9066}.Debug|x86.Deploy.0 = Debug|Any CPU
		{5461F594-8F67-4F6D-8E49-3C82471D9066}.Release|Any CPU.ActiveCfg = Release|Any CPU
		{5461F594-8F67-4F6D-8E49-3C82471D9066}.Release|Any CPU.Build.0 = Release|Any CPU
		{5461F594-8F67-4F6D-8E49-3C82471D9066}.Release|Any CPU.Deploy.0 = Release|Any CPU
		{5461F594-8F67-4F6D-8E49-3C82471D9066}.Release|ARM.ActiveCfg = Release|Any CPU
		{5461F594-8F67-4F6D-8E49-3C82471D9066}.Release|ARM.Build.0 = Release|Any CPU
		{5461F594-8F67-4F6D-8E49-3C82471D9066}.Release|ARM.Deploy.0 = Release|Any CPU
		{5461F594-8F67-4F6D-8E49-3C82471D9066}.Release|iPhone.ActiveCfg = Release|Any CPU
		{5461F594-8F67-4F6D-8E49-3C82471D9066}.Release|iPhone.Build.0 = Release|Any CPU
		{5461F594-8F67-4F6D-8E49-3C82471D9066}.Release|iPhone.Deploy.0 = Release|Any CPU
		{5461F594-8F67-4F6D-8E49-3C82471D9066}.Release|iPhoneSimulator.ActiveCfg = Release|Any CPU
		{5461F594-8F67-4F6D-8E49-3C82471D9066}.Release|iPhoneSimulator.Build.0 = Release|Any CPU
		{5461F594-8F67-4F6D-8E49-3C82471D9066}.Release|iPhoneSimulator.Deploy.0 = Release|Any CPU
		{5461F594-8F67-4F6D-8E49-3C82471D9066}.Release|x64.ActiveCfg = Release|Any CPU
		{5461F594-8F67-4F6D-8E49-3C82471D9066}.Release|x64.Build.0 = Release|Any CPU
		{5461F594-8F67-4F6D-8E49-3C82471D9066}.Release|x64.Deploy.0 = Release|Any CPU
		{5461F594-8F67-4F6D-8E49-3C82471D9066}.Release|x86.ActiveCfg = Release|Any CPU
		{5461F594-8F67-4F6D-8E49-3C82471D9066}.Release|x86.Build.0 = Release|Any CPU
		{5461F594-8F67-4F6D-8E49-3C82471D9066}.Release|x86.Deploy.0 = Release|Any CPU
		{D3F07FAB-ED30-430F-8DB4-41A8E7A47A13}.Ad-Hoc|Any CPU.ActiveCfg = Release|Any CPU
		{D3F07FAB-ED30-430F-8DB4-41A8E7A47A13}.Ad-Hoc|Any CPU.Build.0 = Release|Any CPU
		{D3F07FAB-ED30-430F-8DB4-41A8E7A47A13}.Ad-Hoc|Any CPU.Deploy.0 = Release|Any CPU
		{D3F07FAB-ED30-430F-8DB4-41A8E7A47A13}.Ad-Hoc|ARM.ActiveCfg = Release|ARM
		{D3F07FAB-ED30-430F-8DB4-41A8E7A47A13}.Ad-Hoc|ARM.Build.0 = Release|ARM
		{D3F07FAB-ED30-430F-8DB4-41A8E7A47A13}.Ad-Hoc|ARM.Deploy.0 = Release|ARM
		{D3F07FAB-ED30-430F-8DB4-41A8E7A47A13}.Ad-Hoc|iPhone.ActiveCfg = Release|Any CPU
		{D3F07FAB-ED30-430F-8DB4-41A8E7A47A13}.Ad-Hoc|iPhone.Build.0 = Release|Any CPU
		{D3F07FAB-ED30-430F-8DB4-41A8E7A47A13}.Ad-Hoc|iPhone.Deploy.0 = Release|Any CPU
		{D3F07FAB-ED30-430F-8DB4-41A8E7A47A13}.Ad-Hoc|iPhoneSimulator.ActiveCfg = Release|Any CPU
		{D3F07FAB-ED30-430F-8DB4-41A8E7A47A13}.Ad-Hoc|iPhoneSimulator.Build.0 = Release|Any CPU
		{D3F07FAB-ED30-430F-8DB4-41A8E7A47A13}.Ad-Hoc|iPhoneSimulator.Deploy.0 = Release|Any CPU
		{D3F07FAB-ED30-430F-8DB4-41A8E7A47A13}.Ad-Hoc|x64.ActiveCfg = Release|Any CPU
		{D3F07FAB-ED30-430F-8DB4-41A8E7A47A13}.Ad-Hoc|x64.Build.0 = Release|Any CPU
		{D3F07FAB-ED30-430F-8DB4-41A8E7A47A13}.Ad-Hoc|x64.Deploy.0 = Release|Any CPU
		{D3F07FAB-ED30-430F-8DB4-41A8E7A47A13}.Ad-Hoc|x86.ActiveCfg = Release|x86
		{D3F07FAB-ED30-430F-8DB4-41A8E7A47A13}.Ad-Hoc|x86.Build.0 = Release|x86
		{D3F07FAB-ED30-430F-8DB4-41A8E7A47A13}.Ad-Hoc|x86.Deploy.0 = Release|x86
		{D3F07FAB-ED30-430F-8DB4-41A8E7A47A13}.AppStore|Any CPU.ActiveCfg = Release|Any CPU
		{D3F07FAB-ED30-430F-8DB4-41A8E7A47A13}.AppStore|Any CPU.Build.0 = Release|Any CPU
		{D3F07FAB-ED30-430F-8DB4-41A8E7A47A13}.AppStore|Any CPU.Deploy.0 = Release|Any CPU
		{D3F07FAB-ED30-430F-8DB4-41A8E7A47A13}.AppStore|ARM.ActiveCfg = Release|ARM
		{D3F07FAB-ED30-430F-8DB4-41A8E7A47A13}.AppStore|ARM.Build.0 = Release|ARM
		{D3F07FAB-ED30-430F-8DB4-41A8E7A47A13}.AppStore|ARM.Deploy.0 = Release|ARM
		{D3F07FAB-ED30-430F-8DB4-41A8E7A47A13}.AppStore|iPhone.ActiveCfg = Release|Any CPU
		{D3F07FAB-ED30-430F-8DB4-41A8E7A47A13}.AppStore|iPhone.Build.0 = Release|Any CPU
		{D3F07FAB-ED30-430F-8DB4-41A8E7A47A13}.AppStore|iPhone.Deploy.0 = Release|Any CPU
		{D3F07FAB-ED30-430F-8DB4-41A8E7A47A13}.AppStore|iPhoneSimulator.ActiveCfg = Release|Any CPU
		{D3F07FAB-ED30-430F-8DB4-41A8E7A47A13}.AppStore|iPhoneSimulator.Build.0 = Release|Any CPU
		{D3F07FAB-ED30-430F-8DB4-41A8E7A47A13}.AppStore|iPhoneSimulator.Deploy.0 = Release|Any CPU
		{D3F07FAB-ED30-430F-8DB4-41A8E7A47A13}.AppStore|x64.ActiveCfg = Release|Any CPU
		{D3F07FAB-ED30-430F-8DB4-41A8E7A47A13}.AppStore|x64.Build.0 = Release|Any CPU
		{D3F07FAB-ED30-430F-8DB4-41A8E7A47A13}.AppStore|x64.Deploy.0 = Release|Any CPU
		{D3F07FAB-ED30-430F-8DB4-41A8E7A47A13}.AppStore|x86.ActiveCfg = Release|x86
		{D3F07FAB-ED30-430F-8DB4-41A8E7A47A13}.AppStore|x86.Build.0 = Release|x86
		{D3F07FAB-ED30-430F-8DB4-41A8E7A47A13}.AppStore|x86.Deploy.0 = Release|x86
		{D3F07FAB-ED30-430F-8DB4-41A8E7A47A13}.Debug|Any CPU.ActiveCfg = Debug|Any CPU
		{D3F07FAB-ED30-430F-8DB4-41A8E7A47A13}.Debug|Any CPU.Build.0 = Debug|Any CPU
		{D3F07FAB-ED30-430F-8DB4-41A8E7A47A13}.Debug|Any CPU.Deploy.0 = Debug|Any CPU
		{D3F07FAB-ED30-430F-8DB4-41A8E7A47A13}.Debug|ARM.ActiveCfg = Debug|ARM
		{D3F07FAB-ED30-430F-8DB4-41A8E7A47A13}.Debug|ARM.Build.0 = Debug|ARM
		{D3F07FAB-ED30-430F-8DB4-41A8E7A47A13}.Debug|ARM.Deploy.0 = Debug|ARM
		{D3F07FAB-ED30-430F-8DB4-41A8E7A47A13}.Debug|iPhone.ActiveCfg = Debug|Any CPU
		{D3F07FAB-ED30-430F-8DB4-41A8E7A47A13}.Debug|iPhone.Build.0 = Debug|Any CPU
		{D3F07FAB-ED30-430F-8DB4-41A8E7A47A13}.Debug|iPhone.Deploy.0 = Debug|Any CPU
		{D3F07FAB-ED30-430F-8DB4-41A8E7A47A13}.Debug|iPhoneSimulator.ActiveCfg = Debug|Any CPU
		{D3F07FAB-ED30-430F-8DB4-41A8E7A47A13}.Debug|iPhoneSimulator.Build.0 = Debug|Any CPU
		{D3F07FAB-ED30-430F-8DB4-41A8E7A47A13}.Debug|iPhoneSimulator.Deploy.0 = Debug|Any CPU
		{D3F07FAB-ED30-430F-8DB4-41A8E7A47A13}.Debug|x64.ActiveCfg = Debug|Any CPU
		{D3F07FAB-ED30-430F-8DB4-41A8E7A47A13}.Debug|x64.Build.0 = Debug|Any CPU
		{D3F07FAB-ED30-430F-8DB4-41A8E7A47A13}.Debug|x64.Deploy.0 = Debug|Any CPU
		{D3F07FAB-ED30-430F-8DB4-41A8E7A47A13}.Debug|x86.ActiveCfg = Debug|x86
		{D3F07FAB-ED30-430F-8DB4-41A8E7A47A13}.Debug|x86.Build.0 = Debug|x86
		{D3F07FAB-ED30-430F-8DB4-41A8E7A47A13}.Debug|x86.Deploy.0 = Debug|x86
		{D3F07FAB-ED30-430F-8DB4-41A8E7A47A13}.Release|Any CPU.ActiveCfg = Release|Any CPU
		{D3F07FAB-ED30-430F-8DB4-41A8E7A47A13}.Release|Any CPU.Build.0 = Release|Any CPU
		{D3F07FAB-ED30-430F-8DB4-41A8E7A47A13}.Release|Any CPU.Deploy.0 = Release|Any CPU
		{D3F07FAB-ED30-430F-8DB4-41A8E7A47A13}.Release|ARM.ActiveCfg = Release|ARM
		{D3F07FAB-ED30-430F-8DB4-41A8E7A47A13}.Release|ARM.Build.0 = Release|ARM
		{D3F07FAB-ED30-430F-8DB4-41A8E7A47A13}.Release|ARM.Deploy.0 = Release|ARM
		{D3F07FAB-ED30-430F-8DB4-41A8E7A47A13}.Release|iPhone.ActiveCfg = Release|Any CPU
		{D3F07FAB-ED30-430F-8DB4-41A8E7A47A13}.Release|iPhone.Build.0 = Release|Any CPU
		{D3F07FAB-ED30-430F-8DB4-41A8E7A47A13}.Release|iPhone.Deploy.0 = Release|Any CPU
		{D3F07FAB-ED30-430F-8DB4-41A8E7A47A13}.Release|iPhoneSimulator.ActiveCfg = Release|Any CPU
		{D3F07FAB-ED30-430F-8DB4-41A8E7A47A13}.Release|iPhoneSimulator.Build.0 = Release|Any CPU
		{D3F07FAB-ED30-430F-8DB4-41A8E7A47A13}.Release|iPhoneSimulator.Deploy.0 = Release|Any CPU
		{D3F07FAB-ED30-430F-8DB4-41A8E7A47A13}.Release|x64.ActiveCfg = Release|Any CPU
		{D3F07FAB-ED30-430F-8DB4-41A8E7A47A13}.Release|x64.Build.0 = Release|Any CPU
		{D3F07FAB-ED30-430F-8DB4-41A8E7A47A13}.Release|x64.Deploy.0 = Release|Any CPU
		{D3F07FAB-ED30-430F-8DB4-41A8E7A47A13}.Release|x86.ActiveCfg = Release|x86
		{D3F07FAB-ED30-430F-8DB4-41A8E7A47A13}.Release|x86.Build.0 = Release|x86
		{D3F07FAB-ED30-430F-8DB4-41A8E7A47A13}.Release|x86.Deploy.0 = Release|x86
		{4734B323-0A71-486D-B8E2-ACEA19CAB508}.Ad-Hoc|Any CPU.ActiveCfg = Release|x86
		{4734B323-0A71-486D-B8E2-ACEA19CAB508}.Ad-Hoc|Any CPU.Build.0 = Release|x86
		{4734B323-0A71-486D-B8E2-ACEA19CAB508}.Ad-Hoc|Any CPU.Deploy.0 = Release|x86
		{4734B323-0A71-486D-B8E2-ACEA19CAB508}.Ad-Hoc|ARM.ActiveCfg = Release|ARM
		{4734B323-0A71-486D-B8E2-ACEA19CAB508}.Ad-Hoc|ARM.Build.0 = Release|ARM
		{4734B323-0A71-486D-B8E2-ACEA19CAB508}.Ad-Hoc|ARM.Deploy.0 = Release|ARM
		{4734B323-0A71-486D-B8E2-ACEA19CAB508}.Ad-Hoc|iPhone.ActiveCfg = Release|x86
		{4734B323-0A71-486D-B8E2-ACEA19CAB508}.Ad-Hoc|iPhone.Build.0 = Release|x86
		{4734B323-0A71-486D-B8E2-ACEA19CAB508}.Ad-Hoc|iPhone.Deploy.0 = Release|x86
		{4734B323-0A71-486D-B8E2-ACEA19CAB508}.Ad-Hoc|iPhoneSimulator.ActiveCfg = Release|x86
		{4734B323-0A71-486D-B8E2-ACEA19CAB508}.Ad-Hoc|iPhoneSimulator.Build.0 = Release|x86
		{4734B323-0A71-486D-B8E2-ACEA19CAB508}.Ad-Hoc|iPhoneSimulator.Deploy.0 = Release|x86
		{4734B323-0A71-486D-B8E2-ACEA19CAB508}.Ad-Hoc|x64.ActiveCfg = Release|x64
		{4734B323-0A71-486D-B8E2-ACEA19CAB508}.Ad-Hoc|x64.Build.0 = Release|x64
		{4734B323-0A71-486D-B8E2-ACEA19CAB508}.Ad-Hoc|x64.Deploy.0 = Release|x64
		{4734B323-0A71-486D-B8E2-ACEA19CAB508}.Ad-Hoc|x86.ActiveCfg = Release|x86
		{4734B323-0A71-486D-B8E2-ACEA19CAB508}.Ad-Hoc|x86.Build.0 = Release|x86
		{4734B323-0A71-486D-B8E2-ACEA19CAB508}.Ad-Hoc|x86.Deploy.0 = Release|x86
		{4734B323-0A71-486D-B8E2-ACEA19CAB508}.AppStore|Any CPU.ActiveCfg = Release|x86
		{4734B323-0A71-486D-B8E2-ACEA19CAB508}.AppStore|Any CPU.Build.0 = Release|x86
		{4734B323-0A71-486D-B8E2-ACEA19CAB508}.AppStore|Any CPU.Deploy.0 = Release|x86
		{4734B323-0A71-486D-B8E2-ACEA19CAB508}.AppStore|ARM.ActiveCfg = Release|ARM
		{4734B323-0A71-486D-B8E2-ACEA19CAB508}.AppStore|ARM.Build.0 = Release|ARM
		{4734B323-0A71-486D-B8E2-ACEA19CAB508}.AppStore|ARM.Deploy.0 = Release|ARM
		{4734B323-0A71-486D-B8E2-ACEA19CAB508}.AppStore|iPhone.ActiveCfg = Release|x86
		{4734B323-0A71-486D-B8E2-ACEA19CAB508}.AppStore|iPhone.Build.0 = Release|x86
		{4734B323-0A71-486D-B8E2-ACEA19CAB508}.AppStore|iPhone.Deploy.0 = Release|x86
		{4734B323-0A71-486D-B8E2-ACEA19CAB508}.AppStore|iPhoneSimulator.ActiveCfg = Release|x86
		{4734B323-0A71-486D-B8E2-ACEA19CAB508}.AppStore|iPhoneSimulator.Build.0 = Release|x86
		{4734B323-0A71-486D-B8E2-ACEA19CAB508}.AppStore|iPhoneSimulator.Deploy.0 = Release|x86
		{4734B323-0A71-486D-B8E2-ACEA19CAB508}.AppStore|x64.ActiveCfg = Release|x64
		{4734B323-0A71-486D-B8E2-ACEA19CAB508}.AppStore|x64.Build.0 = Release|x64
		{4734B323-0A71-486D-B8E2-ACEA19CAB508}.AppStore|x64.Deploy.0 = Release|x64
		{4734B323-0A71-486D-B8E2-ACEA19CAB508}.AppStore|x86.ActiveCfg = Release|x86
		{4734B323-0A71-486D-B8E2-ACEA19CAB508}.AppStore|x86.Build.0 = Release|x86
		{4734B323-0A71-486D-B8E2-ACEA19CAB508}.AppStore|x86.Deploy.0 = Release|x86
		{4734B323-0A71-486D-B8E2-ACEA19CAB508}.Debug|Any CPU.ActiveCfg = Debug|x86
		{4734B323-0A71-486D-B8E2-ACEA19CAB508}.Debug|ARM.ActiveCfg = Debug|ARM
		{4734B323-0A71-486D-B8E2-ACEA19CAB508}.Debug|ARM.Build.0 = Debug|ARM
		{4734B323-0A71-486D-B8E2-ACEA19CAB508}.Debug|ARM.Deploy.0 = Debug|ARM
		{4734B323-0A71-486D-B8E2-ACEA19CAB508}.Debug|iPhone.ActiveCfg = Debug|x86
		{4734B323-0A71-486D-B8E2-ACEA19CAB508}.Debug|iPhoneSimulator.ActiveCfg = Debug|x86
		{4734B323-0A71-486D-B8E2-ACEA19CAB508}.Debug|x64.ActiveCfg = Debug|x64
		{4734B323-0A71-486D-B8E2-ACEA19CAB508}.Debug|x64.Build.0 = Debug|x64
		{4734B323-0A71-486D-B8E2-ACEA19CAB508}.Debug|x64.Deploy.0 = Debug|x64
		{4734B323-0A71-486D-B8E2-ACEA19CAB508}.Debug|x86.ActiveCfg = Debug|x86
		{4734B323-0A71-486D-B8E2-ACEA19CAB508}.Debug|x86.Build.0 = Debug|x86
		{4734B323-0A71-486D-B8E2-ACEA19CAB508}.Debug|x86.Deploy.0 = Debug|x86
		{4734B323-0A71-486D-B8E2-ACEA19CAB508}.Release|Any CPU.ActiveCfg = Release|x86
		{4734B323-0A71-486D-B8E2-ACEA19CAB508}.Release|ARM.ActiveCfg = Release|ARM
		{4734B323-0A71-486D-B8E2-ACEA19CAB508}.Release|ARM.Build.0 = Release|ARM
		{4734B323-0A71-486D-B8E2-ACEA19CAB508}.Release|ARM.Deploy.0 = Release|ARM
		{4734B323-0A71-486D-B8E2-ACEA19CAB508}.Release|iPhone.ActiveCfg = Release|x86
		{4734B323-0A71-486D-B8E2-ACEA19CAB508}.Release|iPhoneSimulator.ActiveCfg = Release|x86
		{4734B323-0A71-486D-B8E2-ACEA19CAB508}.Release|x64.ActiveCfg = Release|x64
		{4734B323-0A71-486D-B8E2-ACEA19CAB508}.Release|x64.Build.0 = Release|x64
		{4734B323-0A71-486D-B8E2-ACEA19CAB508}.Release|x64.Deploy.0 = Release|x64
		{4734B323-0A71-486D-B8E2-ACEA19CAB508}.Release|x86.ActiveCfg = Release|x86
		{4734B323-0A71-486D-B8E2-ACEA19CAB508}.Release|x86.Build.0 = Release|x86
		{4734B323-0A71-486D-B8E2-ACEA19CAB508}.Release|x86.Deploy.0 = Release|x86
		{C155B34D-5D58-4F70-8979-666B9E5C3D5D}.Ad-Hoc|Any CPU.ActiveCfg = Release|Any CPU
		{C155B34D-5D58-4F70-8979-666B9E5C3D5D}.Ad-Hoc|Any CPU.Build.0 = Release|Any CPU
		{C155B34D-5D58-4F70-8979-666B9E5C3D5D}.Ad-Hoc|Any CPU.Deploy.0 = Release|Any CPU
		{C155B34D-5D58-4F70-8979-666B9E5C3D5D}.Ad-Hoc|ARM.ActiveCfg = Release|ARM
		{C155B34D-5D58-4F70-8979-666B9E5C3D5D}.Ad-Hoc|ARM.Build.0 = Release|ARM
		{C155B34D-5D58-4F70-8979-666B9E5C3D5D}.Ad-Hoc|ARM.Deploy.0 = Release|ARM
		{C155B34D-5D58-4F70-8979-666B9E5C3D5D}.Ad-Hoc|iPhone.ActiveCfg = Release|Any CPU
		{C155B34D-5D58-4F70-8979-666B9E5C3D5D}.Ad-Hoc|iPhone.Build.0 = Release|Any CPU
		{C155B34D-5D58-4F70-8979-666B9E5C3D5D}.Ad-Hoc|iPhone.Deploy.0 = Release|Any CPU
		{C155B34D-5D58-4F70-8979-666B9E5C3D5D}.Ad-Hoc|iPhoneSimulator.ActiveCfg = Release|Any CPU
		{C155B34D-5D58-4F70-8979-666B9E5C3D5D}.Ad-Hoc|iPhoneSimulator.Build.0 = Release|Any CPU
		{C155B34D-5D58-4F70-8979-666B9E5C3D5D}.Ad-Hoc|iPhoneSimulator.Deploy.0 = Release|Any CPU
		{C155B34D-5D58-4F70-8979-666B9E5C3D5D}.Ad-Hoc|x64.ActiveCfg = Release|x64
		{C155B34D-5D58-4F70-8979-666B9E5C3D5D}.Ad-Hoc|x64.Build.0 = Release|x64
		{C155B34D-5D58-4F70-8979-666B9E5C3D5D}.Ad-Hoc|x64.Deploy.0 = Release|x64
		{C155B34D-5D58-4F70-8979-666B9E5C3D5D}.Ad-Hoc|x86.ActiveCfg = Release|x86
		{C155B34D-5D58-4F70-8979-666B9E5C3D5D}.Ad-Hoc|x86.Build.0 = Release|x86
		{C155B34D-5D58-4F70-8979-666B9E5C3D5D}.Ad-Hoc|x86.Deploy.0 = Release|x86
		{C155B34D-5D58-4F70-8979-666B9E5C3D5D}.AppStore|Any CPU.ActiveCfg = Release|Any CPU
		{C155B34D-5D58-4F70-8979-666B9E5C3D5D}.AppStore|Any CPU.Build.0 = Release|Any CPU
		{C155B34D-5D58-4F70-8979-666B9E5C3D5D}.AppStore|Any CPU.Deploy.0 = Release|Any CPU
		{C155B34D-5D58-4F70-8979-666B9E5C3D5D}.AppStore|ARM.ActiveCfg = Release|ARM
		{C155B34D-5D58-4F70-8979-666B9E5C3D5D}.AppStore|ARM.Build.0 = Release|ARM
		{C155B34D-5D58-4F70-8979-666B9E5C3D5D}.AppStore|ARM.Deploy.0 = Release|ARM
		{C155B34D-5D58-4F70-8979-666B9E5C3D5D}.AppStore|iPhone.ActiveCfg = Release|Any CPU
		{C155B34D-5D58-4F70-8979-666B9E5C3D5D}.AppStore|iPhone.Build.0 = Release|Any CPU
		{C155B34D-5D58-4F70-8979-666B9E5C3D5D}.AppStore|iPhone.Deploy.0 = Release|Any CPU
		{C155B34D-5D58-4F70-8979-666B9E5C3D5D}.AppStore|iPhoneSimulator.ActiveCfg = Release|Any CPU
		{C155B34D-5D58-4F70-8979-666B9E5C3D5D}.AppStore|iPhoneSimulator.Build.0 = Release|Any CPU
		{C155B34D-5D58-4F70-8979-666B9E5C3D5D}.AppStore|iPhoneSimulator.Deploy.0 = Release|Any CPU
		{C155B34D-5D58-4F70-8979-666B9E5C3D5D}.AppStore|x64.ActiveCfg = Release|x64
		{C155B34D-5D58-4F70-8979-666B9E5C3D5D}.AppStore|x64.Build.0 = Release|x64
		{C155B34D-5D58-4F70-8979-666B9E5C3D5D}.AppStore|x64.Deploy.0 = Release|x64
		{C155B34D-5D58-4F70-8979-666B9E5C3D5D}.AppStore|x86.ActiveCfg = Release|x86
		{C155B34D-5D58-4F70-8979-666B9E5C3D5D}.AppStore|x86.Build.0 = Release|x86
		{C155B34D-5D58-4F70-8979-666B9E5C3D5D}.AppStore|x86.Deploy.0 = Release|x86
		{C155B34D-5D58-4F70-8979-666B9E5C3D5D}.Debug|Any CPU.ActiveCfg = Debug|Any CPU
		{C155B34D-5D58-4F70-8979-666B9E5C3D5D}.Debug|Any CPU.Build.0 = Debug|Any CPU
		{C155B34D-5D58-4F70-8979-666B9E5C3D5D}.Debug|Any CPU.Deploy.0 = Debug|Any CPU
		{C155B34D-5D58-4F70-8979-666B9E5C3D5D}.Debug|ARM.ActiveCfg = Debug|ARM
		{C155B34D-5D58-4F70-8979-666B9E5C3D5D}.Debug|ARM.Build.0 = Debug|ARM
		{C155B34D-5D58-4F70-8979-666B9E5C3D5D}.Debug|ARM.Deploy.0 = Debug|ARM
		{C155B34D-5D58-4F70-8979-666B9E5C3D5D}.Debug|iPhone.ActiveCfg = Debug|Any CPU
		{C155B34D-5D58-4F70-8979-666B9E5C3D5D}.Debug|iPhone.Build.0 = Debug|Any CPU
		{C155B34D-5D58-4F70-8979-666B9E5C3D5D}.Debug|iPhone.Deploy.0 = Debug|Any CPU
		{C155B34D-5D58-4F70-8979-666B9E5C3D5D}.Debug|iPhoneSimulator.ActiveCfg = Debug|Any CPU
		{C155B34D-5D58-4F70-8979-666B9E5C3D5D}.Debug|iPhoneSimulator.Build.0 = Debug|Any CPU
		{C155B34D-5D58-4F70-8979-666B9E5C3D5D}.Debug|iPhoneSimulator.Deploy.0 = Debug|Any CPU
		{C155B34D-5D58-4F70-8979-666B9E5C3D5D}.Debug|x64.ActiveCfg = Debug|x64
		{C155B34D-5D58-4F70-8979-666B9E5C3D5D}.Debug|x64.Build.0 = Debug|x64
		{C155B34D-5D58-4F70-8979-666B9E5C3D5D}.Debug|x64.Deploy.0 = Debug|x64
		{C155B34D-5D58-4F70-8979-666B9E5C3D5D}.Debug|x86.ActiveCfg = Debug|x86
		{C155B34D-5D58-4F70-8979-666B9E5C3D5D}.Debug|x86.Build.0 = Debug|x86
		{C155B34D-5D58-4F70-8979-666B9E5C3D5D}.Debug|x86.Deploy.0 = Debug|x86
		{C155B34D-5D58-4F70-8979-666B9E5C3D5D}.Release|Any CPU.ActiveCfg = Release|Any CPU
		{C155B34D-5D58-4F70-8979-666B9E5C3D5D}.Release|Any CPU.Build.0 = Release|Any CPU
		{C155B34D-5D58-4F70-8979-666B9E5C3D5D}.Release|Any CPU.Deploy.0 = Release|Any CPU
		{C155B34D-5D58-4F70-8979-666B9E5C3D5D}.Release|ARM.ActiveCfg = Release|ARM
		{C155B34D-5D58-4F70-8979-666B9E5C3D5D}.Release|ARM.Build.0 = Release|ARM
		{C155B34D-5D58-4F70-8979-666B9E5C3D5D}.Release|ARM.Deploy.0 = Release|ARM
		{C155B34D-5D58-4F70-8979-666B9E5C3D5D}.Release|iPhone.ActiveCfg = Release|Any CPU
		{C155B34D-5D58-4F70-8979-666B9E5C3D5D}.Release|iPhone.Build.0 = Release|Any CPU
		{C155B34D-5D58-4F70-8979-666B9E5C3D5D}.Release|iPhone.Deploy.0 = Release|Any CPU
		{C155B34D-5D58-4F70-8979-666B9E5C3D5D}.Release|iPhoneSimulator.ActiveCfg = Release|Any CPU
		{C155B34D-5D58-4F70-8979-666B9E5C3D5D}.Release|iPhoneSimulator.Build.0 = Release|Any CPU
		{C155B34D-5D58-4F70-8979-666B9E5C3D5D}.Release|iPhoneSimulator.Deploy.0 = Release|Any CPU
		{C155B34D-5D58-4F70-8979-666B9E5C3D5D}.Release|x64.ActiveCfg = Release|x64
		{C155B34D-5D58-4F70-8979-666B9E5C3D5D}.Release|x64.Build.0 = Release|x64
		{C155B34D-5D58-4F70-8979-666B9E5C3D5D}.Release|x64.Deploy.0 = Release|x64
		{C155B34D-5D58-4F70-8979-666B9E5C3D5D}.Release|x86.ActiveCfg = Release|x86
		{C155B34D-5D58-4F70-8979-666B9E5C3D5D}.Release|x86.Build.0 = Release|x86
		{C155B34D-5D58-4F70-8979-666B9E5C3D5D}.Release|x86.Deploy.0 = Release|x86
		{27375A4D-3D4A-43BE-8D2A-2E7928F07237}.Ad-Hoc|Any CPU.ActiveCfg = Release|Any CPU
		{27375A4D-3D4A-43BE-8D2A-2E7928F07237}.Ad-Hoc|Any CPU.Build.0 = Release|Any CPU
		{27375A4D-3D4A-43BE-8D2A-2E7928F07237}.Ad-Hoc|ARM.ActiveCfg = Release|Any CPU
		{27375A4D-3D4A-43BE-8D2A-2E7928F07237}.Ad-Hoc|ARM.Build.0 = Release|Any CPU
		{27375A4D-3D4A-43BE-8D2A-2E7928F07237}.Ad-Hoc|iPhone.ActiveCfg = Release|Any CPU
		{27375A4D-3D4A-43BE-8D2A-2E7928F07237}.Ad-Hoc|iPhone.Build.0 = Release|Any CPU
		{27375A4D-3D4A-43BE-8D2A-2E7928F07237}.Ad-Hoc|iPhoneSimulator.ActiveCfg = Release|Any CPU
		{27375A4D-3D4A-43BE-8D2A-2E7928F07237}.Ad-Hoc|iPhoneSimulator.Build.0 = Release|Any CPU
		{27375A4D-3D4A-43BE-8D2A-2E7928F07237}.Ad-Hoc|x64.ActiveCfg = Release|Any CPU
		{27375A4D-3D4A-43BE-8D2A-2E7928F07237}.Ad-Hoc|x64.Build.0 = Release|Any CPU
		{27375A4D-3D4A-43BE-8D2A-2E7928F07237}.Ad-Hoc|x86.ActiveCfg = Release|Any CPU
		{27375A4D-3D4A-43BE-8D2A-2E7928F07237}.Ad-Hoc|x86.Build.0 = Release|Any CPU
		{27375A4D-3D4A-43BE-8D2A-2E7928F07237}.AppStore|Any CPU.ActiveCfg = Release|Any CPU
		{27375A4D-3D4A-43BE-8D2A-2E7928F07237}.AppStore|Any CPU.Build.0 = Release|Any CPU
		{27375A4D-3D4A-43BE-8D2A-2E7928F07237}.AppStore|ARM.ActiveCfg = Release|Any CPU
		{27375A4D-3D4A-43BE-8D2A-2E7928F07237}.AppStore|ARM.Build.0 = Release|Any CPU
		{27375A4D-3D4A-43BE-8D2A-2E7928F07237}.AppStore|iPhone.ActiveCfg = Release|Any CPU
		{27375A4D-3D4A-43BE-8D2A-2E7928F07237}.AppStore|iPhone.Build.0 = Release|Any CPU
		{27375A4D-3D4A-43BE-8D2A-2E7928F07237}.AppStore|iPhoneSimulator.ActiveCfg = Release|Any CPU
		{27375A4D-3D4A-43BE-8D2A-2E7928F07237}.AppStore|iPhoneSimulator.Build.0 = Release|Any CPU
		{27375A4D-3D4A-43BE-8D2A-2E7928F07237}.AppStore|x64.ActiveCfg = Release|Any CPU
		{27375A4D-3D4A-43BE-8D2A-2E7928F07237}.AppStore|x64.Build.0 = Release|Any CPU
		{27375A4D-3D4A-43BE-8D2A-2E7928F07237}.AppStore|x86.ActiveCfg = Release|Any CPU
		{27375A4D-3D4A-43BE-8D2A-2E7928F07237}.AppStore|x86.Build.0 = Release|Any CPU
		{27375A4D-3D4A-43BE-8D2A-2E7928F07237}.Debug|Any CPU.ActiveCfg = Debug|Any CPU
		{27375A4D-3D4A-43BE-8D2A-2E7928F07237}.Debug|Any CPU.Build.0 = Debug|Any CPU
		{27375A4D-3D4A-43BE-8D2A-2E7928F07237}.Debug|ARM.ActiveCfg = Debug|Any CPU
		{27375A4D-3D4A-43BE-8D2A-2E7928F07237}.Debug|ARM.Build.0 = Debug|Any CPU
		{27375A4D-3D4A-43BE-8D2A-2E7928F07237}.Debug|iPhone.ActiveCfg = Debug|Any CPU
		{27375A4D-3D4A-43BE-8D2A-2E7928F07237}.Debug|iPhone.Build.0 = Debug|Any CPU
		{27375A4D-3D4A-43BE-8D2A-2E7928F07237}.Debug|iPhoneSimulator.ActiveCfg = Debug|Any CPU
		{27375A4D-3D4A-43BE-8D2A-2E7928F07237}.Debug|iPhoneSimulator.Build.0 = Debug|Any CPU
		{27375A4D-3D4A-43BE-8D2A-2E7928F07237}.Debug|x64.ActiveCfg = Debug|Any CPU
		{27375A4D-3D4A-43BE-8D2A-2E7928F07237}.Debug|x64.Build.0 = Debug|Any CPU
		{27375A4D-3D4A-43BE-8D2A-2E7928F07237}.Debug|x86.ActiveCfg = Debug|Any CPU
		{27375A4D-3D4A-43BE-8D2A-2E7928F07237}.Debug|x86.Build.0 = Debug|Any CPU
		{27375A4D-3D4A-43BE-8D2A-2E7928F07237}.Release|Any CPU.ActiveCfg = Release|Any CPU
		{27375A4D-3D4A-43BE-8D2A-2E7928F07237}.Release|Any CPU.Build.0 = Release|Any CPU
		{27375A4D-3D4A-43BE-8D2A-2E7928F07237}.Release|ARM.ActiveCfg = Release|Any CPU
		{27375A4D-3D4A-43BE-8D2A-2E7928F07237}.Release|ARM.Build.0 = Release|Any CPU
		{27375A4D-3D4A-43BE-8D2A-2E7928F07237}.Release|iPhone.ActiveCfg = Release|Any CPU
		{27375A4D-3D4A-43BE-8D2A-2E7928F07237}.Release|iPhone.Build.0 = Release|Any CPU
		{27375A4D-3D4A-43BE-8D2A-2E7928F07237}.Release|iPhoneSimulator.ActiveCfg = Release|Any CPU
		{27375A4D-3D4A-43BE-8D2A-2E7928F07237}.Release|iPhoneSimulator.Build.0 = Release|Any CPU
		{27375A4D-3D4A-43BE-8D2A-2E7928F07237}.Release|x64.ActiveCfg = Release|Any CPU
		{27375A4D-3D4A-43BE-8D2A-2E7928F07237}.Release|x64.Build.0 = Release|Any CPU
		{27375A4D-3D4A-43BE-8D2A-2E7928F07237}.Release|x86.ActiveCfg = Release|Any CPU
		{27375A4D-3D4A-43BE-8D2A-2E7928F07237}.Release|x86.Build.0 = Release|Any CPU
	EndGlobalSection
	GlobalSection(SolutionProperties) = preSolution
		HideSolutionNode = FALSE
	EndGlobalSection
EndGlobal
