
Microsoft Visual Studio Solution File, Format Version 12.00
# Visual Studio 14
VisualStudioVersion = 14.0.25420.1
MinimumVisualStudioVersion = 10.0.40219.1
Project("{2150E333-8FDC-42A3-9474-1A3956D46DE8}") = "01-FrontEnd", "01-FrontEnd", "{43EF72A3-065B-409E-BA20-1A4656D0284B}"
EndProject
Project("{2150E333-8FDC-42A3-9474-1A3956D46DE8}") = "02-Service", "02-Service", "{755AB5D5-2AF3-4FB0-A99F-8DECF8490DF6}"
EndProject
Project("{2150E333-8FDC-42A3-9474-1A3956D46DE8}") = "03-Persistence", "03-Persistence", "{094B7FD9-1228-414B-B65C-97ABDB03B070}"
EndProject
Project("{2150E333-8FDC-42A3-9474-1A3956D46DE8}") = "04-Common", "04-Common", "{CDB4B8E7-EB80-41F0-896F-B55ED1CD2F8B}"
EndProject
Project("{FAE04EC0-301F-11D3-BF4B-00C04F79EFBC}") = "Common", "04-Common\Common\Common.csproj", "{FC851E96-7275-4D48-A340-9BE06137A8AB}"
EndProject
Project("{FAE04EC0-301F-11D3-BF4B-00C04F79EFBC}") = "Model", "04-Common\Model\Model.csproj", "{0AEBCABD-3B22-41EF-8E0F-8E10866F0EB3}"
EndProject
Project("{FAE04EC0-301F-11D3-BF4B-00C04F79EFBC}") = "Persistence.DatabaseContext", "03-Persistence\Persistence.DatabaseContext\Persistence.DatabaseContext.csproj", "{227C2F50-0778-43C1-80EF-7EEEF85005E9}"
EndProject
Project("{FAE04EC0-301F-11D3-BF4B-00C04F79EFBC}") = "Persistence.DbContextScope", "03-Persistence\Persistence.DbContextScope\Persistence.DbContextScope.csproj", "{B8C1BE7C-90AD-4A6B-A8E9-765E6B9DF9FC}"
EndProject
Project("{FAE04EC0-301F-11D3-BF4B-00C04F79EFBC}") = "Persistence.Repository", "03-Persistence\Persistence.Repository\Persistence.Repository.csproj", "{5262083D-877D-4258-9CFE-0576F0437072}"
EndProject
Project("{FAE04EC0-301F-11D3-BF4B-00C04F79EFBC}") = "FrontEnd", "01-FrontEnd\FrontEnd.csproj", "{BB0D2AD4-4DEC-4A20-A886-361CF3CDF591}"
EndProject
Project("{FAE04EC0-301F-11D3-BF4B-00C04F79EFBC}") = "Auth.Service", "02-Service\Auth.Service\Auth.Service.csproj", "{5CF83629-6F04-4431-B38D-DDFE77EF58B7}"
EndProject
Project("{FAE04EC0-301F-11D3-BF4B-00C04F79EFBC}") = "Service", "02-Service\Service\Service.csproj", "{28C36359-6BB2-4E51-822F-47ED2319CA5D}"
EndProject
Project("{2150E333-8FDC-42A3-9474-1A3956D46DE8}") = "05-UniTest", "05-UniTest", "{2D6B87E1-58FB-445B-8FED-01F63E9D2874}"
EndProject
Project("{FAE04EC0-301F-11D3-BF4B-00C04F79EFBC}") = "UniTestProject", "05-UnitTest\UniTestProject\UniTestProject.csproj", "{2CE9EFE9-93B0-434F-9512-6ABBDA921DD7}"
EndProject
Global
	GlobalSection(SolutionConfigurationPlatforms) = preSolution
		Debug|Any CPU = Debug|Any CPU
		Release|Any CPU = Release|Any CPU
	EndGlobalSection
	GlobalSection(ProjectConfigurationPlatforms) = postSolution
		{FC851E96-7275-4D48-A340-9BE06137A8AB}.Debug|Any CPU.ActiveCfg = Debug|Any CPU
		{FC851E96-7275-4D48-A340-9BE06137A8AB}.Debug|Any CPU.Build.0 = Debug|Any CPU
		{FC851E96-7275-4D48-A340-9BE06137A8AB}.Release|Any CPU.ActiveCfg = Release|Any CPU
		{FC851E96-7275-4D48-A340-9BE06137A8AB}.Release|Any CPU.Build.0 = Release|Any CPU
		{0AEBCABD-3B22-41EF-8E0F-8E10866F0EB3}.Debug|Any CPU.ActiveCfg = Debug|Any CPU
		{0AEBCABD-3B22-41EF-8E0F-8E10866F0EB3}.Debug|Any CPU.Build.0 = Debug|Any CPU
		{0AEBCABD-3B22-41EF-8E0F-8E10866F0EB3}.Release|Any CPU.ActiveCfg = Release|Any CPU
		{0AEBCABD-3B22-41EF-8E0F-8E10866F0EB3}.Release|Any CPU.Build.0 = Release|Any CPU
		{227C2F50-0778-43C1-80EF-7EEEF85005E9}.Debug|Any CPU.ActiveCfg = Debug|Any CPU
		{227C2F50-0778-43C1-80EF-7EEEF85005E9}.Debug|Any CPU.Build.0 = Debug|Any CPU
		{227C2F50-0778-43C1-80EF-7EEEF85005E9}.Release|Any CPU.ActiveCfg = Release|Any CPU
		{227C2F50-0778-43C1-80EF-7EEEF85005E9}.Release|Any CPU.Build.0 = Release|Any CPU
		{B8C1BE7C-90AD-4A6B-A8E9-765E6B9DF9FC}.Debug|Any CPU.ActiveCfg = Debug|Any CPU
		{B8C1BE7C-90AD-4A6B-A8E9-765E6B9DF9FC}.Debug|Any CPU.Build.0 = Debug|Any CPU
		{B8C1BE7C-90AD-4A6B-A8E9-765E6B9DF9FC}.Release|Any CPU.ActiveCfg = Release|Any CPU
		{B8C1BE7C-90AD-4A6B-A8E9-765E6B9DF9FC}.Release|Any CPU.Build.0 = Release|Any CPU
		{5262083D-877D-4258-9CFE-0576F0437072}.Debug|Any CPU.ActiveCfg = Debug|Any CPU
		{5262083D-877D-4258-9CFE-0576F0437072}.Debug|Any CPU.Build.0 = Debug|Any CPU
		{5262083D-877D-4258-9CFE-0576F0437072}.Release|Any CPU.ActiveCfg = Release|Any CPU
		{5262083D-877D-4258-9CFE-0576F0437072}.Release|Any CPU.Build.0 = Release|Any CPU
		{BB0D2AD4-4DEC-4A20-A886-361CF3CDF591}.Debug|Any CPU.ActiveCfg = Debug|Any CPU
		{BB0D2AD4-4DEC-4A20-A886-361CF3CDF591}.Debug|Any CPU.Build.0 = Debug|Any CPU
		{BB0D2AD4-4DEC-4A20-A886-361CF3CDF591}.Release|Any CPU.ActiveCfg = Release|Any CPU
		{BB0D2AD4-4DEC-4A20-A886-361CF3CDF591}.Release|Any CPU.Build.0 = Release|Any CPU
		{5CF83629-6F04-4431-B38D-DDFE77EF58B7}.Debug|Any CPU.ActiveCfg = Debug|Any CPU
		{5CF83629-6F04-4431-B38D-DDFE77EF58B7}.Debug|Any CPU.Build.0 = Debug|Any CPU
		{5CF83629-6F04-4431-B38D-DDFE77EF58B7}.Release|Any CPU.ActiveCfg = Release|Any CPU
		{5CF83629-6F04-4431-B38D-DDFE77EF58B7}.Release|Any CPU.Build.0 = Release|Any CPU
		{28C36359-6BB2-4E51-822F-47ED2319CA5D}.Debug|Any CPU.ActiveCfg = Debug|Any CPU
		{28C36359-6BB2-4E51-822F-47ED2319CA5D}.Debug|Any CPU.Build.0 = Debug|Any CPU
		{28C36359-6BB2-4E51-822F-47ED2319CA5D}.Release|Any CPU.ActiveCfg = Release|Any CPU
		{28C36359-6BB2-4E51-822F-47ED2319CA5D}.Release|Any CPU.Build.0 = Release|Any CPU
		{2CE9EFE9-93B0-434F-9512-6ABBDA921DD7}.Debug|Any CPU.ActiveCfg = Debug|Any CPU
		{2CE9EFE9-93B0-434F-9512-6ABBDA921DD7}.Debug|Any CPU.Build.0 = Debug|Any CPU
		{2CE9EFE9-93B0-434F-9512-6ABBDA921DD7}.Release|Any CPU.ActiveCfg = Release|Any CPU
		{2CE9EFE9-93B0-434F-9512-6ABBDA921DD7}.Release|Any CPU.Build.0 = Release|Any CPU
	EndGlobalSection
	GlobalSection(SolutionProperties) = preSolution
		HideSolutionNode = FALSE
	EndGlobalSection
	GlobalSection(NestedProjects) = preSolution
		{FC851E96-7275-4D48-A340-9BE06137A8AB} = {CDB4B8E7-EB80-41F0-896F-B55ED1CD2F8B}
		{0AEBCABD-3B22-41EF-8E0F-8E10866F0EB3} = {CDB4B8E7-EB80-41F0-896F-B55ED1CD2F8B}
		{227C2F50-0778-43C1-80EF-7EEEF85005E9} = {094B7FD9-1228-414B-B65C-97ABDB03B070}
		{B8C1BE7C-90AD-4A6B-A8E9-765E6B9DF9FC} = {094B7FD9-1228-414B-B65C-97ABDB03B070}
		{5262083D-877D-4258-9CFE-0576F0437072} = {094B7FD9-1228-414B-B65C-97ABDB03B070}
		{BB0D2AD4-4DEC-4A20-A886-361CF3CDF591} = {43EF72A3-065B-409E-BA20-1A4656D0284B}
		{5CF83629-6F04-4431-B38D-DDFE77EF58B7} = {755AB5D5-2AF3-4FB0-A99F-8DECF8490DF6}
		{28C36359-6BB2-4E51-822F-47ED2319CA5D} = {755AB5D5-2AF3-4FB0-A99F-8DECF8490DF6}
		{2CE9EFE9-93B0-434F-9512-6ABBDA921DD7} = {2D6B87E1-58FB-445B-8FED-01F63E9D2874}
	EndGlobalSection
EndGlobal
